// !$*UTF8*$!
{
	archiveVersion = 1;
	classes = {
	};
	objectVersion = 46;
	objects = {

/* Begin PBXBuildFile section */
		4F0564EA1BA2B48500285C46 /* CatNameFormatter.swift in Sources */ = {isa = PBXBuildFile; fileRef = 4F0564E91BA2B48500285C46 /* CatNameFormatter.swift */; };
		4F0F92DE1BA3E30900724D9C /* general.strings in Resources */ = {isa = PBXBuildFile; fileRef = 4F0F92DD1BA3E30900724D9C /* general.strings */; };
		4F0F92E11BA3EC8400724D9C /* Excel list.plist in Resources */ = {isa = PBXBuildFile; fileRef = 4F0F92E01BA3EC8400724D9C /* Excel list.plist */; };
		4F0F92E41BA3EF0E00724D9C /* Places.plist in Resources */ = {isa = PBXBuildFile; fileRef = 4F0F92E31BA3EF0E00724D9C /* Places.plist */; };
		4F1247A11BB4913A00031CE0 /* Cat-A-Log Help in Resources */ = {isa = PBXBuildFile; fileRef = 4F1247A01BB4913A00031CE0 /* Cat-A-Log Help */; };
		4F1696172187145100EC5823 /* top5RingToSection.txt in Resources */ = {isa = PBXBuildFile; fileRef = 4F1696142187145000EC5823 /* top5RingToSection.txt */; };
		4F1696182187145100EC5823 /* top5Start.txt in Resources */ = {isa = PBXBuildFile; fileRef = 4F1696152187145100EC5823 /* top5Start.txt */; };
		4F1696192187145100EC5823 /* top5RingToRing.txt in Resources */ = {isa = PBXBuildFile; fileRef = 4F1696162187145100EC5823 /* top5RingToRing.txt */; };
		4F1A380C217D915F00A4217F /* RTF generator.swift in Sources */ = {isa = PBXBuildFile; fileRef = 4F1A380B217D915F00A4217F /* RTF generator.swift */; };
		4F1A380D217D915F00A4217F /* RTF generator.swift in Sources */ = {isa = PBXBuildFile; fileRef = 4F1A380B217D915F00A4217F /* RTF generator.swift */; };
		4F1ECD1F22C211A90028FC33 /* judgesACFawards4.txt in Resources */ = {isa = PBXBuildFile; fileRef = 4F1ECD1C22C211A90028FC33 /* judgesACFawards4.txt */; };
		4F1ECD2022C211A90028FC33 /* judgesACFawards1.txt in Resources */ = {isa = PBXBuildFile; fileRef = 4F1ECD1D22C211A90028FC33 /* judgesACFawards1.txt */; };
		4F1ECD2122C211A90028FC33 /* judgesACFawards3.txt in Resources */ = {isa = PBXBuildFile; fileRef = 4F1ECD1E22C211A90028FC33 /* judgesACFawards3.txt */; };
		4F1ECD2322C217930028FC33 /* judgesACFawards2.txt in Resources */ = {isa = PBXBuildFile; fileRef = 4F1ECD2222C217930028FC33 /* judgesACFawards2.txt */; };
		4F38B85D1B6D8CCA006356DD /* AppDelegate.swift in Sources */ = {isa = PBXBuildFile; fileRef = 4F38B85C1B6D8CCA006356DD /* AppDelegate.swift */; };
		4F38B8601B6D8CCA006356DD /* CatBase.xcdatamodeld in Sources */ = {isa = PBXBuildFile; fileRef = 4F38B85E1B6D8CCA006356DD /* CatBase.xcdatamodeld */; };
		4F38B8621B6D8CCA006356DD /* Images.xcassets in Resources */ = {isa = PBXBuildFile; fileRef = 4F38B8611B6D8CCA006356DD /* Images.xcassets */; };
		4F38B8651B6D8CCA006356DD /* MainMenu.xib in Resources */ = {isa = PBXBuildFile; fileRef = 4F38B8631B6D8CCA006356DD /* MainMenu.xib */; };
		4F38B8711B6D8CCA006356DD /* CatBaseTests.swift in Sources */ = {isa = PBXBuildFile; fileRef = 4F38B8701B6D8CCA006356DD /* CatBaseTests.swift */; };
		4F38B8821B6D8ED3006356DD /* MainWindowController.swift in Sources */ = {isa = PBXBuildFile; fileRef = 4F38B8801B6D8ED3006356DD /* MainWindowController.swift */; };
		4F38B8831B6D8ED3006356DD /* MainWindowController.xib in Resources */ = {isa = PBXBuildFile; fileRef = 4F38B8811B6D8ED3006356DD /* MainWindowController.xib */; };
		4F38B8881B6D9156006356DD /* Cat.swift in Sources */ = {isa = PBXBuildFile; fileRef = 4F38B8841B6D9156006356DD /* Cat.swift */; };
		4F38B8891B6D9156006356DD /* Entry.swift in Sources */ = {isa = PBXBuildFile; fileRef = 4F38B8851B6D9156006356DD /* Entry.swift */; };
		4F38B88B1B6D9156006356DD /* Show.swift in Sources */ = {isa = PBXBuildFile; fileRef = 4F38B8871B6D9156006356DD /* Show.swift */; };
		4F3AC54E1BAEE29500775611 /* CriticalAges.plist in Resources */ = {isa = PBXBuildFile; fileRef = 4F3AC54D1BAEE29500775611 /* CriticalAges.plist */; };
		4F3EFAE31B6DB98C00DA2F5C /* AddShowWindowController.swift in Sources */ = {isa = PBXBuildFile; fileRef = 4F3EFAE11B6DB98C00DA2F5C /* AddShowWindowController.swift */; };
		4F3EFAE41B6DB98C00DA2F5C /* AddShowWindowController.xib in Resources */ = {isa = PBXBuildFile; fileRef = 4F3EFAE21B6DB98C00DA2F5C /* AddShowWindowController.xib */; };
		4F3EFAE61B6DEE1500DA2F5C /* Breeds.swift in Sources */ = {isa = PBXBuildFile; fileRef = 4F3EFAE51B6DEE1500DA2F5C /* Breeds.swift */; };
		4F4B889B1BC0D35D00CF734B /* DateFormatter.swift in Sources */ = {isa = PBXBuildFile; fileRef = 4F4B889A1BC0D35D00CF734B /* DateFormatter.swift */; };
		4F6214861BB290E400F87183 /* ProgressWindowController.swift in Sources */ = {isa = PBXBuildFile; fileRef = 4F6214841BB290E400F87183 /* ProgressWindowController.swift */; };
		4F6214871BB290E400F87183 /* ProgressWindowController.xib in Resources */ = {isa = PBXBuildFile; fileRef = 4F6214851BB290E400F87183 /* ProgressWindowController.xib */; };
		4F6214891BB34A1B00F87183 /* Authentication.plist in Resources */ = {isa = PBXBuildFile; fileRef = 4F6214881BB34A1B00F87183 /* Authentication.plist */; };
		4F62148B1BB34F2000F87183 /* icon.jpg in Resources */ = {isa = PBXBuildFile; fileRef = 4F62148A1BB34F2000F87183 /* icon.jpg */; };
		4F63A6B91BB819760009C5A4 /* Cat on book.icns in Resources */ = {isa = PBXBuildFile; fileRef = 4F63A6B81BB819760009C5A4 /* Cat on book.icns */; };
		4F6E0B1E21859E6E0040A590 /* top5table.txt in Resources */ = {isa = PBXBuildFile; fileRef = 4F6E0B1D21859E6E0040A590 /* top5table.txt */; };
		4F7107FE1B77748E00E21AAC /* Challenges.swift in Sources */ = {isa = PBXBuildFile; fileRef = 4F7107FD1B77748E00E21AAC /* Challenges.swift */; };
		4F74C55322236FC500371D2B /* notesBeginFilePart2.txt in Resources */ = {isa = PBXBuildFile; fileRef = 4F74C55222236FC500371D2B /* notesBeginFilePart2.txt */; };
		4F8E87321BAFB19E00497D2F /* TitleEditorController.swift in Sources */ = {isa = PBXBuildFile; fileRef = 4F8E87301BAFB19E00497D2F /* TitleEditorController.swift */; };
		4F8E87331BAFB19E00497D2F /* TitleEditorController.xib in Resources */ = {isa = PBXBuildFile; fileRef = 4F8E87311BAFB19E00497D2F /* TitleEditorController.xib */; };
		4F9235FE1B7952B70096ADFD /* Titles.swift in Sources */ = {isa = PBXBuildFile; fileRef = 4F9235FD1B7952B70096ADFD /* Titles.swift */; };
		4F9236001B7953500096ADFD /* Titles.plist in Resources */ = {isa = PBXBuildFile; fileRef = 4F9235FF1B7953500096ADFD /* Titles.plist */; };
		4F9B6C091B7FF6EA00C2964B /* CageTypes.plist in Resources */ = {isa = PBXBuildFile; fileRef = 4F9B6C081B7FF6EA00C2964B /* CageTypes.plist */; };
		4FB3CBD0217D2FD50051C804 /* ACF awards from section name to end.txt in Resources */ = {isa = PBXBuildFile; fileRef = 4FB3CB92217D2FD50051C804 /* ACF awards from section name to end.txt */; };
		4FB3CBD1217D2FD50051C804 /* ACF awards start.txt in Resources */ = {isa = PBXBuildFile; fileRef = 4FB3CB93217D2FD50051C804 /* ACF awards start.txt */; };
		4FB3CBD2217D2FD50051C804 /* ACF awards to section name.txt in Resources */ = {isa = PBXBuildFile; fileRef = 4FB3CB94217D2FD50051C804 /* ACF awards to section name.txt */; };
		4FB3CBD3217D2FD50051C804 /* Best Exhibit from Judges.txt in Resources */ = {isa = PBXBuildFile; fileRef = 4FB3CB95217D2FD50051C804 /* Best Exhibit from Judges.txt */; };
		4FB3CBD4217D2FD50051C804 /* Best Exhibit Judge1 to Judge2.txt in Resources */ = {isa = PBXBuildFile; fileRef = 4FB3CB96217D2FD50051C804 /* Best Exhibit Judge1 to Judge2.txt */; };
		4FB3CBD5217D2FD50051C804 /* Best Exhibit start.txt in Resources */ = {isa = PBXBuildFile; fileRef = 4FB3CB97217D2FD50051C804 /* Best Exhibit start.txt */; };
		4FB3CBD6217D2FD50051C804 /* Best Exhibit to Judge 1.txt in Resources */ = {isa = PBXBuildFile; fileRef = 4FB3CB98217D2FD50051C804 /* Best Exhibit to Judge 1.txt */; };
		4FB3CBD7217D2FD50051C804 /* Best in Show from number to end of table.txt in Resources */ = {isa = PBXBuildFile; fileRef = 4FB3CB99217D2FD50051C804 /* Best in Show from number to end of table.txt */; };
		4FB3CBD8217D2FD50051C804 /* Best in Show heading.txt in Resources */ = {isa = PBXBuildFile; fileRef = 4FB3CB9A217D2FD50051C804 /* Best in Show heading.txt */; };
		4FB3CBD9217D2FD50051C804 /* Best in Show to ring number.txt in Resources */ = {isa = PBXBuildFile; fileRef = 4FB3CB9B217D2FD50051C804 /* Best in Show to ring number.txt */; };
		4FB3CBDA217D2FD50051C804 /* Best of breed name to end.txt in Resources */ = {isa = PBXBuildFile; fileRef = 4FB3CB9C217D2FD50051C804 /* Best of breed name to end.txt */; };
		4FB3CBDB217D2FD50051C804 /* Best of breed start.txt in Resources */ = {isa = PBXBuildFile; fileRef = 4FB3CB9D217D2FD50051C804 /* Best of breed start.txt */; };
		4FB3CBDC217D2FD50051C804 /* Best of breed to breedname.txt in Resources */ = {isa = PBXBuildFile; fileRef = 4FB3CB9E217D2FD50051C804 /* Best of breed to breedname.txt */; };
		4FB3CBDD217D2FD50051C804 /* Best of breed to last breedname.txt in Resources */ = {isa = PBXBuildFile; fileRef = 4FB3CB9F217D2FD50051C804 /* Best of breed to last breedname.txt */; };
		4FB3CBDE217D2FD50051C804 /* blankCell.txt in Resources */ = {isa = PBXBuildFile; fileRef = 4FB3CBA0217D2FD50051C804 /* blankCell.txt */; };
		4FB3CBDF217D2FD50051C804 /* boxBeforeRings.txt in Resources */ = {isa = PBXBuildFile; fileRef = 4FB3CBA1217D2FD50051C804 /* boxBeforeRings.txt */; };
		4FB3CBE0217D2FD50051C804 /* cat details to birthdate.txt in Resources */ = {isa = PBXBuildFile; fileRef = 4FB3CBA2217D2FD50051C804 /* cat details to birthdate.txt */; };
		4FB3CBE1217D2FD50051C804 /* cat details to class.txt in Resources */ = {isa = PBXBuildFile; fileRef = 4FB3CBA3217D2FD50051C804 /* cat details to class.txt */; };
		4FB3CBE2217D2FD50051C804 /* cat details to name.txt in Resources */ = {isa = PBXBuildFile; fileRef = 4FB3CBA4217D2FD50051C804 /* cat details to name.txt */; };
		4FB3CBE3217D2FD50051C804 /* cat details to number.txt in Resources */ = {isa = PBXBuildFile; fileRef = 4FB3CBA5217D2FD50051C804 /* cat details to number.txt */; };
		4FB3CBE4217D2FD50051C804 /* cat details to parents.txt in Resources */ = {isa = PBXBuildFile; fileRef = 4FB3CBA6217D2FD50051C804 /* cat details to parents.txt */; };
		4FB3CBE5217D2FD50051C804 /* cat in ring.txt in Resources */ = {isa = PBXBuildFile; fileRef = 4FB3CBA7217D2FD50051C804 /* cat in ring.txt */; };
		4FB3CBE6217D2FD50051C804 /* cat not in ring.txt in Resources */ = {isa = PBXBuildFile; fileRef = 4FB3CBA8217D2FD50051C804 /* cat not in ring.txt */; };
		4FB3CBE7217D2FD50051C804 /* closeFooter.txt in Resources */ = {isa = PBXBuildFile; fileRef = 4FB3CBA9217D2FD50051C804 /* closeFooter.txt */; };
		4FB3CBE8217D2FD50051C804 /* colour heading row.txt in Resources */ = {isa = PBXBuildFile; fileRef = 4FB3CBAA217D2FD50051C804 /* colour heading row.txt */; };
		4FB3CBE9217D2FD50051C804 /* detailsBeforeChallenge.txt in Resources */ = {isa = PBXBuildFile; fileRef = 4FB3CBAB217D2FD50051C804 /* detailsBeforeChallenge.txt */; };
		4FB3CBEA217D2FD50051C804 /* detailsFromRingBoxes.txt in Resources */ = {isa = PBXBuildFile; fileRef = 4FB3CBAC217D2FD50051C804 /* detailsFromRingBoxes.txt */; };
		4FB3CBEB217D2FD50051C804 /* endRingBoxRow.txt in Resources */ = {isa = PBXBuildFile; fileRef = 4FB3CBAD217D2FD50051C804 /* endRingBoxRow.txt */; };
		4FB3CBEC217D2FD50051C804 /* fileHeader.txt in Resources */ = {isa = PBXBuildFile; fileRef = 4FB3CBAE217D2FD50051C804 /* fileHeader.txt */; };
		4FB3CBED217D2FD50051C804 /* footerText.txt in Resources */ = {isa = PBXBuildFile; fileRef = 4FB3CBAF217D2FD50051C804 /* footerText.txt */; };
		4FB3CBEE217D2FD50051C804 /* group heading row.txt in Resources */ = {isa = PBXBuildFile; fileRef = 4FB3CBB0217D2FD50051C804 /* group heading row.txt */; };
		4FB3CBEF217D2FD50051C804 /* notesBeginFile.txt in Resources */ = {isa = PBXBuildFile; fileRef = 4FB3CBB2217D2FD50051C804 /* notesBeginFile.txt */; };
		4FB3CBF0217D2FD50051C804 /* notesBestExhibit.txt in Resources */ = {isa = PBXBuildFile; fileRef = 4FB3CBB3217D2FD50051C804 /* notesBestExhibit.txt */; };
		4FB3CBF1217D2FD50051C804 /* notesBestOfBreedCell.txt in Resources */ = {isa = PBXBuildFile; fileRef = 4FB3CBB4217D2FD50051C804 /* notesBestOfBreedCell.txt */; };
		4FB3CBF2217D2FD50051C804 /* notesBestOfBreedCellEnd.txt in Resources */ = {isa = PBXBuildFile; fileRef = 4FB3CBB5217D2FD50051C804 /* notesBestOfBreedCellEnd.txt */; };
		4FB3CBF4217D2FD50051C804 /* notesBestOfBreedStart.txt in Resources */ = {isa = PBXBuildFile; fileRef = 4FB3CBB7217D2FD50051C804 /* notesBestOfBreedStart.txt */; };
		4FB3CBF5217D2FD50051C804 /* notesBlankCell.txt in Resources */ = {isa = PBXBuildFile; fileRef = 4FB3CBB8217D2FD50051C804 /* notesBlankCell.txt */; };
		4FB3CBF6217D2FD50051C804 /* notesFromAge.txt in Resources */ = {isa = PBXBuildFile; fileRef = 4FB3CBB9217D2FD50051C804 /* notesFromAge.txt */; };
		4FB3CBF7217D2FD50051C804 /* notesFromAwardToEndOfRow.txt in Resources */ = {isa = PBXBuildFile; fileRef = 4FB3CBBA217D2FD50051C804 /* notesFromAwardToEndOfRow.txt */; };
		4FB3CBF8217D2FD50051C804 /* notesFromCageToClass.txt in Resources */ = {isa = PBXBuildFile; fileRef = 4FB3CBBB217D2FD50051C804 /* notesFromCageToClass.txt */; };
		4FB3CBF9217D2FD50051C804 /* notesFromInfoToHeader.txt in Resources */ = {isa = PBXBuildFile; fileRef = 4FB3CBBC217D2FD50051C804 /* notesFromInfoToHeader.txt */; };
		4FB3CBFA217D2FD50051C804 /* notesFromSectionName.txt in Resources */ = {isa = PBXBuildFile; fileRef = 4FB3CBBD217D2FD50051C804 /* notesFromSectionName.txt */; };
		4FB3CBFB217D2FD50051C804 /* notesFromSubSectionName.txt in Resources */ = {isa = PBXBuildFile; fileRef = 4FB3CBBE217D2FD50051C804 /* notesFromSubSectionName.txt */; };
		4FB3CBFC217D2FD50051C804 /* notesNewSectionBreak.txt in Resources */ = {isa = PBXBuildFile; fileRef = 4FB3CBBF217D2FD50051C804 /* notesNewSectionBreak.txt */; };
		4FB3CBFD217D2FD50051C804 /* notesToAge.txt in Resources */ = {isa = PBXBuildFile; fileRef = 4FB3CBC0217D2FD50051C804 /* notesToAge.txt */; };
		4FB3CBFE217D2FD50051C804 /* notesToAward.txt in Resources */ = {isa = PBXBuildFile; fileRef = 4FB3CBC1217D2FD50051C804 /* notesToAward.txt */; };
		4FB3CBFF217D2FD50051C804 /* notesToCageNumber.txt in Resources */ = {isa = PBXBuildFile; fileRef = 4FB3CBC2217D2FD50051C804 /* notesToCageNumber.txt */; };
		4FB3CC00217D2FD50051C804 /* notesToColour.txt in Resources */ = {isa = PBXBuildFile; fileRef = 4FB3CBC3217D2FD50051C804 /* notesToColour.txt */; };
		4FB3CC01217D2FD50051C804 /* notesToJudgeName.txt in Resources */ = {isa = PBXBuildFile; fileRef = 4FB3CBC4217D2FD50051C804 /* notesToJudgeName.txt */; };
		4FB3CC02217D2FD50051C804 /* notesTopTenFinish.txt in Resources */ = {isa = PBXBuildFile; fileRef = 4FB3CBC5217D2FD50051C804 /* notesTopTenFinish.txt */; };
		4FB3CC03217D2FD50051C804 /* notesTopTenStart.txt in Resources */ = {isa = PBXBuildFile; fileRef = 4FB3CBC6217D2FD50051C804 /* notesTopTenStart.txt */; };
		4FB3CC04217D2FD50051C804 /* notesToSubSectionName.txt in Resources */ = {isa = PBXBuildFile; fileRef = 4FB3CBC7217D2FD50051C804 /* notesToSubSectionName.txt */; };
		4FB3CC05217D2FD50051C804 /* Ring in show.txt in Resources */ = {isa = PBXBuildFile; fileRef = 4FB3CBC8217D2FD50051C804 /* Ring in show.txt */; };
		4FB3CC06217D2FD50051C804 /* Ring not in show.txt in Resources */ = {isa = PBXBuildFile; fileRef = 4FB3CBC9217D2FD50051C804 /* Ring not in show.txt */; };
		4FB3CC07217D2FD50051C804 /* startBestOfRow.txt in Resources */ = {isa = PBXBuildFile; fileRef = 4FB3CBCA217D2FD50051C804 /* startBestOfRow.txt */; };
		4FB3CC08217D2FD50051C804 /* startFirstSection.txt in Resources */ = {isa = PBXBuildFile; fileRef = 4FB3CBCB217D2FD50051C804 /* startFirstSection.txt */; };
		4FB3CC09217D2FD50051C804 /* startNewSection.txt in Resources */ = {isa = PBXBuildFile; fileRef = 4FB3CBCC217D2FD50051C804 /* startNewSection.txt */; };
		4FB3CC0A217D2FD50051C804 /* sub-group close row.txt in Resources */ = {isa = PBXBuildFile; fileRef = 4FB3CBCD217D2FD50051C804 /* sub-group close row.txt */; };
		4FB3CC0B217D2FD50051C804 /* sub-group heading row.txt in Resources */ = {isa = PBXBuildFile; fileRef = 4FB3CBCE217D2FD50051C804 /* sub-group heading row.txt */; };
		4FB3CC0C217D2FD50051C804 /* welcomePages.txt in Resources */ = {isa = PBXBuildFile; fileRef = 4FB3CBCF217D2FD50051C804 /* welcomePages.txt */; };
		4FB3CC0E217D31330051C804 /* PatternClassed.plist in Resources */ = {isa = PBXBuildFile; fileRef = 4FB3CC0D217D31330051C804 /* PatternClassed.plist */; };
		4FB9D11F1B75ABA800046CBA /* DataSource.swift in Sources */ = {isa = PBXBuildFile; fileRef = 4FB9D11E1B75ABA800046CBA /* DataSource.swift */; };
		4FB9D1211B75B61F00046CBA /* Sex.swift in Sources */ = {isa = PBXBuildFile; fileRef = 4FB9D1201B75B61F00046CBA /* Sex.swift */; };
		4FBD2EE41B81A84500E28D93 /* Credits.rtf in Resources */ = {isa = PBXBuildFile; fileRef = 4FBD2EE31B81A84500E28D93 /* Credits.rtf */; };
		4FBD2EE61B81A91E00E28D93 /* agouti.plist in Resources */ = {isa = PBXBuildFile; fileRef = 4FBD2EE51B81A91E00E28D93 /* agouti.plist */; };
		4FC1DA071B9BAFA000E321EA /* Printing.swift in Sources */ = {isa = PBXBuildFile; fileRef = 4FC1DA061B9BAFA000E321EA /* Printing.swift */; };
		4FD75AC21BAE8F5C00A00EEA /* CriticalAgesWindowController.swift in Sources */ = {isa = PBXBuildFile; fileRef = 4FD75AC01BAE8F5C00A00EEA /* CriticalAgesWindowController.swift */; };
		4FD75AC31BAE8F5C00A00EEA /* CriticalAgesWindowController.xib in Resources */ = {isa = PBXBuildFile; fileRef = 4FD75AC11BAE8F5C00A00EEA /* CriticalAgesWindowController.xib */; };
		4FD803241B774DA500D7FAD2 /* Colours.plist in Resources */ = {isa = PBXBuildFile; fileRef = 4FD803231B774DA500D7FAD2 /* Colours.plist */; };
		4FD803261B774E8100D7FAD2 /* Colours.swift in Sources */ = {isa = PBXBuildFile; fileRef = 4FD803251B774E8100D7FAD2 /* Colours.swift */; };
		4FD8384E1B832F3D00A8C7A7 /* ColoursWindowController.swift in Sources */ = {isa = PBXBuildFile; fileRef = 4FD8384C1B832F3D00A8C7A7 /* ColoursWindowController.swift */; };
		4FD8384F1B832F3D00A8C7A7 /* ColoursWindowController.xib in Resources */ = {isa = PBXBuildFile; fileRef = 4FD8384D1B832F3D00A8C7A7 /* ColoursWindowController.xib */; };
		4FE2F2B8218D03C400C582A8 /* notesTop5Finish.txt in Resources */ = {isa = PBXBuildFile; fileRef = 4FE2F2B6218D03C300C582A8 /* notesTop5Finish.txt */; };
		4FE2F2B9218D03C400C582A8 /* notesTop5Start.txt in Resources */ = {isa = PBXBuildFile; fileRef = 4FE2F2B7218D03C300C582A8 /* notesTop5Start.txt */; };
		4FEB56AE1B70ABEF00EECA78 /* ShowFormats.plist in Resources */ = {isa = PBXBuildFile; fileRef = 4FEB56AD1B70ABEF00EECA78 /* ShowFormats.plist */; };
		4FEB56B01B70BFC700EECA78 /* Globals.swift in Sources */ = {isa = PBXBuildFile; fileRef = 4FEB56AF1B70BFC700EECA78 /* Globals.swift */; };
		4FFE16C81B6E421A0020E1D0 /* EntrySheetController.swift in Sources */ = {isa = PBXBuildFile; fileRef = 4FFE16C61B6E421A0020E1D0 /* EntrySheetController.swift */; };
		4FFE16C91B6E421A0020E1D0 /* EntrySheetController.xib in Resources */ = {isa = PBXBuildFile; fileRef = 4FFE16C71B6E421A0020E1D0 /* EntrySheetController.xib */; };
		4FFE16CC1B6ECB320020E1D0 /* AllCapsFormatter.swift in Sources */ = {isa = PBXBuildFile; fileRef = 4FFE16CA1B6ECB320020E1D0 /* AllCapsFormatter.swift */; };
		4FFE16CD1B6ECB320020E1D0 /* NameFormatter.swift in Sources */ = {isa = PBXBuildFile; fileRef = 4FFE16CB1B6ECB320020E1D0 /* NameFormatter.swift */; };
/* End PBXBuildFile section */

/* Begin PBXContainerItemProxy section */
		4F38B86B1B6D8CCA006356DD /* PBXContainerItemProxy */ = {
			isa = PBXContainerItemProxy;
			containerPortal = 4F38B84F1B6D8CCA006356DD /* Project object */;
			proxyType = 1;
			remoteGlobalIDString = 4F38B8561B6D8CCA006356DD;
			remoteInfo = CatBase;
		};
/* End PBXContainerItemProxy section */

/* Begin PBXFileReference section */
		4F0564E91BA2B48500285C46 /* CatNameFormatter.swift */ = {isa = PBXFileReference; fileEncoding = 4; lastKnownFileType = sourcecode.swift; path = CatNameFormatter.swift; sourceTree = "<group>"; };
		4F0F92DD1BA3E30900724D9C /* general.strings */ = {isa = PBXFileReference; fileEncoding = 4; lastKnownFileType = text.plist.strings; path = general.strings; sourceTree = "<group>"; };
		4F0F92E01BA3EC8400724D9C /* Excel list.plist */ = {isa = PBXFileReference; fileEncoding = 4; lastKnownFileType = text.plist.xml; name = "Excel list.plist"; path = "pLists/Excel list.plist"; sourceTree = "<group>"; };
		4F0F92E31BA3EF0E00724D9C /* Places.plist */ = {isa = PBXFileReference; fileEncoding = 4; lastKnownFileType = text.plist.xml; name = Places.plist; path = pLists/Places.plist; sourceTree = "<group>"; };
		4F1247A01BB4913A00031CE0 /* Cat-A-Log Help */ = {isa = PBXFileReference; lastKnownFileType = folder; path = "Cat-A-Log Help"; sourceTree = "<group>"; };
		4F1696142187145000EC5823 /* top5RingToSection.txt */ = {isa = PBXFileReference; fileEncoding = 4; lastKnownFileType = text; path = top5RingToSection.txt; sourceTree = "<group>"; };
		4F1696152187145100EC5823 /* top5Start.txt */ = {isa = PBXFileReference; fileEncoding = 4; lastKnownFileType = text; path = top5Start.txt; sourceTree = "<group>"; };
		4F1696162187145100EC5823 /* top5RingToRing.txt */ = {isa = PBXFileReference; fileEncoding = 4; lastKnownFileType = text; path = top5RingToRing.txt; sourceTree = "<group>"; };
		4F1A380B217D915F00A4217F /* RTF generator.swift */ = {isa = PBXFileReference; lastKnownFileType = sourcecode.swift; path = "RTF generator.swift"; sourceTree = "<group>"; };
		4F1E9FE0209EFDC900DDD15C /* Cat-A-Log.entitlements */ = {isa = PBXFileReference; lastKnownFileType = text.plist.entitlements; path = "Cat-A-Log.entitlements"; sourceTree = "<group>"; };
		4F1ECD1C22C211A90028FC33 /* judgesACFawards4.txt */ = {isa = PBXFileReference; fileEncoding = 4; lastKnownFileType = text; path = judgesACFawards4.txt; sourceTree = "<group>"; };
		4F1ECD1D22C211A90028FC33 /* judgesACFawards1.txt */ = {isa = PBXFileReference; fileEncoding = 4; lastKnownFileType = text; path = judgesACFawards1.txt; sourceTree = "<group>"; };
		4F1ECD1E22C211A90028FC33 /* judgesACFawards3.txt */ = {isa = PBXFileReference; fileEncoding = 4; lastKnownFileType = text; path = judgesACFawards3.txt; sourceTree = "<group>"; };
		4F1ECD2222C217930028FC33 /* judgesACFawards2.txt */ = {isa = PBXFileReference; fileEncoding = 4; lastKnownFileType = text; path = judgesACFawards2.txt; sourceTree = "<group>"; };
		4F38B8571B6D8CCA006356DD /* Cat-A-Log.app */ = {isa = PBXFileReference; explicitFileType = wrapper.application; includeInIndex = 0; path = "Cat-A-Log.app"; sourceTree = BUILT_PRODUCTS_DIR; };
		4F38B85B1B6D8CCA006356DD /* Info.plist */ = {isa = PBXFileReference; lastKnownFileType = text.plist.xml; path = Info.plist; sourceTree = "<group>"; };
		4F38B85C1B6D8CCA006356DD /* AppDelegate.swift */ = {isa = PBXFileReference; lastKnownFileType = sourcecode.swift; path = AppDelegate.swift; sourceTree = "<group>"; };
		4F38B85F1B6D8CCA006356DD /* CatBase.xcdatamodel */ = {isa = PBXFileReference; lastKnownFileType = wrapper.xcdatamodel; path = CatBase.xcdatamodel; sourceTree = "<group>"; };
		4F38B8611B6D8CCA006356DD /* Images.xcassets */ = {isa = PBXFileReference; lastKnownFileType = folder.assetcatalog; path = Images.xcassets; sourceTree = "<group>"; };
		4F38B8641B6D8CCA006356DD /* Base */ = {isa = PBXFileReference; lastKnownFileType = file.xib; name = Base; path = Base.lproj/MainMenu.xib; sourceTree = "<group>"; };
		4F38B86A1B6D8CCA006356DD /* Cat-A-Log.xctest */ = {isa = PBXFileReference; explicitFileType = wrapper.cfbundle; includeInIndex = 0; path = "Cat-A-Log.xctest"; sourceTree = BUILT_PRODUCTS_DIR; };
		4F38B86F1B6D8CCA006356DD /* Info.plist */ = {isa = PBXFileReference; lastKnownFileType = text.plist.xml; path = Info.plist; sourceTree = "<group>"; };
		4F38B8701B6D8CCA006356DD /* CatBaseTests.swift */ = {isa = PBXFileReference; lastKnownFileType = sourcecode.swift; path = CatBaseTests.swift; sourceTree = "<group>"; };
		4F38B8801B6D8ED3006356DD /* MainWindowController.swift */ = {isa = PBXFileReference; fileEncoding = 4; lastKnownFileType = sourcecode.swift; path = MainWindowController.swift; sourceTree = "<group>"; };
		4F38B8811B6D8ED3006356DD /* MainWindowController.xib */ = {isa = PBXFileReference; fileEncoding = 4; lastKnownFileType = file.xib; path = MainWindowController.xib; sourceTree = "<group>"; };
		4F38B8841B6D9156006356DD /* Cat.swift */ = {isa = PBXFileReference; fileEncoding = 4; lastKnownFileType = sourcecode.swift; name = Cat.swift; path = Models/Cat.swift; sourceTree = "<group>"; };
		4F38B8851B6D9156006356DD /* Entry.swift */ = {isa = PBXFileReference; fileEncoding = 4; lastKnownFileType = sourcecode.swift; name = Entry.swift; path = Models/Entry.swift; sourceTree = "<group>"; };
		4F38B8871B6D9156006356DD /* Show.swift */ = {isa = PBXFileReference; fileEncoding = 4; lastKnownFileType = sourcecode.swift; name = Show.swift; path = Models/Show.swift; sourceTree = "<group>"; };
		4F3AC54D1BAEE29500775611 /* CriticalAges.plist */ = {isa = PBXFileReference; fileEncoding = 4; lastKnownFileType = text.plist.xml; name = CriticalAges.plist; path = pLists/CriticalAges.plist; sourceTree = "<group>"; };
		4F3EFAE11B6DB98C00DA2F5C /* AddShowWindowController.swift */ = {isa = PBXFileReference; fileEncoding = 4; lastKnownFileType = sourcecode.swift; name = AddShowWindowController.swift; path = Controllers/AddShowWindowController.swift; sourceTree = "<group>"; };
		4F3EFAE21B6DB98C00DA2F5C /* AddShowWindowController.xib */ = {isa = PBXFileReference; fileEncoding = 4; lastKnownFileType = file.xib; name = AddShowWindowController.xib; path = Controllers/AddShowWindowController.xib; sourceTree = "<group>"; };
		4F3EFAE51B6DEE1500DA2F5C /* Breeds.swift */ = {isa = PBXFileReference; fileEncoding = 4; lastKnownFileType = sourcecode.swift; name = Breeds.swift; path = "Data Sources.swift/Breeds.swift"; sourceTree = "<group>"; };
		4F4B889A1BC0D35D00CF734B /* DateFormatter.swift */ = {isa = PBXFileReference; fileEncoding = 4; lastKnownFileType = sourcecode.swift; name = DateFormatter.swift; path = Formatters/DateFormatter.swift; sourceTree = "<group>"; };
		4F6214841BB290E400F87183 /* ProgressWindowController.swift */ = {isa = PBXFileReference; fileEncoding = 4; lastKnownFileType = sourcecode.swift; path = ProgressWindowController.swift; sourceTree = "<group>"; };
		4F6214851BB290E400F87183 /* ProgressWindowController.xib */ = {isa = PBXFileReference; fileEncoding = 4; lastKnownFileType = file.xib; path = ProgressWindowController.xib; sourceTree = "<group>"; };
		4F6214881BB34A1B00F87183 /* Authentication.plist */ = {isa = PBXFileReference; fileEncoding = 4; lastKnownFileType = text.plist.xml; name = Authentication.plist; path = pLists/Authentication.plist; sourceTree = "<group>"; };
		4F62148A1BB34F2000F87183 /* icon.jpg */ = {isa = PBXFileReference; lastKnownFileType = image.jpeg; path = icon.jpg; sourceTree = "<group>"; };
		4F63A6B81BB819760009C5A4 /* Cat on book.icns */ = {isa = PBXFileReference; lastKnownFileType = image.icns; path = "Cat on book.icns"; sourceTree = "<group>"; };
		4F6E0B1D21859E6E0040A590 /* top5table.txt */ = {isa = PBXFileReference; fileEncoding = 4; lastKnownFileType = text; path = top5table.txt; sourceTree = "<group>"; };
		4F7107FD1B77748E00E21AAC /* Challenges.swift */ = {isa = PBXFileReference; fileEncoding = 4; lastKnownFileType = sourcecode.swift; name = Challenges.swift; path = "Data Sources.swift/Challenges.swift"; sourceTree = "<group>"; };
		4F74C55222236FC500371D2B /* notesBeginFilePart2.txt */ = {isa = PBXFileReference; lastKnownFileType = text; path = notesBeginFilePart2.txt; sourceTree = "<group>"; };
		4F8E87301BAFB19E00497D2F /* TitleEditorController.swift */ = {isa = PBXFileReference; fileEncoding = 4; lastKnownFileType = sourcecode.swift; name = TitleEditorController.swift; path = Controllers/TitleEditorController.swift; sourceTree = "<group>"; };
		4F8E87311BAFB19E00497D2F /* TitleEditorController.xib */ = {isa = PBXFileReference; fileEncoding = 4; lastKnownFileType = file.xib; name = TitleEditorController.xib; path = Controllers/TitleEditorController.xib; sourceTree = "<group>"; };
		4F9235FD1B7952B70096ADFD /* Titles.swift */ = {isa = PBXFileReference; fileEncoding = 4; lastKnownFileType = sourcecode.swift; name = Titles.swift; path = "Data Sources.swift/Titles.swift"; sourceTree = "<group>"; };
		4F9235FF1B7953500096ADFD /* Titles.plist */ = {isa = PBXFileReference; fileEncoding = 4; lastKnownFileType = text.plist.xml; name = Titles.plist; path = pLists/Titles.plist; sourceTree = "<group>"; };
		4F9B6C081B7FF6EA00C2964B /* CageTypes.plist */ = {isa = PBXFileReference; fileEncoding = 4; lastKnownFileType = text.plist.xml; name = CageTypes.plist; path = pLists/CageTypes.plist; sourceTree = "<group>"; };
		4FB3CB92217D2FD50051C804 /* ACF awards from section name to end.txt */ = {isa = PBXFileReference; fileEncoding = 4; lastKnownFileType = text; path = "ACF awards from section name to end.txt"; sourceTree = "<group>"; };
		4FB3CB93217D2FD50051C804 /* ACF awards start.txt */ = {isa = PBXFileReference; fileEncoding = 4; lastKnownFileType = text; path = "ACF awards start.txt"; sourceTree = "<group>"; };
		4FB3CB94217D2FD50051C804 /* ACF awards to section name.txt */ = {isa = PBXFileReference; fileEncoding = 4; lastKnownFileType = text; path = "ACF awards to section name.txt"; sourceTree = "<group>"; };
		4FB3CB95217D2FD50051C804 /* Best Exhibit from Judges.txt */ = {isa = PBXFileReference; fileEncoding = 4; lastKnownFileType = text; path = "Best Exhibit from Judges.txt"; sourceTree = "<group>"; };
		4FB3CB96217D2FD50051C804 /* Best Exhibit Judge1 to Judge2.txt */ = {isa = PBXFileReference; fileEncoding = 4; lastKnownFileType = text; path = "Best Exhibit Judge1 to Judge2.txt"; sourceTree = "<group>"; };
		4FB3CB97217D2FD50051C804 /* Best Exhibit start.txt */ = {isa = PBXFileReference; fileEncoding = 4; lastKnownFileType = text; path = "Best Exhibit start.txt"; sourceTree = "<group>"; };
		4FB3CB98217D2FD50051C804 /* Best Exhibit to Judge 1.txt */ = {isa = PBXFileReference; fileEncoding = 4; lastKnownFileType = text; path = "Best Exhibit to Judge 1.txt"; sourceTree = "<group>"; };
		4FB3CB99217D2FD50051C804 /* Best in Show from number to end of table.txt */ = {isa = PBXFileReference; fileEncoding = 4; lastKnownFileType = text; path = "Best in Show from number to end of table.txt"; sourceTree = "<group>"; };
		4FB3CB9A217D2FD50051C804 /* Best in Show heading.txt */ = {isa = PBXFileReference; fileEncoding = 4; lastKnownFileType = text; path = "Best in Show heading.txt"; sourceTree = "<group>"; };
		4FB3CB9B217D2FD50051C804 /* Best in Show to ring number.txt */ = {isa = PBXFileReference; fileEncoding = 4; lastKnownFileType = text; path = "Best in Show to ring number.txt"; sourceTree = "<group>"; };
		4FB3CB9C217D2FD50051C804 /* Best of breed name to end.txt */ = {isa = PBXFileReference; fileEncoding = 4; lastKnownFileType = text; path = "Best of breed name to end.txt"; sourceTree = "<group>"; };
		4FB3CB9D217D2FD50051C804 /* Best of breed start.txt */ = {isa = PBXFileReference; fileEncoding = 4; lastKnownFileType = text; path = "Best of breed start.txt"; sourceTree = "<group>"; };
		4FB3CB9E217D2FD50051C804 /* Best of breed to breedname.txt */ = {isa = PBXFileReference; fileEncoding = 4; lastKnownFileType = text; path = "Best of breed to breedname.txt"; sourceTree = "<group>"; };
		4FB3CB9F217D2FD50051C804 /* Best of breed to last breedname.txt */ = {isa = PBXFileReference; fileEncoding = 4; lastKnownFileType = text; path = "Best of breed to last breedname.txt"; sourceTree = "<group>"; };
		4FB3CBA0217D2FD50051C804 /* blankCell.txt */ = {isa = PBXFileReference; fileEncoding = 4; lastKnownFileType = text; path = blankCell.txt; sourceTree = "<group>"; };
		4FB3CBA1217D2FD50051C804 /* boxBeforeRings.txt */ = {isa = PBXFileReference; fileEncoding = 4; lastKnownFileType = text; path = boxBeforeRings.txt; sourceTree = "<group>"; };
		4FB3CBA2217D2FD50051C804 /* cat details to birthdate.txt */ = {isa = PBXFileReference; fileEncoding = 4; lastKnownFileType = text; path = "cat details to birthdate.txt"; sourceTree = "<group>"; };
		4FB3CBA3217D2FD50051C804 /* cat details to class.txt */ = {isa = PBXFileReference; fileEncoding = 4; lastKnownFileType = text; path = "cat details to class.txt"; sourceTree = "<group>"; };
		4FB3CBA4217D2FD50051C804 /* cat details to name.txt */ = {isa = PBXFileReference; fileEncoding = 4; lastKnownFileType = text; path = "cat details to name.txt"; sourceTree = "<group>"; };
		4FB3CBA5217D2FD50051C804 /* cat details to number.txt */ = {isa = PBXFileReference; fileEncoding = 4; lastKnownFileType = text; path = "cat details to number.txt"; sourceTree = "<group>"; };
		4FB3CBA6217D2FD50051C804 /* cat details to parents.txt */ = {isa = PBXFileReference; fileEncoding = 4; lastKnownFileType = text; path = "cat details to parents.txt"; sourceTree = "<group>"; };
		4FB3CBA7217D2FD50051C804 /* cat in ring.txt */ = {isa = PBXFileReference; fileEncoding = 4; lastKnownFileType = text; path = "cat in ring.txt"; sourceTree = "<group>"; };
		4FB3CBA8217D2FD50051C804 /* cat not in ring.txt */ = {isa = PBXFileReference; fileEncoding = 4; lastKnownFileType = text; path = "cat not in ring.txt"; sourceTree = "<group>"; };
		4FB3CBA9217D2FD50051C804 /* closeFooter.txt */ = {isa = PBXFileReference; fileEncoding = 4; lastKnownFileType = text; path = closeFooter.txt; sourceTree = "<group>"; };
		4FB3CBAA217D2FD50051C804 /* colour heading row.txt */ = {isa = PBXFileReference; fileEncoding = 4; lastKnownFileType = text; path = "colour heading row.txt"; sourceTree = "<group>"; };
		4FB3CBAB217D2FD50051C804 /* detailsBeforeChallenge.txt */ = {isa = PBXFileReference; fileEncoding = 4; lastKnownFileType = text; path = detailsBeforeChallenge.txt; sourceTree = "<group>"; };
		4FB3CBAC217D2FD50051C804 /* detailsFromRingBoxes.txt */ = {isa = PBXFileReference; fileEncoding = 4; lastKnownFileType = text; path = detailsFromRingBoxes.txt; sourceTree = "<group>"; };
		4FB3CBAD217D2FD50051C804 /* endRingBoxRow.txt */ = {isa = PBXFileReference; fileEncoding = 4; lastKnownFileType = text; path = endRingBoxRow.txt; sourceTree = "<group>"; };
		4FB3CBAE217D2FD50051C804 /* fileHeader.txt */ = {isa = PBXFileReference; fileEncoding = 4; lastKnownFileType = text; path = fileHeader.txt; sourceTree = "<group>"; };
		4FB3CBAF217D2FD50051C804 /* footerText.txt */ = {isa = PBXFileReference; fileEncoding = 4; lastKnownFileType = text; path = footerText.txt; sourceTree = "<group>"; };
		4FB3CBB0217D2FD50051C804 /* group heading row.txt */ = {isa = PBXFileReference; fileEncoding = 4; lastKnownFileType = text; path = "group heading row.txt"; sourceTree = "<group>"; };
		4FB3CBB2217D2FD50051C804 /* notesBeginFile.txt */ = {isa = PBXFileReference; fileEncoding = 4; lastKnownFileType = text; path = notesBeginFile.txt; sourceTree = "<group>"; };
		4FB3CBB3217D2FD50051C804 /* notesBestExhibit.txt */ = {isa = PBXFileReference; fileEncoding = 4; lastKnownFileType = text; path = notesBestExhibit.txt; sourceTree = "<group>"; };
		4FB3CBB4217D2FD50051C804 /* notesBestOfBreedCell.txt */ = {isa = PBXFileReference; fileEncoding = 4; lastKnownFileType = text; path = notesBestOfBreedCell.txt; sourceTree = "<group>"; };
		4FB3CBB5217D2FD50051C804 /* notesBestOfBreedCellEnd.txt */ = {isa = PBXFileReference; fileEncoding = 4; lastKnownFileType = text; path = notesBestOfBreedCellEnd.txt; sourceTree = "<group>"; };
		4FB3CBB7217D2FD50051C804 /* notesBestOfBreedStart.txt */ = {isa = PBXFileReference; fileEncoding = 4; lastKnownFileType = text; path = notesBestOfBreedStart.txt; sourceTree = "<group>"; };
		4FB3CBB8217D2FD50051C804 /* notesBlankCell.txt */ = {isa = PBXFileReference; fileEncoding = 4; lastKnownFileType = text; path = notesBlankCell.txt; sourceTree = "<group>"; };
		4FB3CBB9217D2FD50051C804 /* notesFromAge.txt */ = {isa = PBXFileReference; fileEncoding = 4; lastKnownFileType = text; path = notesFromAge.txt; sourceTree = "<group>"; };
		4FB3CBBA217D2FD50051C804 /* notesFromAwardToEndOfRow.txt */ = {isa = PBXFileReference; fileEncoding = 4; lastKnownFileType = text; path = notesFromAwardToEndOfRow.txt; sourceTree = "<group>"; };
		4FB3CBBB217D2FD50051C804 /* notesFromCageToClass.txt */ = {isa = PBXFileReference; fileEncoding = 4; lastKnownFileType = text; path = notesFromCageToClass.txt; sourceTree = "<group>"; };
		4FB3CBBC217D2FD50051C804 /* notesFromInfoToHeader.txt */ = {isa = PBXFileReference; fileEncoding = 4; lastKnownFileType = text; path = notesFromInfoToHeader.txt; sourceTree = "<group>"; };
		4FB3CBBD217D2FD50051C804 /* notesFromSectionName.txt */ = {isa = PBXFileReference; fileEncoding = 4; lastKnownFileType = text; path = notesFromSectionName.txt; sourceTree = "<group>"; };
		4FB3CBBE217D2FD50051C804 /* notesFromSubSectionName.txt */ = {isa = PBXFileReference; fileEncoding = 4; lastKnownFileType = text; path = notesFromSubSectionName.txt; sourceTree = "<group>"; };
		4FB3CBBF217D2FD50051C804 /* notesNewSectionBreak.txt */ = {isa = PBXFileReference; fileEncoding = 4; lastKnownFileType = text; path = notesNewSectionBreak.txt; sourceTree = "<group>"; };
		4FB3CBC0217D2FD50051C804 /* notesToAge.txt */ = {isa = PBXFileReference; fileEncoding = 4; lastKnownFileType = text; path = notesToAge.txt; sourceTree = "<group>"; };
		4FB3CBC1217D2FD50051C804 /* notesToAward.txt */ = {isa = PBXFileReference; fileEncoding = 4; lastKnownFileType = text; path = notesToAward.txt; sourceTree = "<group>"; };
		4FB3CBC2217D2FD50051C804 /* notesToCageNumber.txt */ = {isa = PBXFileReference; fileEncoding = 4; lastKnownFileType = text; path = notesToCageNumber.txt; sourceTree = "<group>"; };
		4FB3CBC3217D2FD50051C804 /* notesToColour.txt */ = {isa = PBXFileReference; fileEncoding = 4; lastKnownFileType = text; path = notesToColour.txt; sourceTree = "<group>"; };
		4FB3CBC4217D2FD50051C804 /* notesToJudgeName.txt */ = {isa = PBXFileReference; fileEncoding = 4; lastKnownFileType = text; path = notesToJudgeName.txt; sourceTree = "<group>"; };
		4FB3CBC5217D2FD50051C804 /* notesTopTenFinish.txt */ = {isa = PBXFileReference; fileEncoding = 4; lastKnownFileType = text; path = notesTopTenFinish.txt; sourceTree = "<group>"; };
		4FB3CBC6217D2FD50051C804 /* notesTopTenStart.txt */ = {isa = PBXFileReference; fileEncoding = 4; lastKnownFileType = text; path = notesTopTenStart.txt; sourceTree = "<group>"; };
		4FB3CBC7217D2FD50051C804 /* notesToSubSectionName.txt */ = {isa = PBXFileReference; fileEncoding = 4; lastKnownFileType = text; path = notesToSubSectionName.txt; sourceTree = "<group>"; };
		4FB3CBC8217D2FD50051C804 /* Ring in show.txt */ = {isa = PBXFileReference; fileEncoding = 4; lastKnownFileType = text; path = "Ring in show.txt"; sourceTree = "<group>"; };
		4FB3CBC9217D2FD50051C804 /* Ring not in show.txt */ = {isa = PBXFileReference; fileEncoding = 4; lastKnownFileType = text; path = "Ring not in show.txt"; sourceTree = "<group>"; };
		4FB3CBCA217D2FD50051C804 /* startBestOfRow.txt */ = {isa = PBXFileReference; fileEncoding = 4; lastKnownFileType = text; path = startBestOfRow.txt; sourceTree = "<group>"; };
		4FB3CBCB217D2FD50051C804 /* startFirstSection.txt */ = {isa = PBXFileReference; fileEncoding = 4; lastKnownFileType = text; path = startFirstSection.txt; sourceTree = "<group>"; };
		4FB3CBCC217D2FD50051C804 /* startNewSection.txt */ = {isa = PBXFileReference; fileEncoding = 4; lastKnownFileType = text; path = startNewSection.txt; sourceTree = "<group>"; };
		4FB3CBCD217D2FD50051C804 /* sub-group close row.txt */ = {isa = PBXFileReference; fileEncoding = 4; lastKnownFileType = text; path = "sub-group close row.txt"; sourceTree = "<group>"; };
		4FB3CBCE217D2FD50051C804 /* sub-group heading row.txt */ = {isa = PBXFileReference; fileEncoding = 4; lastKnownFileType = text; path = "sub-group heading row.txt"; sourceTree = "<group>"; };
		4FB3CBCF217D2FD50051C804 /* welcomePages.txt */ = {isa = PBXFileReference; fileEncoding = 4; lastKnownFileType = text; path = welcomePages.txt; sourceTree = "<group>"; };
		4FB3CC0D217D31330051C804 /* PatternClassed.plist */ = {isa = PBXFileReference; fileEncoding = 4; lastKnownFileType = text.plist.xml; name = PatternClassed.plist; path = pLists/PatternClassed.plist; sourceTree = "<group>"; };
		4FB9D11E1B75ABA800046CBA /* DataSource.swift */ = {isa = PBXFileReference; fileEncoding = 4; lastKnownFileType = sourcecode.swift; name = DataSource.swift; path = "Data Sources.swift/DataSource.swift"; sourceTree = "<group>"; };
		4FB9D1201B75B61F00046CBA /* Sex.swift */ = {isa = PBXFileReference; fileEncoding = 4; lastKnownFileType = sourcecode.swift; name = Sex.swift; path = "Data Sources.swift/Sex.swift"; sourceTree = "<group>"; };
		4FBD2EE31B81A84500E28D93 /* Credits.rtf */ = {isa = PBXFileReference; fileEncoding = 4; lastKnownFileType = text.rtf; path = Credits.rtf; sourceTree = "<group>"; };
		4FBD2EE51B81A91E00E28D93 /* agouti.plist */ = {isa = PBXFileReference; fileEncoding = 4; lastKnownFileType = text.plist.xml; path = agouti.plist; sourceTree = "<group>"; };
		4FC1DA061B9BAFA000E321EA /* Printing.swift */ = {isa = PBXFileReference; fileEncoding = 4; lastKnownFileType = sourcecode.swift; path = Printing.swift; sourceTree = "<group>"; };
		4FD75AC01BAE8F5C00A00EEA /* CriticalAgesWindowController.swift */ = {isa = PBXFileReference; fileEncoding = 4; lastKnownFileType = sourcecode.swift; name = CriticalAgesWindowController.swift; path = Controllers/CriticalAgesWindowController.swift; sourceTree = "<group>"; };
		4FD75AC11BAE8F5C00A00EEA /* CriticalAgesWindowController.xib */ = {isa = PBXFileReference; fileEncoding = 4; lastKnownFileType = file.xib; name = CriticalAgesWindowController.xib; path = Controllers/CriticalAgesWindowController.xib; sourceTree = "<group>"; };
		4FD803231B774DA500D7FAD2 /* Colours.plist */ = {isa = PBXFileReference; fileEncoding = 4; lastKnownFileType = text.plist.xml; name = Colours.plist; path = pLists/Colours.plist; sourceTree = "<group>"; };
		4FD803251B774E8100D7FAD2 /* Colours.swift */ = {isa = PBXFileReference; fileEncoding = 4; lastKnownFileType = sourcecode.swift; name = Colours.swift; path = "Data Sources.swift/Colours.swift"; sourceTree = "<group>"; };
		4FD8384C1B832F3D00A8C7A7 /* ColoursWindowController.swift */ = {isa = PBXFileReference; fileEncoding = 4; lastKnownFileType = sourcecode.swift; name = ColoursWindowController.swift; path = Controllers/ColoursWindowController.swift; sourceTree = "<group>"; };
		4FD8384D1B832F3D00A8C7A7 /* ColoursWindowController.xib */ = {isa = PBXFileReference; fileEncoding = 4; lastKnownFileType = file.xib; name = ColoursWindowController.xib; path = Controllers/ColoursWindowController.xib; sourceTree = "<group>"; };
		4FE2F2B6218D03C300C582A8 /* notesTop5Finish.txt */ = {isa = PBXFileReference; fileEncoding = 4; lastKnownFileType = text; name = notesTop5Finish.txt; path = "Judges notes/notesTop5Finish.txt"; sourceTree = "<group>"; };
		4FE2F2B7218D03C300C582A8 /* notesTop5Start.txt */ = {isa = PBXFileReference; fileEncoding = 4; lastKnownFileType = text; name = notesTop5Start.txt; path = "Judges notes/notesTop5Start.txt"; sourceTree = "<group>"; };
		4FEB56AD1B70ABEF00EECA78 /* ShowFormats.plist */ = {isa = PBXFileReference; fileEncoding = 4; lastKnownFileType = text.plist.xml; name = ShowFormats.plist; path = pLists/ShowFormats.plist; sourceTree = "<group>"; };
		4FEB56AF1B70BFC700EECA78 /* Globals.swift */ = {isa = PBXFileReference; fileEncoding = 4; lastKnownFileType = sourcecode.swift; path = Globals.swift; sourceTree = "<group>"; };
		4FFE16C61B6E421A0020E1D0 /* EntrySheetController.swift */ = {isa = PBXFileReference; fileEncoding = 4; lastKnownFileType = sourcecode.swift; name = EntrySheetController.swift; path = Controllers/EntrySheetController.swift; sourceTree = "<group>"; };
		4FFE16C71B6E421A0020E1D0 /* EntrySheetController.xib */ = {isa = PBXFileReference; fileEncoding = 4; lastKnownFileType = file.xib; name = EntrySheetController.xib; path = Controllers/EntrySheetController.xib; sourceTree = "<group>"; };
		4FFE16CA1B6ECB320020E1D0 /* AllCapsFormatter.swift */ = {isa = PBXFileReference; fileEncoding = 4; lastKnownFileType = sourcecode.swift; name = AllCapsFormatter.swift; path = Formatters/AllCapsFormatter.swift; sourceTree = "<group>"; };
		4FFE16CB1B6ECB320020E1D0 /* NameFormatter.swift */ = {isa = PBXFileReference; fileEncoding = 4; lastKnownFileType = sourcecode.swift; name = NameFormatter.swift; path = Formatters/NameFormatter.swift; sourceTree = "<group>"; };
/* End PBXFileReference section */

/* Begin PBXFrameworksBuildPhase section */
		4F38B8541B6D8CCA006356DD /* Frameworks */ = {
			isa = PBXFrameworksBuildPhase;
			buildActionMask = 2147483647;
			files = (
			);
			runOnlyForDeploymentPostprocessing = 0;
		};
		4F38B8671B6D8CCA006356DD /* Frameworks */ = {
			isa = PBXFrameworksBuildPhase;
			buildActionMask = 2147483647;
			files = (
			);
			runOnlyForDeploymentPostprocessing = 0;
		};
/* End PBXFrameworksBuildPhase section */

/* Begin PBXGroup section */
		4F0F92DF1BA3EBEC00724D9C /* pLists */ = {
			isa = PBXGroup;
			children = (
				4FB3CC0D217D31330051C804 /* PatternClassed.plist */,
				4F6214881BB34A1B00F87183 /* Authentication.plist */,
				4F0F92E01BA3EC8400724D9C /* Excel list.plist */,
				4F0F92E31BA3EF0E00724D9C /* Places.plist */,
				4FBD2EE51B81A91E00E28D93 /* agouti.plist */,
				4F9235FF1B7953500096ADFD /* Titles.plist */,
				4FD803231B774DA500D7FAD2 /* Colours.plist */,
				4FEB56AD1B70ABEF00EECA78 /* ShowFormats.plist */,
				4F3AC54D1BAEE29500775611 /* CriticalAges.plist */,
				4F9B6C081B7FF6EA00C2964B /* CageTypes.plist */,
			);
			name = pLists;
			sourceTree = "<group>";
		};
		4F0F92E21BA3EC9C00724D9C /* nibs */ = {
			isa = PBXGroup;
			children = (
				4F38B8631B6D8CCA006356DD /* MainMenu.xib */,
				4F38B8811B6D8ED3006356DD /* MainWindowController.xib */,
				4F3EFAE21B6DB98C00DA2F5C /* AddShowWindowController.xib */,
				4FFE16C71B6E421A0020E1D0 /* EntrySheetController.xib */,
				4FD8384D1B832F3D00A8C7A7 /* ColoursWindowController.xib */,
				4FD75AC11BAE8F5C00A00EEA /* CriticalAgesWindowController.xib */,
				4F8E87311BAFB19E00497D2F /* TitleEditorController.xib */,
				4F6214851BB290E400F87183 /* ProgressWindowController.xib */,
			);
			name = nibs;
			sourceTree = "<group>";
		};
		4F38B84E1B6D8CCA006356DD = {
			isa = PBXGroup;
			children = (
				4F1E9FE0209EFDC900DDD15C /* Cat-A-Log.entitlements */,
				4F38B8591B6D8CCA006356DD /* CatBase */,
				4F38B86D1B6D8CCA006356DD /* CatBaseTests */,
				4F38B8581B6D8CCA006356DD /* Products */,
			);
			sourceTree = "<group>";
		};
		4F38B8581B6D8CCA006356DD /* Products */ = {
			isa = PBXGroup;
			children = (
				4F38B8571B6D8CCA006356DD /* Cat-A-Log.app */,
				4F38B86A1B6D8CCA006356DD /* Cat-A-Log.xctest */,
			);
			name = Products;
			sourceTree = "<group>";
		};
		4F38B8591B6D8CCA006356DD /* CatBase */ = {
			isa = PBXGroup;
			children = (
				4FFE16CE1B6ECB400020E1D0 /* Formatters */,
				4F38B88C1B6D9162006356DD /* Models */,
				4FB9D11D1B7407C800046CBA /* Data sources */,
				4FEB56AF1B70BFC700EECA78 /* Globals.swift */,
				4F1A380B217D915F00A4217F /* RTF generator.swift */,
				4F38B85C1B6D8CCA006356DD /* AppDelegate.swift */,
				4FC1DA061B9BAFA000E321EA /* Printing.swift */,
				4F38B8801B6D8ED3006356DD /* MainWindowController.swift */,
				4F3EFAE11B6DB98C00DA2F5C /* AddShowWindowController.swift */,
				4FFE16C61B6E421A0020E1D0 /* EntrySheetController.swift */,
				4FD8384C1B832F3D00A8C7A7 /* ColoursWindowController.swift */,
				4FD75AC01BAE8F5C00A00EEA /* CriticalAgesWindowController.swift */,
				4F8E87301BAFB19E00497D2F /* TitleEditorController.swift */,
				4F6214841BB290E400F87183 /* ProgressWindowController.swift */,
				4F38B8611B6D8CCA006356DD /* Images.xcassets */,
				4F0F92E21BA3EC9C00724D9C /* nibs */,
				4F38B85E1B6D8CCA006356DD /* CatBase.xcdatamodeld */,
				4F38B85A1B6D8CCA006356DD /* Supporting Files */,
			);
			path = CatBase;
			sourceTree = "<group>";
		};
		4F38B85A1B6D8CCA006356DD /* Supporting Files */ = {
			isa = PBXGroup;
			children = (
				4F63A6B81BB819760009C5A4 /* Cat on book.icns */,
				4F1247A01BB4913A00031CE0 /* Cat-A-Log Help */,
				4FBD2EE31B81A84500E28D93 /* Credits.rtf */,
				4F62148A1BB34F2000F87183 /* icon.jpg */,
				4F38B85B1B6D8CCA006356DD /* Info.plist */,
				4F0F92DD1BA3E30900724D9C /* general.strings */,
				4FB3CB91217D2FD50051C804 /* RTF files */,
				4F0F92DF1BA3EBEC00724D9C /* pLists */,
			);
			name = "Supporting Files";
			sourceTree = "<group>";
		};
		4F38B86D1B6D8CCA006356DD /* CatBaseTests */ = {
			isa = PBXGroup;
			children = (
				4F38B8701B6D8CCA006356DD /* CatBaseTests.swift */,
				4F38B86E1B6D8CCA006356DD /* Supporting Files */,
			);
			path = CatBaseTests;
			sourceTree = "<group>";
		};
		4F38B86E1B6D8CCA006356DD /* Supporting Files */ = {
			isa = PBXGroup;
			children = (
				4F38B86F1B6D8CCA006356DD /* Info.plist */,
			);
			name = "Supporting Files";
			sourceTree = "<group>";
		};
		4F38B88C1B6D9162006356DD /* Models */ = {
			isa = PBXGroup;
			children = (
				4F38B8841B6D9156006356DD /* Cat.swift */,
				4F38B8851B6D9156006356DD /* Entry.swift */,
				4F38B8871B6D9156006356DD /* Show.swift */,
			);
			name = Models;
			sourceTree = "<group>";
		};
		4FB3CB91217D2FD50051C804 /* RTF files */ = {
			isa = PBXGroup;
			children = (
				4F6E0B1D21859E6E0040A590 /* top5table.txt */,
				4F1696162187145100EC5823 /* top5RingToRing.txt */,
				4F1696142187145000EC5823 /* top5RingToSection.txt */,
				4F1696152187145100EC5823 /* top5Start.txt */,
				4FE2F2B7218D03C300C582A8 /* notesTop5Start.txt */,
				4FE2F2B6218D03C300C582A8 /* notesTop5Finish.txt */,
				4FB3CB92217D2FD50051C804 /* ACF awards from section name to end.txt */,
				4FB3CB93217D2FD50051C804 /* ACF awards start.txt */,
				4FB3CB94217D2FD50051C804 /* ACF awards to section name.txt */,
				4FB3CB95217D2FD50051C804 /* Best Exhibit from Judges.txt */,
				4FB3CB96217D2FD50051C804 /* Best Exhibit Judge1 to Judge2.txt */,
				4FB3CB97217D2FD50051C804 /* Best Exhibit start.txt */,
				4FB3CB98217D2FD50051C804 /* Best Exhibit to Judge 1.txt */,
				4FB3CB99217D2FD50051C804 /* Best in Show from number to end of table.txt */,
				4FB3CB9A217D2FD50051C804 /* Best in Show heading.txt */,
				4FB3CB9B217D2FD50051C804 /* Best in Show to ring number.txt */,
				4FB3CB9C217D2FD50051C804 /* Best of breed name to end.txt */,
				4FB3CB9D217D2FD50051C804 /* Best of breed start.txt */,
				4FB3CB9E217D2FD50051C804 /* Best of breed to breedname.txt */,
				4FB3CB9F217D2FD50051C804 /* Best of breed to last breedname.txt */,
				4FB3CBA0217D2FD50051C804 /* blankCell.txt */,
				4FB3CBA1217D2FD50051C804 /* boxBeforeRings.txt */,
				4FB3CBA2217D2FD50051C804 /* cat details to birthdate.txt */,
				4FB3CBA3217D2FD50051C804 /* cat details to class.txt */,
				4FB3CBA4217D2FD50051C804 /* cat details to name.txt */,
				4FB3CBA5217D2FD50051C804 /* cat details to number.txt */,
				4FB3CBA6217D2FD50051C804 /* cat details to parents.txt */,
				4FB3CBA7217D2FD50051C804 /* cat in ring.txt */,
				4FB3CBA8217D2FD50051C804 /* cat not in ring.txt */,
				4FB3CBA9217D2FD50051C804 /* closeFooter.txt */,
				4FB3CBAA217D2FD50051C804 /* colour heading row.txt */,
				4FB3CBAB217D2FD50051C804 /* detailsBeforeChallenge.txt */,
				4FB3CBAC217D2FD50051C804 /* detailsFromRingBoxes.txt */,
				4FB3CBAD217D2FD50051C804 /* endRingBoxRow.txt */,
				4FB3CBAE217D2FD50051C804 /* fileHeader.txt */,
				4FB3CBAF217D2FD50051C804 /* footerText.txt */,
				4FB3CBB0217D2FD50051C804 /* group heading row.txt */,
				4FB3CBB1217D2FD50051C804 /* Judges notes */,
				4FB3CBC8217D2FD50051C804 /* Ring in show.txt */,
				4FB3CBC9217D2FD50051C804 /* Ring not in show.txt */,
				4FB3CBCA217D2FD50051C804 /* startBestOfRow.txt */,
				4FB3CBCB217D2FD50051C804 /* startFirstSection.txt */,
				4FB3CBCC217D2FD50051C804 /* startNewSection.txt */,
				4FB3CBCD217D2FD50051C804 /* sub-group close row.txt */,
				4FB3CBCE217D2FD50051C804 /* sub-group heading row.txt */,
				4FB3CBCF217D2FD50051C804 /* welcomePages.txt */,
			);
			path = "RTF files";
			sourceTree = "<group>";
		};
		4FB3CBB1217D2FD50051C804 /* Judges notes */ = {
			isa = PBXGroup;
			children = (
				4F1ECD1D22C211A90028FC33 /* judgesACFawards1.txt */,
				4F1ECD2222C217930028FC33 /* judgesACFawards2.txt */,
				4F1ECD1E22C211A90028FC33 /* judgesACFawards3.txt */,
				4F1ECD1C22C211A90028FC33 /* judgesACFawards4.txt */,
				4FB3CBB2217D2FD50051C804 /* notesBeginFile.txt */,
				4F74C55222236FC500371D2B /* notesBeginFilePart2.txt */,
				4FB3CBB3217D2FD50051C804 /* notesBestExhibit.txt */,
				4FB3CBB4217D2FD50051C804 /* notesBestOfBreedCell.txt */,
				4FB3CBB5217D2FD50051C804 /* notesBestOfBreedCellEnd.txt */,
				4FB3CBB7217D2FD50051C804 /* notesBestOfBreedStart.txt */,
				4FB3CBB8217D2FD50051C804 /* notesBlankCell.txt */,
				4FB3CBB9217D2FD50051C804 /* notesFromAge.txt */,
				4FB3CBBA217D2FD50051C804 /* notesFromAwardToEndOfRow.txt */,
				4FB3CBBB217D2FD50051C804 /* notesFromCageToClass.txt */,
				4FB3CBBC217D2FD50051C804 /* notesFromInfoToHeader.txt */,
				4FB3CBBD217D2FD50051C804 /* notesFromSectionName.txt */,
				4FB3CBBE217D2FD50051C804 /* notesFromSubSectionName.txt */,
				4FB3CBBF217D2FD50051C804 /* notesNewSectionBreak.txt */,
				4FB3CBC0217D2FD50051C804 /* notesToAge.txt */,
				4FB3CBC1217D2FD50051C804 /* notesToAward.txt */,
				4FB3CBC2217D2FD50051C804 /* notesToCageNumber.txt */,
				4FB3CBC3217D2FD50051C804 /* notesToColour.txt */,
				4FB3CBC4217D2FD50051C804 /* notesToJudgeName.txt */,
				4FB3CBC5217D2FD50051C804 /* notesTopTenFinish.txt */,
				4FB3CBC6217D2FD50051C804 /* notesTopTenStart.txt */,
				4FB3CBC7217D2FD50051C804 /* notesToSubSectionName.txt */,
			);
			path = "Judges notes";
			sourceTree = "<group>";
		};
		4FB9D11D1B7407C800046CBA /* Data sources */ = {
			isa = PBXGroup;
			children = (
				4F3EFAE51B6DEE1500DA2F5C /* Breeds.swift */,
				4F7107FD1B77748E00E21AAC /* Challenges.swift */,
				4FD803251B774E8100D7FAD2 /* Colours.swift */,
				4FB9D1201B75B61F00046CBA /* Sex.swift */,
				4F9235FD1B7952B70096ADFD /* Titles.swift */,
				4FB9D11E1B75ABA800046CBA /* DataSource.swift */,
			);
			name = "Data sources";
			sourceTree = "<group>";
		};
		4FFE16CE1B6ECB400020E1D0 /* Formatters */ = {
			isa = PBXGroup;
			children = (
				4FFE16CA1B6ECB320020E1D0 /* AllCapsFormatter.swift */,
				4FFE16CB1B6ECB320020E1D0 /* NameFormatter.swift */,
				4F0564E91BA2B48500285C46 /* CatNameFormatter.swift */,
				4F4B889A1BC0D35D00CF734B /* DateFormatter.swift */,
			);
			name = Formatters;
			sourceTree = "<group>";
		};
/* End PBXGroup section */

/* Begin PBXNativeTarget section */
		4F38B8561B6D8CCA006356DD /* Cat-A-Log */ = {
			isa = PBXNativeTarget;
			buildConfigurationList = 4F38B8741B6D8CCA006356DD /* Build configuration list for PBXNativeTarget "Cat-A-Log" */;
			buildPhases = (
				4F38B8531B6D8CCA006356DD /* Sources */,
				4F38B8541B6D8CCA006356DD /* Frameworks */,
				4F38B8551B6D8CCA006356DD /* Resources */,
			);
			buildRules = (
			);
			dependencies = (
			);
			name = "Cat-A-Log";
			productName = CatBase;
			productReference = 4F38B8571B6D8CCA006356DD /* Cat-A-Log.app */;
			productType = "com.apple.product-type.application";
		};
		4F38B8691B6D8CCA006356DD /* Cat-A-LogTests */ = {
			isa = PBXNativeTarget;
			buildConfigurationList = 4F38B8771B6D8CCA006356DD /* Build configuration list for PBXNativeTarget "Cat-A-LogTests" */;
			buildPhases = (
				4F38B8661B6D8CCA006356DD /* Sources */,
				4F38B8671B6D8CCA006356DD /* Frameworks */,
				4F38B8681B6D8CCA006356DD /* Resources */,
			);
			buildRules = (
			);
			dependencies = (
				4F38B86C1B6D8CCA006356DD /* PBXTargetDependency */,
			);
			name = "Cat-A-LogTests";
			productName = CatBaseTests;
			productReference = 4F38B86A1B6D8CCA006356DD /* Cat-A-Log.xctest */;
			productType = "com.apple.product-type.bundle.unit-test";
		};
/* End PBXNativeTarget section */

/* Begin PBXProject section */
		4F38B84F1B6D8CCA006356DD /* Project object */ = {
			isa = PBXProject;
			attributes = {
				LastSwiftMigration = 0700;
				LastSwiftUpdateCheck = 0700;
				LastUpgradeCheck = 1240;
				ORGANIZATIONNAME = Feanor;
				TargetAttributes = {
					4F38B8561B6D8CCA006356DD = {
						CreatedOnToolsVersion = 6.4;
						DevelopmentTeam = MW4BK677PW;
						LastSwiftMigration = 1020;
						ProvisioningStyle = Automatic;
						SystemCapabilities = {
							com.apple.ApplicationGroups.Mac = {
								enabled = 0;
							};
							com.apple.Sandbox = {
								enabled = 0;
							};
						};
					};
					4F38B8691B6D8CCA006356DD = {
						CreatedOnToolsVersion = 6.4;
						LastSwiftMigration = 1020;
						TestTargetID = 4F38B8561B6D8CCA006356DD;
					};
				};
			};
			buildConfigurationList = 4F38B8521B6D8CCA006356DD /* Build configuration list for PBXProject "Cat-A-Log" */;
			compatibilityVersion = "Xcode 3.2";
			developmentRegion = en;
			hasScannedForEncodings = 0;
			knownRegions = (
				en,
				Base,
			);
			mainGroup = 4F38B84E1B6D8CCA006356DD;
			productRefGroup = 4F38B8581B6D8CCA006356DD /* Products */;
			projectDirPath = "";
			projectRoot = "";
			targets = (
				4F38B8561B6D8CCA006356DD /* Cat-A-Log */,
				4F38B8691B6D8CCA006356DD /* Cat-A-LogTests */,
			);
		};
/* End PBXProject section */

/* Begin PBXResourcesBuildPhase section */
		4F38B8551B6D8CCA006356DD /* Resources */ = {
			isa = PBXResourcesBuildPhase;
			buildActionMask = 2147483647;
			files = (
				4FB3CBF1217D2FD50051C804 /* notesBestOfBreedCell.txt in Resources */,
				4FD803241B774DA500D7FAD2 /* Colours.plist in Resources */,
				4FB3CBE7217D2FD50051C804 /* closeFooter.txt in Resources */,
				4FB3CC01217D2FD50051C804 /* notesToJudgeName.txt in Resources */,
				4F9B6C091B7FF6EA00C2964B /* CageTypes.plist in Resources */,
				4FB3CBE0217D2FD50051C804 /* cat details to birthdate.txt in Resources */,
				4FB3CBFA217D2FD50051C804 /* notesFromSectionName.txt in Resources */,
				4F38B8621B6D8CCA006356DD /* Images.xcassets in Resources */,
				4FB3CC00217D2FD50051C804 /* notesToColour.txt in Resources */,
				4FD8384F1B832F3D00A8C7A7 /* ColoursWindowController.xib in Resources */,
				4FB3CBDF217D2FD50051C804 /* boxBeforeRings.txt in Resources */,
				4FB3CBEB217D2FD50051C804 /* endRingBoxRow.txt in Resources */,
				4FB3CBE9217D2FD50051C804 /* detailsBeforeChallenge.txt in Resources */,
				4FB3CBEC217D2FD50051C804 /* fileHeader.txt in Resources */,
				4FB3CC08217D2FD50051C804 /* startFirstSection.txt in Resources */,
				4F62148B1BB34F2000F87183 /* icon.jpg in Resources */,
				4FB3CBF8217D2FD50051C804 /* notesFromCageToClass.txt in Resources */,
				4F1696182187145100EC5823 /* top5Start.txt in Resources */,
				4FB3CBF2217D2FD50051C804 /* notesBestOfBreedCellEnd.txt in Resources */,
				4FB3CBD0217D2FD50051C804 /* ACF awards from section name to end.txt in Resources */,
				4F0F92DE1BA3E30900724D9C /* general.strings in Resources */,
				4FB3CBFE217D2FD50051C804 /* notesToAward.txt in Resources */,
				4FB3CBFB217D2FD50051C804 /* notesFromSubSectionName.txt in Resources */,
				4FB3CBF4217D2FD50051C804 /* notesBestOfBreedStart.txt in Resources */,
				4FB3CBE6217D2FD50051C804 /* cat not in ring.txt in Resources */,
				4FB3CBDB217D2FD50051C804 /* Best of breed start.txt in Resources */,
				4F74C55322236FC500371D2B /* notesBeginFilePart2.txt in Resources */,
				4F0F92E41BA3EF0E00724D9C /* Places.plist in Resources */,
				4FB3CBDE217D2FD50051C804 /* blankCell.txt in Resources */,
				4FBD2EE61B81A91E00E28D93 /* agouti.plist in Resources */,
				4F8E87331BAFB19E00497D2F /* TitleEditorController.xib in Resources */,
				4FB3CBD4217D2FD50051C804 /* Best Exhibit Judge1 to Judge2.txt in Resources */,
				4F1696192187145100EC5823 /* top5RingToRing.txt in Resources */,
				4FB3CC02217D2FD50051C804 /* notesTopTenFinish.txt in Resources */,
				4F1ECD2322C217930028FC33 /* judgesACFawards2.txt in Resources */,
				4F6214891BB34A1B00F87183 /* Authentication.plist in Resources */,
				4FB3CBD7217D2FD50051C804 /* Best in Show from number to end of table.txt in Resources */,
				4F38B8831B6D8ED3006356DD /* MainWindowController.xib in Resources */,
				4FB3CBDC217D2FD50051C804 /* Best of breed to breedname.txt in Resources */,
				4F9236001B7953500096ADFD /* Titles.plist in Resources */,
				4FBD2EE41B81A84500E28D93 /* Credits.rtf in Resources */,
				4F1247A11BB4913A00031CE0 /* Cat-A-Log Help in Resources */,
				4FB3CBEF217D2FD50051C804 /* notesBeginFile.txt in Resources */,
				4FB3CBDD217D2FD50051C804 /* Best of breed to last breedname.txt in Resources */,
				4FB3CBE5217D2FD50051C804 /* cat in ring.txt in Resources */,
				4FB3CC09217D2FD50051C804 /* startNewSection.txt in Resources */,
				4FB3CBF7217D2FD50051C804 /* notesFromAwardToEndOfRow.txt in Resources */,
				4F0F92E11BA3EC8400724D9C /* Excel list.plist in Resources */,
				4FB3CC05217D2FD50051C804 /* Ring in show.txt in Resources */,
				4FFE16C91B6E421A0020E1D0 /* EntrySheetController.xib in Resources */,
				4FEB56AE1B70ABEF00EECA78 /* ShowFormats.plist in Resources */,
				4FB3CBD3217D2FD50051C804 /* Best Exhibit from Judges.txt in Resources */,
				4F6E0B1E21859E6E0040A590 /* top5table.txt in Resources */,
				4F63A6B91BB819760009C5A4 /* Cat on book.icns in Resources */,
				4FB3CBE3217D2FD50051C804 /* cat details to number.txt in Resources */,
				4FB3CC0A217D2FD50051C804 /* sub-group close row.txt in Resources */,
				4FB3CC0E217D31330051C804 /* PatternClassed.plist in Resources */,
				4FB3CBED217D2FD50051C804 /* footerText.txt in Resources */,
				4FB3CBEE217D2FD50051C804 /* group heading row.txt in Resources */,
				4F1ECD2122C211A90028FC33 /* judgesACFawards3.txt in Resources */,
				4FB3CBE8217D2FD50051C804 /* colour heading row.txt in Resources */,
				4F6214871BB290E400F87183 /* ProgressWindowController.xib in Resources */,
				4F1ECD2022C211A90028FC33 /* judgesACFawards1.txt in Resources */,
				4FB3CBE4217D2FD50051C804 /* cat details to parents.txt in Resources */,
				4FB3CBFF217D2FD50051C804 /* notesToCageNumber.txt in Resources */,
				4FB3CBF5217D2FD50051C804 /* notesBlankCell.txt in Resources */,
				4F3EFAE41B6DB98C00DA2F5C /* AddShowWindowController.xib in Resources */,
				4FB3CBFD217D2FD50051C804 /* notesToAge.txt in Resources */,
				4FD75AC31BAE8F5C00A00EEA /* CriticalAgesWindowController.xib in Resources */,
				4F1ECD1F22C211A90028FC33 /* judgesACFawards4.txt in Resources */,
				4FB3CC06217D2FD50051C804 /* Ring not in show.txt in Resources */,
				4F1696172187145100EC5823 /* top5RingToSection.txt in Resources */,
				4F38B8651B6D8CCA006356DD /* MainMenu.xib in Resources */,
				4FB3CBD2217D2FD50051C804 /* ACF awards to section name.txt in Resources */,
				4FB3CBF6217D2FD50051C804 /* notesFromAge.txt in Resources */,
				4FB3CC0C217D2FD50051C804 /* welcomePages.txt in Resources */,
				4FB3CC03217D2FD50051C804 /* notesTopTenStart.txt in Resources */,
				4FE2F2B9218D03C400C582A8 /* notesTop5Start.txt in Resources */,
				4F3AC54E1BAEE29500775611 /* CriticalAges.plist in Resources */,
				4FB3CBF0217D2FD50051C804 /* notesBestExhibit.txt in Resources */,
				4FB3CBD8217D2FD50051C804 /* Best in Show heading.txt in Resources */,
				4FB3CBD5217D2FD50051C804 /* Best Exhibit start.txt in Resources */,
				4FB3CBD9217D2FD50051C804 /* Best in Show to ring number.txt in Resources */,
				4FB3CC04217D2FD50051C804 /* notesToSubSectionName.txt in Resources */,
				4FB3CBF9217D2FD50051C804 /* notesFromInfoToHeader.txt in Resources */,
				4FB3CBE2217D2FD50051C804 /* cat details to name.txt in Resources */,
				4FB3CBDA217D2FD50051C804 /* Best of breed name to end.txt in Resources */,
				4FB3CBD1217D2FD50051C804 /* ACF awards start.txt in Resources */,
				4FB3CBD6217D2FD50051C804 /* Best Exhibit to Judge 1.txt in Resources */,
				4FB3CBE1217D2FD50051C804 /* cat details to class.txt in Resources */,
				4FE2F2B8218D03C400C582A8 /* notesTop5Finish.txt in Resources */,
				4FB3CC0B217D2FD50051C804 /* sub-group heading row.txt in Resources */,
				4FB3CBEA217D2FD50051C804 /* detailsFromRingBoxes.txt in Resources */,
				4FB3CBFC217D2FD50051C804 /* notesNewSectionBreak.txt in Resources */,
				4FB3CC07217D2FD50051C804 /* startBestOfRow.txt in Resources */,
			);
			runOnlyForDeploymentPostprocessing = 0;
		};
		4F38B8681B6D8CCA006356DD /* Resources */ = {
			isa = PBXResourcesBuildPhase;
			buildActionMask = 2147483647;
			files = (
			);
			runOnlyForDeploymentPostprocessing = 0;
		};
/* End PBXResourcesBuildPhase section */

/* Begin PBXSourcesBuildPhase section */
		4F38B8531B6D8CCA006356DD /* Sources */ = {
			isa = PBXSourcesBuildPhase;
			buildActionMask = 2147483647;
			files = (
				4F4B889B1BC0D35D00CF734B /* DateFormatter.swift in Sources */,
				4FB9D11F1B75ABA800046CBA /* DataSource.swift in Sources */,
				4F38B8891B6D9156006356DD /* Entry.swift in Sources */,
				4F38B8881B6D9156006356DD /* Cat.swift in Sources */,
				4F38B85D1B6D8CCA006356DD /* AppDelegate.swift in Sources */,
				4FC1DA071B9BAFA000E321EA /* Printing.swift in Sources */,
				4FB9D1211B75B61F00046CBA /* Sex.swift in Sources */,
				4F3EFAE61B6DEE1500DA2F5C /* Breeds.swift in Sources */,
				4F38B88B1B6D9156006356DD /* Show.swift in Sources */,
				4FD8384E1B832F3D00A8C7A7 /* ColoursWindowController.swift in Sources */,
				4FEB56B01B70BFC700EECA78 /* Globals.swift in Sources */,
				4F38B8601B6D8CCA006356DD /* CatBase.xcdatamodeld in Sources */,
				4F3EFAE31B6DB98C00DA2F5C /* AddShowWindowController.swift in Sources */,
				4FFE16C81B6E421A0020E1D0 /* EntrySheetController.swift in Sources */,
				4F9235FE1B7952B70096ADFD /* Titles.swift in Sources */,
				4F6214861BB290E400F87183 /* ProgressWindowController.swift in Sources */,
				4FFE16CC1B6ECB320020E1D0 /* AllCapsFormatter.swift in Sources */,
				4F38B8821B6D8ED3006356DD /* MainWindowController.swift in Sources */,
				4F1A380C217D915F00A4217F /* RTF generator.swift in Sources */,
				4FFE16CD1B6ECB320020E1D0 /* NameFormatter.swift in Sources */,
				4F7107FE1B77748E00E21AAC /* Challenges.swift in Sources */,
				4F0564EA1BA2B48500285C46 /* CatNameFormatter.swift in Sources */,
				4FD803261B774E8100D7FAD2 /* Colours.swift in Sources */,
				4FD75AC21BAE8F5C00A00EEA /* CriticalAgesWindowController.swift in Sources */,
				4F8E87321BAFB19E00497D2F /* TitleEditorController.swift in Sources */,
			);
			runOnlyForDeploymentPostprocessing = 0;
		};
		4F38B8661B6D8CCA006356DD /* Sources */ = {
			isa = PBXSourcesBuildPhase;
			buildActionMask = 2147483647;
			files = (
				4F38B8711B6D8CCA006356DD /* CatBaseTests.swift in Sources */,
				4F1A380D217D915F00A4217F /* RTF generator.swift in Sources */,
			);
			runOnlyForDeploymentPostprocessing = 0;
		};
/* End PBXSourcesBuildPhase section */

/* Begin PBXTargetDependency section */
		4F38B86C1B6D8CCA006356DD /* PBXTargetDependency */ = {
			isa = PBXTargetDependency;
			target = 4F38B8561B6D8CCA006356DD /* Cat-A-Log */;
			targetProxy = 4F38B86B1B6D8CCA006356DD /* PBXContainerItemProxy */;
		};
/* End PBXTargetDependency section */

/* Begin PBXVariantGroup section */
		4F38B8631B6D8CCA006356DD /* MainMenu.xib */ = {
			isa = PBXVariantGroup;
			children = (
				4F38B8641B6D8CCA006356DD /* Base */,
			);
			name = MainMenu.xib;
			sourceTree = "<group>";
		};
/* End PBXVariantGroup section */

/* Begin XCBuildConfiguration section */
		4F165E1E20788332000C89FC /* NSW */ = {
			isa = XCBuildConfiguration;
			buildSettings = {
				ALWAYS_SEARCH_USER_PATHS = NO;
				ASSETCATALOG_COMPILER_APPICON_NAME = "";
				CLANG_ANALYZER_LOCALIZABILITY_NONLOCALIZED = YES;
				CLANG_CXX_LANGUAGE_STANDARD = "gnu++0x";
				CLANG_CXX_LIBRARY = "libc++";
				CLANG_ENABLE_MODULES = YES;
				CLANG_ENABLE_OBJC_ARC = YES;
				CLANG_WARN_BLOCK_CAPTURE_AUTORELEASING = YES;
				CLANG_WARN_BOOL_CONVERSION = YES;
				CLANG_WARN_COMMA = YES;
				CLANG_WARN_CONSTANT_CONVERSION = YES;
				CLANG_WARN_DEPRECATED_OBJC_IMPLEMENTATIONS = YES;
				CLANG_WARN_DIRECT_OBJC_ISA_USAGE = YES_ERROR;
				CLANG_WARN_EMPTY_BODY = YES;
				CLANG_WARN_ENUM_CONVERSION = YES;
				CLANG_WARN_INFINITE_RECURSION = YES;
				CLANG_WARN_INT_CONVERSION = YES;
				CLANG_WARN_NON_LITERAL_NULL_CONVERSION = YES;
				CLANG_WARN_OBJC_IMPLICIT_RETAIN_SELF = YES;
				CLANG_WARN_OBJC_LITERAL_CONVERSION = YES;
				CLANG_WARN_OBJC_ROOT_CLASS = YES_ERROR;
				CLANG_WARN_QUOTED_INCLUDE_IN_FRAMEWORK_HEADER = YES;
				CLANG_WARN_RANGE_LOOP_ANALYSIS = YES;
				CLANG_WARN_STRICT_PROTOTYPES = YES;
				CLANG_WARN_SUSPICIOUS_MOVE = YES;
				CLANG_WARN_UNREACHABLE_CODE = YES;
				CLANG_WARN__DUPLICATE_METHOD_MATCH = YES;
				CODE_SIGN_IDENTITY = "-";
				COPY_PHASE_STRIP = NO;
				DEBUG_INFORMATION_FORMAT = "dwarf-with-dsym";
				ENABLE_HARDENED_RUNTIME = YES;
				ENABLE_NS_ASSERTIONS = NO;
				ENABLE_STRICT_OBJC_MSGSEND = YES;
				GCC_C_LANGUAGE_STANDARD = gnu99;
				GCC_NO_COMMON_BLOCKS = YES;
				GCC_WARN_64_TO_32_BIT_CONVERSION = YES;
				GCC_WARN_ABOUT_RETURN_TYPE = YES_ERROR;
				GCC_WARN_UNDECLARED_SELECTOR = YES;
				GCC_WARN_UNINITIALIZED_AUTOS = YES_AGGRESSIVE;
				GCC_WARN_UNUSED_FUNCTION = YES;
				GCC_WARN_UNUSED_VARIABLE = YES;
				MACOSX_DEPLOYMENT_TARGET = 10.11;
				MTL_ENABLE_DEBUG_INFO = NO;
				ONLY_ACTIVE_ARCH = YES;
				SDKROOT = macosx;
				SWIFT_ACTIVE_COMPILATION_CONDITIONS = "";
				"SWIFT_ACTIVE_COMPILATION_CONDITIONS[arch=*]" = DFLAGNSW;
				SWIFT_OPTIMIZATION_LEVEL = "-Owholemodule";
			};
			name = NSW;
		};
		4F165E1F20788332000C89FC /* NSW */ = {
			isa = XCBuildConfiguration;
			buildSettings = {
				ASSETCATALOG_COMPILER_APPICON_NAME = AppIcon;
				CODE_SIGN_IDENTITY = "Apple Development";
				CODE_SIGN_STYLE = Automatic;
				COMBINE_HIDPI_IMAGES = YES;
				CURRENT_PROJECT_VERSION = 2.2b;
				DEVELOPMENT_TEAM = MW4BK677PW;
				ENABLE_HARDENED_RUNTIME = YES;
				INFOPLIST_FILE = CatBase/Info.plist;
				LD_RUNPATH_SEARCH_PATHS = "$(inherited) @executable_path/../Frameworks";
				MARKETING_VERSION = 2.2b;
				PRODUCT_BUNDLE_IDENTIFIER = "com.Feanor.$(PRODUCT_NAME:rfc1034identifier)";
				PRODUCT_NAME = "Cat-A-Log";
				PROVISIONING_PROFILE_SPECIFIER = "";
				SWIFT_VERSION = 5.0;
			};
			name = NSW;
		};
		4F165E2020788332000C89FC /* NSW */ = {
			isa = XCBuildConfiguration;
			buildSettings = {
				BUNDLE_LOADER = "$(TEST_HOST)";
				COMBINE_HIDPI_IMAGES = YES;
				FRAMEWORK_SEARCH_PATHS = (
					"$(DEVELOPER_FRAMEWORKS_DIR)",
					"$(inherited)",
				);
				INFOPLIST_FILE = CatBaseTests/Info.plist;
				LD_RUNPATH_SEARCH_PATHS = "$(inherited) @executable_path/../Frameworks @loader_path/../Frameworks";
				PRODUCT_BUNDLE_IDENTIFIER = "com.Feanor.$(PRODUCT_NAME:rfc1034identifier)";
				PRODUCT_NAME = "Cat-A-Log";
				SWIFT_VERSION = 5.0;
				TEST_HOST = "$(BUILT_PRODUCTS_DIR)/Cat-A-Log.app/Contents/MacOS/Cat-A-Log";
			};
			name = NSW;
		};
		4F165E212078833B000C89FC /* Canberra */ = {
			isa = XCBuildConfiguration;
			buildSettings = {
				ALWAYS_SEARCH_USER_PATHS = NO;
				ASSETCATALOG_COMPILER_APPICON_NAME = "";
				CLANG_ANALYZER_LOCALIZABILITY_NONLOCALIZED = YES;
				CLANG_CXX_LANGUAGE_STANDARD = "gnu++0x";
				CLANG_CXX_LIBRARY = "libc++";
				CLANG_ENABLE_MODULES = YES;
				CLANG_ENABLE_OBJC_ARC = YES;
				CLANG_WARN_BLOCK_CAPTURE_AUTORELEASING = YES;
				CLANG_WARN_BOOL_CONVERSION = YES;
				CLANG_WARN_COMMA = YES;
				CLANG_WARN_CONSTANT_CONVERSION = YES;
				CLANG_WARN_DEPRECATED_OBJC_IMPLEMENTATIONS = YES;
				CLANG_WARN_DIRECT_OBJC_ISA_USAGE = YES_ERROR;
				CLANG_WARN_EMPTY_BODY = YES;
				CLANG_WARN_ENUM_CONVERSION = YES;
				CLANG_WARN_INFINITE_RECURSION = YES;
				CLANG_WARN_INT_CONVERSION = YES;
				CLANG_WARN_NON_LITERAL_NULL_CONVERSION = YES;
				CLANG_WARN_OBJC_IMPLICIT_RETAIN_SELF = YES;
				CLANG_WARN_OBJC_LITERAL_CONVERSION = YES;
				CLANG_WARN_OBJC_ROOT_CLASS = YES_ERROR;
				CLANG_WARN_QUOTED_INCLUDE_IN_FRAMEWORK_HEADER = YES;
				CLANG_WARN_RANGE_LOOP_ANALYSIS = YES;
				CLANG_WARN_STRICT_PROTOTYPES = YES;
				CLANG_WARN_SUSPICIOUS_MOVE = YES;
				CLANG_WARN_UNREACHABLE_CODE = YES;
				CLANG_WARN__DUPLICATE_METHOD_MATCH = YES;
				CODE_SIGN_IDENTITY = "-";
				COPY_PHASE_STRIP = NO;
				DEBUG_INFORMATION_FORMAT = "dwarf-with-dsym";
				ENABLE_HARDENED_RUNTIME = YES;
				ENABLE_NS_ASSERTIONS = NO;
				ENABLE_STRICT_OBJC_MSGSEND = YES;
				GCC_C_LANGUAGE_STANDARD = gnu99;
				GCC_NO_COMMON_BLOCKS = YES;
				GCC_WARN_64_TO_32_BIT_CONVERSION = YES;
				GCC_WARN_ABOUT_RETURN_TYPE = YES_ERROR;
				GCC_WARN_UNDECLARED_SELECTOR = YES;
				GCC_WARN_UNINITIALIZED_AUTOS = YES_AGGRESSIVE;
				GCC_WARN_UNUSED_FUNCTION = YES;
				GCC_WARN_UNUSED_VARIABLE = YES;
				MACOSX_DEPLOYMENT_TARGET = 10.11;
				MTL_ENABLE_DEBUG_INFO = NO;
				ONLY_ACTIVE_ARCH = YES;
				SDKROOT = macosx;
				"SWIFT_ACTIVE_COMPILATION_CONDITIONS[arch=*]" = DFLAGCCI;
				SWIFT_OPTIMIZATION_LEVEL = "-Owholemodule";
			};
			name = Canberra;
		};
		4F165E222078833B000C89FC /* Canberra */ = {
			isa = XCBuildConfiguration;
			buildSettings = {
				ASSETCATALOG_COMPILER_APPICON_NAME = AppIcon;
				CODE_SIGN_IDENTITY = "Apple Development";
				CODE_SIGN_STYLE = Automatic;
				COMBINE_HIDPI_IMAGES = YES;
				CURRENT_PROJECT_VERSION = 2.2b;
				DEVELOPMENT_TEAM = MW4BK677PW;
				ENABLE_HARDENED_RUNTIME = YES;
				INFOPLIST_FILE = CatBase/Info.plist;
				LD_RUNPATH_SEARCH_PATHS = "$(inherited) @executable_path/../Frameworks";
				MARKETING_VERSION = 2.2b;
				PRODUCT_BUNDLE_IDENTIFIER = "com.Feanor.$(PRODUCT_NAME:rfc1034identifier)";
				PRODUCT_NAME = "Cat-A-Log";
				PROVISIONING_PROFILE_SPECIFIER = "";
				SWIFT_VERSION = 5.0;
			};
			name = Canberra;
		};
		4F165E232078833B000C89FC /* Canberra */ = {
			isa = XCBuildConfiguration;
			buildSettings = {
				BUNDLE_LOADER = "$(TEST_HOST)";
				COMBINE_HIDPI_IMAGES = YES;
				FRAMEWORK_SEARCH_PATHS = (
					"$(DEVELOPER_FRAMEWORKS_DIR)",
					"$(inherited)",
				);
				INFOPLIST_FILE = CatBaseTests/Info.plist;
				LD_RUNPATH_SEARCH_PATHS = "$(inherited) @executable_path/../Frameworks @loader_path/../Frameworks";
				PRODUCT_BUNDLE_IDENTIFIER = "com.Feanor.$(PRODUCT_NAME:rfc1034identifier)";
				PRODUCT_NAME = "Cat-A-Log";
				SWIFT_VERSION = 5.0;
				TEST_HOST = "$(BUILT_PRODUCTS_DIR)/Cat-A-Log.app/Contents/MacOS/Cat-A-Log";
			};
			name = Canberra;
		};
		4F165E2420788ABF000C89FC /* FCCQ */ = {
			isa = XCBuildConfiguration;
			buildSettings = {
				ALWAYS_SEARCH_USER_PATHS = NO;
				ASSETCATALOG_COMPILER_APPICON_NAME = "";
				CLANG_ANALYZER_LOCALIZABILITY_NONLOCALIZED = YES;
				CLANG_CXX_LANGUAGE_STANDARD = "gnu++0x";
				CLANG_CXX_LIBRARY = "libc++";
				CLANG_ENABLE_MODULES = YES;
				CLANG_ENABLE_OBJC_ARC = YES;
				CLANG_WARN_BLOCK_CAPTURE_AUTORELEASING = YES;
				CLANG_WARN_BOOL_CONVERSION = YES;
				CLANG_WARN_COMMA = YES;
				CLANG_WARN_CONSTANT_CONVERSION = YES;
				CLANG_WARN_DEPRECATED_OBJC_IMPLEMENTATIONS = YES;
				CLANG_WARN_DIRECT_OBJC_ISA_USAGE = YES_ERROR;
				CLANG_WARN_EMPTY_BODY = YES;
				CLANG_WARN_ENUM_CONVERSION = YES;
				CLANG_WARN_INFINITE_RECURSION = YES;
				CLANG_WARN_INT_CONVERSION = YES;
				CLANG_WARN_NON_LITERAL_NULL_CONVERSION = YES;
				CLANG_WARN_OBJC_IMPLICIT_RETAIN_SELF = YES;
				CLANG_WARN_OBJC_LITERAL_CONVERSION = YES;
				CLANG_WARN_OBJC_ROOT_CLASS = YES_ERROR;
				CLANG_WARN_QUOTED_INCLUDE_IN_FRAMEWORK_HEADER = YES;
				CLANG_WARN_RANGE_LOOP_ANALYSIS = YES;
				CLANG_WARN_STRICT_PROTOTYPES = YES;
				CLANG_WARN_SUSPICIOUS_MOVE = YES;
				CLANG_WARN_UNREACHABLE_CODE = YES;
				CLANG_WARN__DUPLICATE_METHOD_MATCH = YES;
				CODE_SIGN_IDENTITY = "-";
				COPY_PHASE_STRIP = NO;
				DEBUG_INFORMATION_FORMAT = "dwarf-with-dsym";
				ENABLE_HARDENED_RUNTIME = YES;
				ENABLE_NS_ASSERTIONS = NO;
				ENABLE_STRICT_OBJC_MSGSEND = YES;
				GCC_C_LANGUAGE_STANDARD = gnu99;
				GCC_NO_COMMON_BLOCKS = YES;
				GCC_WARN_64_TO_32_BIT_CONVERSION = YES;
				GCC_WARN_ABOUT_RETURN_TYPE = YES_ERROR;
				GCC_WARN_UNDECLARED_SELECTOR = YES;
				GCC_WARN_UNINITIALIZED_AUTOS = YES_AGGRESSIVE;
				GCC_WARN_UNUSED_FUNCTION = YES;
				GCC_WARN_UNUSED_VARIABLE = YES;
				MACOSX_DEPLOYMENT_TARGET = 10.11;
				MTL_ENABLE_DEBUG_INFO = NO;
				ONLY_ACTIVE_ARCH = YES;
				SDKROOT = macosx;
				SWIFT_ACTIVE_COMPILATION_CONDITIONS = "";
				"SWIFT_ACTIVE_COMPILATION_CONDITIONS[arch=*]" = DFLAGFCCQ;
				SWIFT_OPTIMIZATION_LEVEL = "-Owholemodule";
			};
			name = FCCQ;
		};
		4F165E2520788ABF000C89FC /* FCCQ */ = {
			isa = XCBuildConfiguration;
			buildSettings = {
				ASSETCATALOG_COMPILER_APPICON_NAME = AppIcon;
				CODE_SIGN_IDENTITY = "Apple Development";
				CODE_SIGN_STYLE = Automatic;
				COMBINE_HIDPI_IMAGES = YES;
				CURRENT_PROJECT_VERSION = 2.2b;
				DEVELOPMENT_TEAM = MW4BK677PW;
				ENABLE_HARDENED_RUNTIME = YES;
				INFOPLIST_FILE = CatBase/Info.plist;
				LD_RUNPATH_SEARCH_PATHS = "$(inherited) @executable_path/../Frameworks";
				MARKETING_VERSION = 2.2b;
				PRODUCT_BUNDLE_IDENTIFIER = "com.Feanor.$(PRODUCT_NAME:rfc1034identifier)";
				PRODUCT_NAME = "Cat-A-Log";
				PROVISIONING_PROFILE_SPECIFIER = "";
				SWIFT_VERSION = 5.0;
			};
			name = FCCQ;
		};
		4F165E2620788ABF000C89FC /* FCCQ */ = {
			isa = XCBuildConfiguration;
			buildSettings = {
				BUNDLE_LOADER = "$(TEST_HOST)";
				COMBINE_HIDPI_IMAGES = YES;
				FRAMEWORK_SEARCH_PATHS = (
					"$(DEVELOPER_FRAMEWORKS_DIR)",
					"$(inherited)",
				);
				INFOPLIST_FILE = CatBaseTests/Info.plist;
				LD_RUNPATH_SEARCH_PATHS = "$(inherited) @executable_path/../Frameworks @loader_path/../Frameworks";
				PRODUCT_BUNDLE_IDENTIFIER = "com.Feanor.$(PRODUCT_NAME:rfc1034identifier)";
				PRODUCT_NAME = "Cat-A-Log";
				SWIFT_VERSION = 5.0;
				TEST_HOST = "$(BUILT_PRODUCTS_DIR)/Cat-A-Log.app/Contents/MacOS/Cat-A-Log";
			};
			name = FCCQ;
		};
		4F165E2720788BE0000C89FC /* Trial */ = {
			isa = XCBuildConfiguration;
			buildSettings = {
				ALWAYS_SEARCH_USER_PATHS = NO;
				ASSETCATALOG_COMPILER_APPICON_NAME = "";
				CLANG_ANALYZER_LOCALIZABILITY_NONLOCALIZED = YES;
				CLANG_CXX_LANGUAGE_STANDARD = "gnu++0x";
				CLANG_CXX_LIBRARY = "libc++";
				CLANG_ENABLE_MODULES = YES;
				CLANG_ENABLE_OBJC_ARC = YES;
				CLANG_WARN_BLOCK_CAPTURE_AUTORELEASING = YES;
				CLANG_WARN_BOOL_CONVERSION = YES;
				CLANG_WARN_COMMA = YES;
				CLANG_WARN_CONSTANT_CONVERSION = YES;
				CLANG_WARN_DEPRECATED_OBJC_IMPLEMENTATIONS = YES;
				CLANG_WARN_DIRECT_OBJC_ISA_USAGE = YES_ERROR;
				CLANG_WARN_EMPTY_BODY = YES;
				CLANG_WARN_ENUM_CONVERSION = YES;
				CLANG_WARN_INFINITE_RECURSION = YES;
				CLANG_WARN_INT_CONVERSION = YES;
				CLANG_WARN_NON_LITERAL_NULL_CONVERSION = YES;
				CLANG_WARN_OBJC_IMPLICIT_RETAIN_SELF = YES;
				CLANG_WARN_OBJC_LITERAL_CONVERSION = YES;
				CLANG_WARN_OBJC_ROOT_CLASS = YES_ERROR;
				CLANG_WARN_QUOTED_INCLUDE_IN_FRAMEWORK_HEADER = YES;
				CLANG_WARN_RANGE_LOOP_ANALYSIS = YES;
				CLANG_WARN_STRICT_PROTOTYPES = YES;
				CLANG_WARN_SUSPICIOUS_MOVE = YES;
				CLANG_WARN_UNREACHABLE_CODE = YES;
				CLANG_WARN__DUPLICATE_METHOD_MATCH = YES;
				CODE_SIGN_IDENTITY = "-";
				COPY_PHASE_STRIP = NO;
				DEBUG_INFORMATION_FORMAT = "dwarf-with-dsym";
				ENABLE_HARDENED_RUNTIME = YES;
				ENABLE_NS_ASSERTIONS = NO;
				ENABLE_STRICT_OBJC_MSGSEND = YES;
				GCC_C_LANGUAGE_STANDARD = gnu99;
				GCC_NO_COMMON_BLOCKS = YES;
				GCC_WARN_64_TO_32_BIT_CONVERSION = YES;
				GCC_WARN_ABOUT_RETURN_TYPE = YES_ERROR;
				GCC_WARN_UNDECLARED_SELECTOR = YES;
				GCC_WARN_UNINITIALIZED_AUTOS = YES_AGGRESSIVE;
				GCC_WARN_UNUSED_FUNCTION = YES;
				GCC_WARN_UNUSED_VARIABLE = YES;
				MACOSX_DEPLOYMENT_TARGET = 10.11;
				MTL_ENABLE_DEBUG_INFO = NO;
				ONLY_ACTIVE_ARCH = YES;
				SDKROOT = macosx;
				"SWIFT_ACTIVE_COMPILATION_CONDITIONS[arch=*]" = DFLAGTRIAL;
				SWIFT_OPTIMIZATION_LEVEL = "-Owholemodule";
			};
			name = Trial;
		};
		4F165E2820788BE0000C89FC /* Trial */ = {
			isa = XCBuildConfiguration;
			buildSettings = {
				ASSETCATALOG_COMPILER_APPICON_NAME = AppIcon;
				CODE_SIGN_IDENTITY = "Apple Development";
				CODE_SIGN_STYLE = Automatic;
				COMBINE_HIDPI_IMAGES = YES;
				CURRENT_PROJECT_VERSION = 2.2b;
				DEVELOPMENT_TEAM = MW4BK677PW;
				ENABLE_HARDENED_RUNTIME = YES;
				INFOPLIST_FILE = CatBase/Info.plist;
				LD_RUNPATH_SEARCH_PATHS = "$(inherited) @executable_path/../Frameworks";
				MARKETING_VERSION = 2.2b;
				PRODUCT_BUNDLE_IDENTIFIER = "com.Feanor.$(PRODUCT_NAME:rfc1034identifier)";
				PRODUCT_NAME = "Cat-A-Log";
				PROVISIONING_PROFILE_SPECIFIER = "";
				SWIFT_VERSION = 5.0;
			};
			name = Trial;
		};
		4F165E2920788BE0000C89FC /* Trial */ = {
			isa = XCBuildConfiguration;
			buildSettings = {
				BUNDLE_LOADER = "$(TEST_HOST)";
				COMBINE_HIDPI_IMAGES = YES;
				FRAMEWORK_SEARCH_PATHS = (
					"$(DEVELOPER_FRAMEWORKS_DIR)",
					"$(inherited)",
				);
				INFOPLIST_FILE = CatBaseTests/Info.plist;
				LD_RUNPATH_SEARCH_PATHS = "$(inherited) @executable_path/../Frameworks @loader_path/../Frameworks";
				PRODUCT_BUNDLE_IDENTIFIER = "com.Feanor.$(PRODUCT_NAME:rfc1034identifier)";
				PRODUCT_NAME = "Cat-A-Log";
				SWIFT_VERSION = 5.0;
				TEST_HOST = "$(BUILT_PRODUCTS_DIR)/Cat-A-Log.app/Contents/MacOS/Cat-A-Log";
			};
			name = Trial;
		};
		4F38B8721B6D8CCA006356DD /* Debug */ = {
			isa = XCBuildConfiguration;
			buildSettings = {
				ALWAYS_SEARCH_USER_PATHS = NO;
				CLANG_ANALYZER_LOCALIZABILITY_NONLOCALIZED = YES;
				CLANG_CXX_LANGUAGE_STANDARD = "gnu++0x";
				CLANG_CXX_LIBRARY = "libc++";
				CLANG_ENABLE_MODULES = YES;
				CLANG_ENABLE_OBJC_ARC = YES;
				CLANG_WARN_BLOCK_CAPTURE_AUTORELEASING = YES;
				CLANG_WARN_BOOL_CONVERSION = YES;
				CLANG_WARN_COMMA = YES;
				CLANG_WARN_CONSTANT_CONVERSION = YES;
				CLANG_WARN_DEPRECATED_OBJC_IMPLEMENTATIONS = YES;
				CLANG_WARN_DIRECT_OBJC_ISA_USAGE = YES_ERROR;
				CLANG_WARN_EMPTY_BODY = YES;
				CLANG_WARN_ENUM_CONVERSION = YES;
				CLANG_WARN_INFINITE_RECURSION = YES;
				CLANG_WARN_INT_CONVERSION = YES;
				CLANG_WARN_NON_LITERAL_NULL_CONVERSION = YES;
				CLANG_WARN_OBJC_IMPLICIT_RETAIN_SELF = YES;
				CLANG_WARN_OBJC_LITERAL_CONVERSION = YES;
				CLANG_WARN_OBJC_ROOT_CLASS = YES_ERROR;
				CLANG_WARN_QUOTED_INCLUDE_IN_FRAMEWORK_HEADER = YES;
				CLANG_WARN_RANGE_LOOP_ANALYSIS = YES;
				CLANG_WARN_STRICT_PROTOTYPES = YES;
				CLANG_WARN_SUSPICIOUS_MOVE = YES;
				CLANG_WARN_UNREACHABLE_CODE = YES;
				CLANG_WARN__DUPLICATE_METHOD_MATCH = YES;
				CODE_SIGN_IDENTITY = "-";
				COPY_PHASE_STRIP = NO;
				DEBUG_INFORMATION_FORMAT = dwarf;
				ENABLE_HARDENED_RUNTIME = YES;
				ENABLE_STRICT_OBJC_MSGSEND = YES;
				ENABLE_TESTABILITY = YES;
				GCC_C_LANGUAGE_STANDARD = gnu99;
				GCC_DYNAMIC_NO_PIC = NO;
				GCC_NO_COMMON_BLOCKS = YES;
				GCC_OPTIMIZATION_LEVEL = 0;
				GCC_PREPROCESSOR_DEFINITIONS = (
					"DEBUG=1",
					"$(inherited)",
				);
				GCC_SYMBOLS_PRIVATE_EXTERN = NO;
				GCC_WARN_64_TO_32_BIT_CONVERSION = YES;
				GCC_WARN_ABOUT_RETURN_TYPE = YES_ERROR;
				GCC_WARN_UNDECLARED_SELECTOR = YES;
				GCC_WARN_UNINITIALIZED_AUTOS = YES_AGGRESSIVE;
				GCC_WARN_UNUSED_FUNCTION = YES;
				GCC_WARN_UNUSED_VARIABLE = YES;
				MACOSX_DEPLOYMENT_TARGET = 10.11;
				MTL_ENABLE_DEBUG_INFO = YES;
				ONLY_ACTIVE_ARCH = YES;
				SDKROOT = macosx;
				SWIFT_OPTIMIZATION_LEVEL = "-Onone";
			};
			name = Debug;
		};
		4F38B8731B6D8CCA006356DD /* Release */ = {
			isa = XCBuildConfiguration;
			buildSettings = {
				ALWAYS_SEARCH_USER_PATHS = NO;
				ASSETCATALOG_COMPILER_APPICON_NAME = "";
				CLANG_ANALYZER_LOCALIZABILITY_NONLOCALIZED = YES;
				CLANG_CXX_LANGUAGE_STANDARD = "gnu++0x";
				CLANG_CXX_LIBRARY = "libc++";
				CLANG_ENABLE_MODULES = YES;
				CLANG_ENABLE_OBJC_ARC = YES;
				CLANG_WARN_BLOCK_CAPTURE_AUTORELEASING = YES;
				CLANG_WARN_BOOL_CONVERSION = YES;
				CLANG_WARN_COMMA = YES;
				CLANG_WARN_CONSTANT_CONVERSION = YES;
				CLANG_WARN_DEPRECATED_OBJC_IMPLEMENTATIONS = YES;
				CLANG_WARN_DIRECT_OBJC_ISA_USAGE = YES_ERROR;
				CLANG_WARN_EMPTY_BODY = YES;
				CLANG_WARN_ENUM_CONVERSION = YES;
				CLANG_WARN_INFINITE_RECURSION = YES;
				CLANG_WARN_INT_CONVERSION = YES;
				CLANG_WARN_NON_LITERAL_NULL_CONVERSION = YES;
				CLANG_WARN_OBJC_IMPLICIT_RETAIN_SELF = YES;
				CLANG_WARN_OBJC_LITERAL_CONVERSION = YES;
				CLANG_WARN_OBJC_ROOT_CLASS = YES_ERROR;
				CLANG_WARN_QUOTED_INCLUDE_IN_FRAMEWORK_HEADER = YES;
				CLANG_WARN_RANGE_LOOP_ANALYSIS = YES;
				CLANG_WARN_STRICT_PROTOTYPES = YES;
				CLANG_WARN_SUSPICIOUS_MOVE = YES;
				CLANG_WARN_UNREACHABLE_CODE = YES;
				CLANG_WARN__DUPLICATE_METHOD_MATCH = YES;
				CODE_SIGN_IDENTITY = "-";
				COPY_PHASE_STRIP = NO;
				DEBUG_INFORMATION_FORMAT = "dwarf-with-dsym";
				ENABLE_HARDENED_RUNTIME = YES;
				ENABLE_NS_ASSERTIONS = NO;
				ENABLE_STRICT_OBJC_MSGSEND = YES;
				GCC_C_LANGUAGE_STANDARD = gnu99;
				GCC_NO_COMMON_BLOCKS = YES;
				GCC_WARN_64_TO_32_BIT_CONVERSION = YES;
				GCC_WARN_ABOUT_RETURN_TYPE = YES_ERROR;
				GCC_WARN_UNDECLARED_SELECTOR = YES;
				GCC_WARN_UNINITIALIZED_AUTOS = YES_AGGRESSIVE;
				GCC_WARN_UNUSED_FUNCTION = YES;
				GCC_WARN_UNUSED_VARIABLE = YES;
				MACOSX_DEPLOYMENT_TARGET = 10.11;
				MTL_ENABLE_DEBUG_INFO = NO;
				ONLY_ACTIVE_ARCH = YES;
				SDKROOT = macosx;
				SWIFT_OPTIMIZATION_LEVEL = "-Owholemodule";
			};
			name = Release;
		};
		4F38B8751B6D8CCA006356DD /* Debug */ = {
			isa = XCBuildConfiguration;
			buildSettings = {
				ASSETCATALOG_COMPILER_APPICON_NAME = AppIcon;
				CODE_SIGN_IDENTITY = "Apple Development";
				CODE_SIGN_STYLE = Automatic;
				COMBINE_HIDPI_IMAGES = YES;
				CURRENT_PROJECT_VERSION = 2.2b;
				DEVELOPMENT_TEAM = MW4BK677PW;
				ENABLE_HARDENED_RUNTIME = YES;
				INFOPLIST_FILE = CatBase/Info.plist;
				LD_RUNPATH_SEARCH_PATHS = "$(inherited) @executable_path/../Frameworks";
				MARKETING_VERSION = 2.2b;
				PRODUCT_BUNDLE_IDENTIFIER = "com.Feanor.$(PRODUCT_NAME:rfc1034identifier)";
				PRODUCT_NAME = "Cat-A-Log";
				PROVISIONING_PROFILE_SPECIFIER = "";
				SWIFT_VERSION = 5.0;
			};
			name = Debug;
		};
		4F38B8761B6D8CCA006356DD /* Release */ = {
			isa = XCBuildConfiguration;
			buildSettings = {
				ASSETCATALOG_COMPILER_APPICON_NAME = AppIcon;
				CODE_SIGN_IDENTITY = "Apple Development";
				CODE_SIGN_STYLE = Automatic;
				COMBINE_HIDPI_IMAGES = YES;
				CURRENT_PROJECT_VERSION = 2.2b;
				DEVELOPMENT_TEAM = MW4BK677PW;
				ENABLE_HARDENED_RUNTIME = YES;
				INFOPLIST_FILE = CatBase/Info.plist;
				LD_RUNPATH_SEARCH_PATHS = "$(inherited) @executable_path/../Frameworks";
				MARKETING_VERSION = 2.2b;
				PRODUCT_BUNDLE_IDENTIFIER = "com.Feanor.$(PRODUCT_NAME:rfc1034identifier)";
				PRODUCT_NAME = "Cat-A-Log";
				PROVISIONING_PROFILE_SPECIFIER = "";
				SWIFT_VERSION = 5.0;
			};
			name = Release;
		};
		4F38B8781B6D8CCA006356DD /* Debug */ = {
			isa = XCBuildConfiguration;
			buildSettings = {
				BUNDLE_LOADER = "$(TEST_HOST)";
				COMBINE_HIDPI_IMAGES = YES;
				FRAMEWORK_SEARCH_PATHS = (
					"$(DEVELOPER_FRAMEWORKS_DIR)",
					"$(inherited)",
				);
				GCC_PREPROCESSOR_DEFINITIONS = (
					"DEBUG=1",
					"$(inherited)",
				);
				INFOPLIST_FILE = CatBaseTests/Info.plist;
				LD_RUNPATH_SEARCH_PATHS = "$(inherited) @executable_path/../Frameworks @loader_path/../Frameworks";
				PRODUCT_BUNDLE_IDENTIFIER = "com.Feanor.$(PRODUCT_NAME:rfc1034identifier)";
				PRODUCT_NAME = "Cat-A-Log";
				SWIFT_VERSION = 5.0;
				TEST_HOST = "$(BUILT_PRODUCTS_DIR)/Cat-A-Log.app/Contents/MacOS/Cat-A-Log";
			};
			name = Debug;
		};
		4F38B8791B6D8CCA006356DD /* Release */ = {
			isa = XCBuildConfiguration;
			buildSettings = {
				BUNDLE_LOADER = "$(TEST_HOST)";
				COMBINE_HIDPI_IMAGES = YES;
				FRAMEWORK_SEARCH_PATHS = (
					"$(DEVELOPER_FRAMEWORKS_DIR)",
					"$(inherited)",
				);
				INFOPLIST_FILE = CatBaseTests/Info.plist;
				LD_RUNPATH_SEARCH_PATHS = "$(inherited) @executable_path/../Frameworks @loader_path/../Frameworks";
				PRODUCT_BUNDLE_IDENTIFIER = "com.Feanor.$(PRODUCT_NAME:rfc1034identifier)";
				PRODUCT_NAME = "Cat-A-Log";
				SWIFT_VERSION = 5.0;
				TEST_HOST = "$(BUILT_PRODUCTS_DIR)/Cat-A-Log.app/Contents/MacOS/Cat-A-Log";
			};
			name = Release;
		};
/* End XCBuildConfiguration section */

/* Begin XCConfigurationList section */
		4F38B8521B6D8CCA006356DD /* Build configuration list for PBXProject "Cat-A-Log" */ = {
			isa = XCConfigurationList;
			buildConfigurations = (
				4F38B8721B6D8CCA006356DD /* Debug */,
				4F38B8731B6D8CCA006356DD /* Release */,
				4F165E2720788BE0000C89FC /* Trial */,
				4F165E212078833B000C89FC /* Canberra */,
				4F165E1E20788332000C89FC /* NSW */,
				4F165E2420788ABF000C89FC /* FCCQ */,
			);
			defaultConfigurationIsVisible = 0;
			defaultConfigurationName = Release;
		};
		4F38B8741B6D8CCA006356DD /* Build configuration list for PBXNativeTarget "Cat-A-Log" */ = {
			isa = XCConfigurationList;
			buildConfigurations = (
				4F38B8751B6D8CCA006356DD /* Debug */,
				4F38B8761B6D8CCA006356DD /* Release */,
				4F165E2820788BE0000C89FC /* Trial */,
				4F165E222078833B000C89FC /* Canberra */,
				4F165E1F20788332000C89FC /* NSW */,
				4F165E2520788ABF000C89FC /* FCCQ */,
			);
			defaultConfigurationIsVisible = 0;
			defaultConfigurationName = Release;
		};
		4F38B8771B6D8CCA006356DD /* Build configuration list for PBXNativeTarget "Cat-A-LogTests" */ = {
			isa = XCConfigurationList;
			buildConfigurations = (
				4F38B8781B6D8CCA006356DD /* Debug */,
				4F38B8791B6D8CCA006356DD /* Release */,
				4F165E2920788BE0000C89FC /* Trial */,
				4F165E232078833B000C89FC /* Canberra */,
				4F165E2020788332000C89FC /* NSW */,
				4F165E2620788ABF000C89FC /* FCCQ */,
			);
			defaultConfigurationIsVisible = 0;
			defaultConfigurationName = Release;
		};
/* End XCConfigurationList section */

/* Begin XCVersionGroup section */
		4F38B85E1B6D8CCA006356DD /* CatBase.xcdatamodeld */ = {
			isa = XCVersionGroup;
			children = (
				4F38B85F1B6D8CCA006356DD /* CatBase.xcdatamodel */,
			);
			currentVersion = 4F38B85F1B6D8CCA006356DD /* CatBase.xcdatamodel */;
			path = CatBase.xcdatamodeld;
			sourceTree = "<group>";
			versionGroupType = wrapper.xcdatamodel;
		};
/* End XCVersionGroup section */
	};
	rootObject = 4F38B84F1B6D8CCA006356DD /* Project object */;
}
