// !$*UTF8*$!
{
	archiveVersion = 1;
	classes = {
	};
	objectVersion = 46;
	objects = {

/* Begin PBXBuildFile section */
		4F0564EA1BA2B48500285C46 /* CatNameFormatter.swift in Sources */ = {isa = PBXBuildFile; fileRef = 4F0564E91BA2B48500285C46 /* CatNameFormatter.swift */; settings = {ASSET_TAGS = (); }; };
		4F0F92A91BA3DE6F00724D9C /* ACFAoE end row.txt in Resources */ = {isa = PBXBuildFile; fileRef = 4F0F92751BA3DE6F00724D9C /* ACFAoE end row.txt */; settings = {ASSET_TAGS = (); }; };
		4F0F92AA1BA3DE6F00724D9C /* ACFAoE start row.txt in Resources */ = {isa = PBXBuildFile; fileRef = 4F0F92761BA3DE6F00724D9C /* ACFAoE start row.txt */; settings = {ASSET_TAGS = (); }; };
		4F0F92AB1BA3DE6F00724D9C /* ACFAoE start.txt in Resources */ = {isa = PBXBuildFile; fileRef = 4F0F92771BA3DE6F00724D9C /* ACFAoE start.txt */; settings = {ASSET_TAGS = (); }; };
		4F0F92AC1BA3DE6F00724D9C /* ACFAward end row.txt in Resources */ = {isa = PBXBuildFile; fileRef = 4F0F92781BA3DE6F00724D9C /* ACFAward end row.txt */; settings = {ASSET_TAGS = (); }; };
		4F0F92AD1BA3DE6F00724D9C /* ACFAward start row.txt in Resources */ = {isa = PBXBuildFile; fileRef = 4F0F92791BA3DE6F00724D9C /* ACFAward start row.txt */; settings = {ASSET_TAGS = (); }; };
		4F0F92AE1BA3DE6F00724D9C /* ACFAward start table.txt in Resources */ = {isa = PBXBuildFile; fileRef = 4F0F927A1BA3DE6F00724D9C /* ACFAward start table.txt */; settings = {ASSET_TAGS = (); }; };
		4F0F92AF1BA3DE6F00724D9C /* BestAward1.txt in Resources */ = {isa = PBXBuildFile; fileRef = 4F0F927B1BA3DE6F00724D9C /* BestAward1.txt */; settings = {ASSET_TAGS = (); }; };
		4F0F92B01BA3DE6F00724D9C /* BestAward2.txt in Resources */ = {isa = PBXBuildFile; fileRef = 4F0F927C1BA3DE6F00724D9C /* BestAward2.txt */; settings = {ASSET_TAGS = (); }; };
		4F0F92B11BA3DE6F00724D9C /* BestAward3.txt in Resources */ = {isa = PBXBuildFile; fileRef = 4F0F927D1BA3DE6F00724D9C /* BestAward3.txt */; settings = {ASSET_TAGS = (); }; };
		4F0F92B21BA3DE6F00724D9C /* BestAward4.txt in Resources */ = {isa = PBXBuildFile; fileRef = 4F0F927E1BA3DE6F00724D9C /* BestAward4.txt */; settings = {ASSET_TAGS = (); }; };
		4F0F92B31BA3DE6F00724D9C /* BestOfBreedEnd.txt in Resources */ = {isa = PBXBuildFile; fileRef = 4F0F927F1BA3DE6F00724D9C /* BestOfBreedEnd.txt */; settings = {ASSET_TAGS = (); }; };
		4F0F92B41BA3DE6F00724D9C /* BestOfBreedStart.txt in Resources */ = {isa = PBXBuildFile; fileRef = 4F0F92801BA3DE6F00724D9C /* BestOfBreedStart.txt */; settings = {ASSET_TAGS = (); }; };
		4F0F92B51BA3DE6F00724D9C /* Box entered.txt in Resources */ = {isa = PBXBuildFile; fileRef = 4F0F92811BA3DE6F00724D9C /* Box entered.txt */; settings = {ASSET_TAGS = (); }; };
		4F0F92B61BA3DE6F00724D9C /* Box no ring.txt in Resources */ = {isa = PBXBuildFile; fileRef = 4F0F92821BA3DE6F00724D9C /* Box no ring.txt */; settings = {ASSET_TAGS = (); }; };
		4F0F92B71BA3DE6F00724D9C /* Box not entered.txt in Resources */ = {isa = PBXBuildFile; fileRef = 4F0F92831BA3DE6F00724D9C /* Box not entered.txt */; settings = {ASSET_TAGS = (); }; };
		4F0F92B81BA3DE6F00724D9C /* Box underlined.txt in Resources */ = {isa = PBXBuildFile; fileRef = 4F0F92841BA3DE6F00724D9C /* Box underlined.txt */; settings = {ASSET_TAGS = (); }; };
		4F0F92B91BA3DE6F00724D9C /* Breed1.txt in Resources */ = {isa = PBXBuildFile; fileRef = 4F0F92851BA3DE6F00724D9C /* Breed1.txt */; settings = {ASSET_TAGS = (); }; };
		4F0F92BA1BA3DE6F00724D9C /* Breed2.txt in Resources */ = {isa = PBXBuildFile; fileRef = 4F0F92861BA3DE6F00724D9C /* Breed2.txt */; settings = {ASSET_TAGS = (); }; };
		4F0F92BB1BA3DE6F00724D9C /* Challenge1.txt in Resources */ = {isa = PBXBuildFile; fileRef = 4F0F92871BA3DE6F00724D9C /* Challenge1.txt */; settings = {ASSET_TAGS = (); }; };
		4F0F92BC1BA3DE6F00724D9C /* Challenge2.txt in Resources */ = {isa = PBXBuildFile; fileRef = 4F0F92881BA3DE6F00724D9C /* Challenge2.txt */; settings = {ASSET_TAGS = (); }; };
		4F0F92BD1BA3DE6F00724D9C /* Challenge3.txt in Resources */ = {isa = PBXBuildFile; fileRef = 4F0F92891BA3DE6F00724D9C /* Challenge3.txt */; settings = {ASSET_TAGS = (); }; };
		4F0F92BE1BA3DE6F00724D9C /* Colour1.txt in Resources */ = {isa = PBXBuildFile; fileRef = 4F0F928A1BA3DE6F00724D9C /* Colour1.txt */; settings = {ASSET_TAGS = (); }; };
		4F0F92BF1BA3DE6F00724D9C /* Colour2.txt in Resources */ = {isa = PBXBuildFile; fileRef = 4F0F928B1BA3DE6F00724D9C /* Colour2.txt */; settings = {ASSET_TAGS = (); }; };
		4F0F92C01BA3DE6F00724D9C /* Colour3.txt in Resources */ = {isa = PBXBuildFile; fileRef = 4F0F928C1BA3DE6F00724D9C /* Colour3.txt */; settings = {ASSET_TAGS = (); }; };
		4F0F92C11BA3DE6F00724D9C /* Details1 Litter.txt in Resources */ = {isa = PBXBuildFile; fileRef = 4F0F928D1BA3DE6F00724D9C /* Details1 Litter.txt */; settings = {ASSET_TAGS = (); }; };
		4F0F92C21BA3DE6F00724D9C /* Details1.txt in Resources */ = {isa = PBXBuildFile; fileRef = 4F0F928E1BA3DE6F00724D9C /* Details1.txt */; settings = {ASSET_TAGS = (); }; };
		4F0F92C31BA3DE6F00724D9C /* Details2.txt in Resources */ = {isa = PBXBuildFile; fileRef = 4F0F928F1BA3DE6F00724D9C /* Details2.txt */; settings = {ASSET_TAGS = (); }; };
		4F0F92C41BA3DE6F00724D9C /* Details3.txt in Resources */ = {isa = PBXBuildFile; fileRef = 4F0F92901BA3DE6F00724D9C /* Details3.txt */; settings = {ASSET_TAGS = (); }; };
		4F0F92C51BA3DE6F00724D9C /* Details3Litter.txt in Resources */ = {isa = PBXBuildFile; fileRef = 4F0F92911BA3DE6F00724D9C /* Details3Litter.txt */; settings = {ASSET_TAGS = (); }; };
		4F0F92C61BA3DE6F00724D9C /* Details4.txt in Resources */ = {isa = PBXBuildFile; fileRef = 4F0F92921BA3DE6F00724D9C /* Details4.txt */; settings = {ASSET_TAGS = (); }; };
		4F0F92C71BA3DE6F00724D9C /* Details5.txt in Resources */ = {isa = PBXBuildFile; fileRef = 4F0F92931BA3DE6F00724D9C /* Details5.txt */; settings = {ASSET_TAGS = (); }; };
		4F0F92C81BA3DE6F00724D9C /* End of file judge.txt in Resources */ = {isa = PBXBuildFile; fileRef = 4F0F92941BA3DE6F00724D9C /* End of file judge.txt */; settings = {ASSET_TAGS = (); }; };
		4F0F92C91BA3DE6F00724D9C /* End of file.txt in Resources */ = {isa = PBXBuildFile; fileRef = 4F0F92951BA3DE6F00724D9C /* End of file.txt */; settings = {ASSET_TAGS = (); }; };
		4F0F92CA1BA3DE6F00724D9C /* EndOfEntries1.txt in Resources */ = {isa = PBXBuildFile; fileRef = 4F0F92961BA3DE6F00724D9C /* EndOfEntries1.txt */; settings = {ASSET_TAGS = (); }; };
		4F0F92CB1BA3DE6F00724D9C /* Header1.txt in Resources */ = {isa = PBXBuildFile; fileRef = 4F0F92971BA3DE6F00724D9C /* Header1.txt */; settings = {ASSET_TAGS = (); }; };
		4F0F92CC1BA3DE6F00724D9C /* Header2.txt in Resources */ = {isa = PBXBuildFile; fileRef = 4F0F92981BA3DE6F00724D9C /* Header2.txt */; settings = {ASSET_TAGS = (); }; };
		4F0F92CD1BA3DE6F00724D9C /* Header2judge.txt in Resources */ = {isa = PBXBuildFile; fileRef = 4F0F92991BA3DE6F00724D9C /* Header2judge.txt */; settings = {ASSET_TAGS = (); }; };
		4F0F92CE1BA3DE6F00724D9C /* head4.txt in Resources */ = {isa = PBXBuildFile; fileRef = 4F0F929A1BA3DE6F00724D9C /* head4.txt */; settings = {ASSET_TAGS = (); }; };
		4F0F92CF1BA3DE6F00724D9C /* Name1 litter.txt in Resources */ = {isa = PBXBuildFile; fileRef = 4F0F929B1BA3DE6F00724D9C /* Name1 litter.txt */; settings = {ASSET_TAGS = (); }; };
		4F0F92D01BA3DE6F00724D9C /* Name1.txt in Resources */ = {isa = PBXBuildFile; fileRef = 4F0F929C1BA3DE6F00724D9C /* Name1.txt */; settings = {ASSET_TAGS = (); }; };
		4F0F92D11BA3DE6F00724D9C /* Name2 litter.txt in Resources */ = {isa = PBXBuildFile; fileRef = 4F0F929D1BA3DE6F00724D9C /* Name2 litter.txt */; settings = {ASSET_TAGS = (); }; };
		4F0F92D21BA3DE6F00724D9C /* Name2.txt in Resources */ = {isa = PBXBuildFile; fileRef = 4F0F929E1BA3DE6F00724D9C /* Name2.txt */; settings = {ASSET_TAGS = (); }; };
		4F0F92D31BA3DE6F00724D9C /* Name3.txt in Resources */ = {isa = PBXBuildFile; fileRef = 4F0F929F1BA3DE6F00724D9C /* Name3.txt */; settings = {ASSET_TAGS = (); }; };
		4F0F92D41BA3DE6F00724D9C /* Name4.txt in Resources */ = {isa = PBXBuildFile; fileRef = 4F0F92A01BA3DE6F00724D9C /* Name4.txt */; settings = {ASSET_TAGS = (); }; };
		4F0F92D51BA3DE6F00724D9C /* Prestige1.txt in Resources */ = {isa = PBXBuildFile; fileRef = 4F0F92A11BA3DE6F00724D9C /* Prestige1.txt */; settings = {ASSET_TAGS = (); }; };
		4F0F92D61BA3DE6F00724D9C /* Section1.txt in Resources */ = {isa = PBXBuildFile; fileRef = 4F0F92A21BA3DE6F00724D9C /* Section1.txt */; settings = {ASSET_TAGS = (); }; };
		4F0F92D71BA3DE6F00724D9C /* Section3.txt in Resources */ = {isa = PBXBuildFile; fileRef = 4F0F92A31BA3DE6F00724D9C /* Section3.txt */; settings = {ASSET_TAGS = (); }; };
		4F0F92D81BA3DE6F00724D9C /* Spacer.txt in Resources */ = {isa = PBXBuildFile; fileRef = 4F0F92A41BA3DE6F00724D9C /* Spacer.txt */; settings = {ASSET_TAGS = (); }; };
		4F0F92D91BA3DE6F00724D9C /* Table end.txt in Resources */ = {isa = PBXBuildFile; fileRef = 4F0F92A51BA3DE6F00724D9C /* Table end.txt */; settings = {ASSET_TAGS = (); }; };
		4F0F92DA1BA3DE6F00724D9C /* Table start.txt in Resources */ = {isa = PBXBuildFile; fileRef = 4F0F92A61BA3DE6F00724D9C /* Table start.txt */; settings = {ASSET_TAGS = (); }; };
		4F0F92DB1BA3DE6F00724D9C /* Top ten end table.txt in Resources */ = {isa = PBXBuildFile; fileRef = 4F0F92A71BA3DE6F00724D9C /* Top ten end table.txt */; settings = {ASSET_TAGS = (); }; };
		4F0F92DC1BA3DE6F00724D9C /* Top ten start table.txt in Resources */ = {isa = PBXBuildFile; fileRef = 4F0F92A81BA3DE6F00724D9C /* Top ten start table.txt */; settings = {ASSET_TAGS = (); }; };
		4F0F92DE1BA3E30900724D9C /* general.strings in Resources */ = {isa = PBXBuildFile; fileRef = 4F0F92DD1BA3E30900724D9C /* general.strings */; settings = {ASSET_TAGS = (); }; };
		4F0F92E11BA3EC8400724D9C /* Excel list.plist in Resources */ = {isa = PBXBuildFile; fileRef = 4F0F92E01BA3EC8400724D9C /* Excel list.plist */; settings = {ASSET_TAGS = (); }; };
		4F0F92E41BA3EF0E00724D9C /* Places.plist in Resources */ = {isa = PBXBuildFile; fileRef = 4F0F92E31BA3EF0E00724D9C /* Places.plist */; settings = {ASSET_TAGS = (); }; };
		4F1247A11BB4913A00031CE0 /* Cat-A-Log Help in Resources */ = {isa = PBXBuildFile; fileRef = 4F1247A01BB4913A00031CE0 /* Cat-A-Log Help */; settings = {ASSET_TAGS = (); }; };
		4F38B85D1B6D8CCA006356DD /* AppDelegate.swift in Sources */ = {isa = PBXBuildFile; fileRef = 4F38B85C1B6D8CCA006356DD /* AppDelegate.swift */; };
		4F38B8601B6D8CCA006356DD /* CatBase.xcdatamodeld in Sources */ = {isa = PBXBuildFile; fileRef = 4F38B85E1B6D8CCA006356DD /* CatBase.xcdatamodeld */; };
		4F38B8621B6D8CCA006356DD /* Images.xcassets in Resources */ = {isa = PBXBuildFile; fileRef = 4F38B8611B6D8CCA006356DD /* Images.xcassets */; };
		4F38B8651B6D8CCA006356DD /* MainMenu.xib in Resources */ = {isa = PBXBuildFile; fileRef = 4F38B8631B6D8CCA006356DD /* MainMenu.xib */; };
		4F38B8711B6D8CCA006356DD /* CatBaseTests.swift in Sources */ = {isa = PBXBuildFile; fileRef = 4F38B8701B6D8CCA006356DD /* CatBaseTests.swift */; };
		4F38B8821B6D8ED3006356DD /* MainWindowController.swift in Sources */ = {isa = PBXBuildFile; fileRef = 4F38B8801B6D8ED3006356DD /* MainWindowController.swift */; };
		4F38B8831B6D8ED3006356DD /* MainWindowController.xib in Resources */ = {isa = PBXBuildFile; fileRef = 4F38B8811B6D8ED3006356DD /* MainWindowController.xib */; };
		4F38B8881B6D9156006356DD /* Cat.swift in Sources */ = {isa = PBXBuildFile; fileRef = 4F38B8841B6D9156006356DD /* Cat.swift */; };
		4F38B8891B6D9156006356DD /* Entry.swift in Sources */ = {isa = PBXBuildFile; fileRef = 4F38B8851B6D9156006356DD /* Entry.swift */; };
		4F38B88B1B6D9156006356DD /* Show.swift in Sources */ = {isa = PBXBuildFile; fileRef = 4F38B8871B6D9156006356DD /* Show.swift */; };
		4F3AC54E1BAEE29500775611 /* CriticalAges.plist in Resources */ = {isa = PBXBuildFile; fileRef = 4F3AC54D1BAEE29500775611 /* CriticalAges.plist */; settings = {ASSET_TAGS = (); }; };
		4F3EFAE31B6DB98C00DA2F5C /* AddShowWindowController.swift in Sources */ = {isa = PBXBuildFile; fileRef = 4F3EFAE11B6DB98C00DA2F5C /* AddShowWindowController.swift */; };
		4F3EFAE41B6DB98C00DA2F5C /* AddShowWindowController.xib in Resources */ = {isa = PBXBuildFile; fileRef = 4F3EFAE21B6DB98C00DA2F5C /* AddShowWindowController.xib */; };
		4F3EFAE61B6DEE1500DA2F5C /* Breeds.swift in Sources */ = {isa = PBXBuildFile; fileRef = 4F3EFAE51B6DEE1500DA2F5C /* Breeds.swift */; };
		4F420B1C1BB60B8700105564 /* head5.txt in Resources */ = {isa = PBXBuildFile; fileRef = 4F420B1A1BB60B8700105564 /* head5.txt */; settings = {ASSET_TAGS = (); }; };
		4F420B1D1BB60B8700105564 /* head6.txt in Resources */ = {isa = PBXBuildFile; fileRef = 4F420B1B1BB60B8700105564 /* head6.txt */; settings = {ASSET_TAGS = (); }; };
		4F420B1F1BB6121200105564 /* EndOfEntries2.txt in Resources */ = {isa = PBXBuildFile; fileRef = 4F420B1E1BB6121200105564 /* EndOfEntries2.txt */; settings = {ASSET_TAGS = (); }; };
		4F420B211BB61F4800105564 /* head5_1.txt in Resources */ = {isa = PBXBuildFile; fileRef = 4F420B201BB61F4800105564 /* head5_1.txt */; settings = {ASSET_TAGS = (); }; };
		4F420B231BB625BF00105564 /* head5_2.txt in Resources */ = {isa = PBXBuildFile; fileRef = 4F420B221BB625BF00105564 /* head5_2.txt */; settings = {ASSET_TAGS = (); }; };
		4F6214861BB290E400F87183 /* ProgressWindowController.swift in Sources */ = {isa = PBXBuildFile; fileRef = 4F6214841BB290E400F87183 /* ProgressWindowController.swift */; settings = {ASSET_TAGS = (); }; };
		4F6214871BB290E400F87183 /* ProgressWindowController.xib in Resources */ = {isa = PBXBuildFile; fileRef = 4F6214851BB290E400F87183 /* ProgressWindowController.xib */; settings = {ASSET_TAGS = (); }; };
		4F6214891BB34A1B00F87183 /* Authentication.plist in Resources */ = {isa = PBXBuildFile; fileRef = 4F6214881BB34A1B00F87183 /* Authentication.plist */; settings = {ASSET_TAGS = (); }; };
		4F62148B1BB34F2000F87183 /* icon.jpg in Resources */ = {isa = PBXBuildFile; fileRef = 4F62148A1BB34F2000F87183 /* icon.jpg */; settings = {ASSET_TAGS = (); }; };
		4F63A6B91BB819760009C5A4 /* Cat on book.icns in Resources */ = {isa = PBXBuildFile; fileRef = 4F63A6B81BB819760009C5A4 /* Cat on book.icns */; settings = {ASSET_TAGS = (); }; };
		4F7107FE1B77748E00E21AAC /* Challenges.swift in Sources */ = {isa = PBXBuildFile; fileRef = 4F7107FD1B77748E00E21AAC /* Challenges.swift */; };
		4F7812B51BB14AEA0036AD80 /* Section2.txt in Resources */ = {isa = PBXBuildFile; fileRef = 4F7812B41BB14AEA0036AD80 /* Section2.txt */; settings = {ASSET_TAGS = (); }; };
		4F8E87321BAFB19E00497D2F /* TitleEditorController.swift in Sources */ = {isa = PBXBuildFile; fileRef = 4F8E87301BAFB19E00497D2F /* TitleEditorController.swift */; settings = {ASSET_TAGS = (); }; };
		4F8E87331BAFB19E00497D2F /* TitleEditorController.xib in Resources */ = {isa = PBXBuildFile; fileRef = 4F8E87311BAFB19E00497D2F /* TitleEditorController.xib */; settings = {ASSET_TAGS = (); }; };
		4F9235FE1B7952B70096ADFD /* Titles.swift in Sources */ = {isa = PBXBuildFile; fileRef = 4F9235FD1B7952B70096ADFD /* Titles.swift */; };
		4F9236001B7953500096ADFD /* Titles.plist in Resources */ = {isa = PBXBuildFile; fileRef = 4F9235FF1B7953500096ADFD /* Titles.plist */; };
		4F95B9891BB5FE5500971CE6 /* head2.txt in Resources */ = {isa = PBXBuildFile; fileRef = 4F95B9871BB5FE5500971CE6 /* head2.txt */; settings = {ASSET_TAGS = (); }; };
		4F95B98A1BB5FE5500971CE6 /* head3.txt in Resources */ = {isa = PBXBuildFile; fileRef = 4F95B9881BB5FE5500971CE6 /* head3.txt */; settings = {ASSET_TAGS = (); }; };
		4F9B6C091B7FF6EA00C2964B /* CageTypes.plist in Resources */ = {isa = PBXBuildFile; fileRef = 4F9B6C081B7FF6EA00C2964B /* CageTypes.plist */; };
		4FAFEA9E1BAAEFE700C3EB89 /* head1.txt in Resources */ = {isa = PBXBuildFile; fileRef = 4FAFEA9A1BAAEFE700C3EB89 /* head1.txt */; settings = {ASSET_TAGS = (); }; };
		4FAFEA9F1BAAEFE700C3EB89 /* judge_header.txt in Resources */ = {isa = PBXBuildFile; fileRef = 4FAFEA9B1BAAEFE700C3EB89 /* judge_header.txt */; settings = {ASSET_TAGS = (); }; };
		4FAFEAA01BAAEFE700C3EB89 /* judge_headerPt2.txt in Resources */ = {isa = PBXBuildFile; fileRef = 4FAFEA9C1BAAEFE700C3EB89 /* judge_headerPt2.txt */; settings = {ASSET_TAGS = (); }; };
		4FAFEAA11BAAEFE700C3EB89 /* judge_headerPt3.txt in Resources */ = {isa = PBXBuildFile; fileRef = 4FAFEA9D1BAAEFE700C3EB89 /* judge_headerPt3.txt */; settings = {ASSET_TAGS = (); }; };
		4FB9D11F1B75ABA800046CBA /* DataSource.swift in Sources */ = {isa = PBXBuildFile; fileRef = 4FB9D11E1B75ABA800046CBA /* DataSource.swift */; };
		4FB9D1211B75B61F00046CBA /* Sex.swift in Sources */ = {isa = PBXBuildFile; fileRef = 4FB9D1201B75B61F00046CBA /* Sex.swift */; };
		4FBD2EE41B81A84500E28D93 /* Credits.rtf in Resources */ = {isa = PBXBuildFile; fileRef = 4FBD2EE31B81A84500E28D93 /* Credits.rtf */; };
		4FBD2EE61B81A91E00E28D93 /* agouti.plist in Resources */ = {isa = PBXBuildFile; fileRef = 4FBD2EE51B81A91E00E28D93 /* agouti.plist */; };
		4FC1DA071B9BAFA000E321EA /* Printing.swift in Sources */ = {isa = PBXBuildFile; fileRef = 4FC1DA061B9BAFA000E321EA /* Printing.swift */; settings = {ASSET_TAGS = (); }; };
		4FD75AC21BAE8F5C00A00EEA /* CriticalAgesWindowController.swift in Sources */ = {isa = PBXBuildFile; fileRef = 4FD75AC01BAE8F5C00A00EEA /* CriticalAgesWindowController.swift */; settings = {ASSET_TAGS = (); }; };
		4FD75AC31BAE8F5C00A00EEA /* CriticalAgesWindowController.xib in Resources */ = {isa = PBXBuildFile; fileRef = 4FD75AC11BAE8F5C00A00EEA /* CriticalAgesWindowController.xib */; settings = {ASSET_TAGS = (); }; };
		4FD803241B774DA500D7FAD2 /* Colours.plist in Resources */ = {isa = PBXBuildFile; fileRef = 4FD803231B774DA500D7FAD2 /* Colours.plist */; };
		4FD803261B774E8100D7FAD2 /* Colours.swift in Sources */ = {isa = PBXBuildFile; fileRef = 4FD803251B774E8100D7FAD2 /* Colours.swift */; };
		4FD8384E1B832F3D00A8C7A7 /* ColoursWindowController.swift in Sources */ = {isa = PBXBuildFile; fileRef = 4FD8384C1B832F3D00A8C7A7 /* ColoursWindowController.swift */; };
		4FD8384F1B832F3D00A8C7A7 /* ColoursWindowController.xib in Resources */ = {isa = PBXBuildFile; fileRef = 4FD8384D1B832F3D00A8C7A7 /* ColoursWindowController.xib */; };
		4FE0370C1BB6AFA7000A5649 /* EndOfEntriesJudge.txt in Resources */ = {isa = PBXBuildFile; fileRef = 4FE0370A1BB6AFA7000A5649 /* EndOfEntriesJudge.txt */; settings = {ASSET_TAGS = (); }; };
		4FEB56AE1B70ABEF00EECA78 /* ShowFormats.plist in Resources */ = {isa = PBXBuildFile; fileRef = 4FEB56AD1B70ABEF00EECA78 /* ShowFormats.plist */; };
		4FEB56B01B70BFC700EECA78 /* Globals.swift in Sources */ = {isa = PBXBuildFile; fileRef = 4FEB56AF1B70BFC700EECA78 /* Globals.swift */; };
		4FFDA68C1BB27C20003B67CB /* Section1 alt.txt in Resources */ = {isa = PBXBuildFile; fileRef = 4FFDA68B1BB27C20003B67CB /* Section1 alt.txt */; settings = {ASSET_TAGS = (); }; };
		4FFE16C81B6E421A0020E1D0 /* EntrySheetController.swift in Sources */ = {isa = PBXBuildFile; fileRef = 4FFE16C61B6E421A0020E1D0 /* EntrySheetController.swift */; };
		4FFE16C91B6E421A0020E1D0 /* EntrySheetController.xib in Resources */ = {isa = PBXBuildFile; fileRef = 4FFE16C71B6E421A0020E1D0 /* EntrySheetController.xib */; };
		4FFE16CC1B6ECB320020E1D0 /* AllCapsFormatter.swift in Sources */ = {isa = PBXBuildFile; fileRef = 4FFE16CA1B6ECB320020E1D0 /* AllCapsFormatter.swift */; };
		4FFE16CD1B6ECB320020E1D0 /* NameFormatter.swift in Sources */ = {isa = PBXBuildFile; fileRef = 4FFE16CB1B6ECB320020E1D0 /* NameFormatter.swift */; };
/* End PBXBuildFile section */

/* Begin PBXContainerItemProxy section */
		4F38B86B1B6D8CCA006356DD /* PBXContainerItemProxy */ = {
			isa = PBXContainerItemProxy;
			containerPortal = 4F38B84F1B6D8CCA006356DD /* Project object */;
			proxyType = 1;
			remoteGlobalIDString = 4F38B8561B6D8CCA006356DD;
			remoteInfo = CatBase;
		};
/* End PBXContainerItemProxy section */

/* Begin PBXFileReference section */
		4F0564E91BA2B48500285C46 /* CatNameFormatter.swift */ = {isa = PBXFileReference; fileEncoding = 4; lastKnownFileType = sourcecode.swift; path = CatNameFormatter.swift; sourceTree = "<group>"; };
		4F0F92751BA3DE6F00724D9C /* ACFAoE end row.txt */ = {isa = PBXFileReference; fileEncoding = 4; lastKnownFileType = text; name = "ACFAoE end row.txt"; path = "templates/ACFAoE end row.txt"; sourceTree = "<group>"; };
		4F0F92761BA3DE6F00724D9C /* ACFAoE start row.txt */ = {isa = PBXFileReference; fileEncoding = 4; lastKnownFileType = text; name = "ACFAoE start row.txt"; path = "templates/ACFAoE start row.txt"; sourceTree = "<group>"; };
		4F0F92771BA3DE6F00724D9C /* ACFAoE start.txt */ = {isa = PBXFileReference; fileEncoding = 4; lastKnownFileType = text; name = "ACFAoE start.txt"; path = "templates/ACFAoE start.txt"; sourceTree = "<group>"; };
		4F0F92781BA3DE6F00724D9C /* ACFAward end row.txt */ = {isa = PBXFileReference; fileEncoding = 4; lastKnownFileType = text; name = "ACFAward end row.txt"; path = "templates/ACFAward end row.txt"; sourceTree = "<group>"; };
		4F0F92791BA3DE6F00724D9C /* ACFAward start row.txt */ = {isa = PBXFileReference; fileEncoding = 4; lastKnownFileType = text; name = "ACFAward start row.txt"; path = "templates/ACFAward start row.txt"; sourceTree = "<group>"; };
		4F0F927A1BA3DE6F00724D9C /* ACFAward start table.txt */ = {isa = PBXFileReference; fileEncoding = 4; lastKnownFileType = text; name = "ACFAward start table.txt"; path = "templates/ACFAward start table.txt"; sourceTree = "<group>"; };
		4F0F927B1BA3DE6F00724D9C /* BestAward1.txt */ = {isa = PBXFileReference; fileEncoding = 4; lastKnownFileType = text; name = BestAward1.txt; path = templates/BestAward1.txt; sourceTree = "<group>"; };
		4F0F927C1BA3DE6F00724D9C /* BestAward2.txt */ = {isa = PBXFileReference; fileEncoding = 4; lastKnownFileType = text; name = BestAward2.txt; path = templates/BestAward2.txt; sourceTree = "<group>"; };
		4F0F927D1BA3DE6F00724D9C /* BestAward3.txt */ = {isa = PBXFileReference; fileEncoding = 4; lastKnownFileType = text; name = BestAward3.txt; path = templates/BestAward3.txt; sourceTree = "<group>"; };
		4F0F927E1BA3DE6F00724D9C /* BestAward4.txt */ = {isa = PBXFileReference; fileEncoding = 4; lastKnownFileType = text; name = BestAward4.txt; path = templates/BestAward4.txt; sourceTree = "<group>"; };
		4F0F927F1BA3DE6F00724D9C /* BestOfBreedEnd.txt */ = {isa = PBXFileReference; fileEncoding = 4; lastKnownFileType = text; name = BestOfBreedEnd.txt; path = templates/BestOfBreedEnd.txt; sourceTree = "<group>"; };
		4F0F92801BA3DE6F00724D9C /* BestOfBreedStart.txt */ = {isa = PBXFileReference; fileEncoding = 4; lastKnownFileType = text; name = BestOfBreedStart.txt; path = templates/BestOfBreedStart.txt; sourceTree = "<group>"; };
		4F0F92811BA3DE6F00724D9C /* Box entered.txt */ = {isa = PBXFileReference; fileEncoding = 4; lastKnownFileType = text; name = "Box entered.txt"; path = "templates/Box entered.txt"; sourceTree = "<group>"; };
		4F0F92821BA3DE6F00724D9C /* Box no ring.txt */ = {isa = PBXFileReference; fileEncoding = 4; lastKnownFileType = text; name = "Box no ring.txt"; path = "templates/Box no ring.txt"; sourceTree = "<group>"; };
		4F0F92831BA3DE6F00724D9C /* Box not entered.txt */ = {isa = PBXFileReference; fileEncoding = 4; lastKnownFileType = text; name = "Box not entered.txt"; path = "templates/Box not entered.txt"; sourceTree = "<group>"; };
		4F0F92841BA3DE6F00724D9C /* Box underlined.txt */ = {isa = PBXFileReference; fileEncoding = 4; lastKnownFileType = text; name = "Box underlined.txt"; path = "templates/Box underlined.txt"; sourceTree = "<group>"; };
		4F0F92851BA3DE6F00724D9C /* Breed1.txt */ = {isa = PBXFileReference; fileEncoding = 4; lastKnownFileType = text; name = Breed1.txt; path = templates/Breed1.txt; sourceTree = "<group>"; };
		4F0F92861BA3DE6F00724D9C /* Breed2.txt */ = {isa = PBXFileReference; fileEncoding = 4; lastKnownFileType = text; name = Breed2.txt; path = templates/Breed2.txt; sourceTree = "<group>"; };
		4F0F92871BA3DE6F00724D9C /* Challenge1.txt */ = {isa = PBXFileReference; fileEncoding = 4; lastKnownFileType = text; name = Challenge1.txt; path = templates/Challenge1.txt; sourceTree = "<group>"; };
		4F0F92881BA3DE6F00724D9C /* Challenge2.txt */ = {isa = PBXFileReference; fileEncoding = 4; lastKnownFileType = text; name = Challenge2.txt; path = templates/Challenge2.txt; sourceTree = "<group>"; };
		4F0F92891BA3DE6F00724D9C /* Challenge3.txt */ = {isa = PBXFileReference; fileEncoding = 4; lastKnownFileType = text; name = Challenge3.txt; path = templates/Challenge3.txt; sourceTree = "<group>"; };
		4F0F928A1BA3DE6F00724D9C /* Colour1.txt */ = {isa = PBXFileReference; fileEncoding = 4; lastKnownFileType = text; name = Colour1.txt; path = templates/Colour1.txt; sourceTree = "<group>"; };
		4F0F928B1BA3DE6F00724D9C /* Colour2.txt */ = {isa = PBXFileReference; fileEncoding = 4; lastKnownFileType = text; name = Colour2.txt; path = templates/Colour2.txt; sourceTree = "<group>"; };
		4F0F928C1BA3DE6F00724D9C /* Colour3.txt */ = {isa = PBXFileReference; fileEncoding = 4; lastKnownFileType = text; name = Colour3.txt; path = templates/Colour3.txt; sourceTree = "<group>"; };
		4F0F928D1BA3DE6F00724D9C /* Details1 Litter.txt */ = {isa = PBXFileReference; fileEncoding = 4; lastKnownFileType = text; name = "Details1 Litter.txt"; path = "templates/Details1 Litter.txt"; sourceTree = "<group>"; };
		4F0F928E1BA3DE6F00724D9C /* Details1.txt */ = {isa = PBXFileReference; fileEncoding = 4; lastKnownFileType = text; name = Details1.txt; path = templates/Details1.txt; sourceTree = "<group>"; };
		4F0F928F1BA3DE6F00724D9C /* Details2.txt */ = {isa = PBXFileReference; fileEncoding = 4; lastKnownFileType = text; name = Details2.txt; path = templates/Details2.txt; sourceTree = "<group>"; };
		4F0F92901BA3DE6F00724D9C /* Details3.txt */ = {isa = PBXFileReference; fileEncoding = 4; lastKnownFileType = text; name = Details3.txt; path = templates/Details3.txt; sourceTree = "<group>"; };
		4F0F92911BA3DE6F00724D9C /* Details3Litter.txt */ = {isa = PBXFileReference; fileEncoding = 4; lastKnownFileType = text; name = Details3Litter.txt; path = templates/Details3Litter.txt; sourceTree = "<group>"; };
		4F0F92921BA3DE6F00724D9C /* Details4.txt */ = {isa = PBXFileReference; fileEncoding = 4; lastKnownFileType = text; name = Details4.txt; path = templates/Details4.txt; sourceTree = "<group>"; };
		4F0F92931BA3DE6F00724D9C /* Details5.txt */ = {isa = PBXFileReference; fileEncoding = 4; lastKnownFileType = text; name = Details5.txt; path = templates/Details5.txt; sourceTree = "<group>"; };
		4F0F92941BA3DE6F00724D9C /* End of file judge.txt */ = {isa = PBXFileReference; fileEncoding = 4; lastKnownFileType = text; name = "End of file judge.txt"; path = "templates/End of file judge.txt"; sourceTree = "<group>"; };
		4F0F92951BA3DE6F00724D9C /* End of file.txt */ = {isa = PBXFileReference; fileEncoding = 4; lastKnownFileType = text; name = "End of file.txt"; path = "templates/End of file.txt"; sourceTree = "<group>"; };
		4F0F92961BA3DE6F00724D9C /* EndOfEntries1.txt */ = {isa = PBXFileReference; fileEncoding = 4; lastKnownFileType = text; name = EndOfEntries1.txt; path = templates/EndOfEntries1.txt; sourceTree = "<group>"; };
		4F0F92971BA3DE6F00724D9C /* Header1.txt */ = {isa = PBXFileReference; fileEncoding = 4; lastKnownFileType = text; name = Header1.txt; path = templates/Header1.txt; sourceTree = "<group>"; };
		4F0F92981BA3DE6F00724D9C /* Header2.txt */ = {isa = PBXFileReference; fileEncoding = 4; lastKnownFileType = text; name = Header2.txt; path = templates/Header2.txt; sourceTree = "<group>"; };
		4F0F92991BA3DE6F00724D9C /* Header2judge.txt */ = {isa = PBXFileReference; fileEncoding = 4; lastKnownFileType = text; name = Header2judge.txt; path = templates/Header2judge.txt; sourceTree = "<group>"; };
		4F0F929A1BA3DE6F00724D9C /* head4.txt */ = {isa = PBXFileReference; fileEncoding = 4; lastKnownFileType = text; name = head4.txt; path = templates/head4.txt; sourceTree = "<group>"; };
		4F0F929B1BA3DE6F00724D9C /* Name1 litter.txt */ = {isa = PBXFileReference; fileEncoding = 4; lastKnownFileType = text; name = "Name1 litter.txt"; path = "templates/Name1 litter.txt"; sourceTree = "<group>"; };
		4F0F929C1BA3DE6F00724D9C /* Name1.txt */ = {isa = PBXFileReference; fileEncoding = 4; lastKnownFileType = text; name = Name1.txt; path = templates/Name1.txt; sourceTree = "<group>"; };
		4F0F929D1BA3DE6F00724D9C /* Name2 litter.txt */ = {isa = PBXFileReference; fileEncoding = 4; lastKnownFileType = text; name = "Name2 litter.txt"; path = "templates/Name2 litter.txt"; sourceTree = "<group>"; };
		4F0F929E1BA3DE6F00724D9C /* Name2.txt */ = {isa = PBXFileReference; fileEncoding = 4; lastKnownFileType = text; name = Name2.txt; path = templates/Name2.txt; sourceTree = "<group>"; };
		4F0F929F1BA3DE6F00724D9C /* Name3.txt */ = {isa = PBXFileReference; fileEncoding = 4; lastKnownFileType = text; name = Name3.txt; path = templates/Name3.txt; sourceTree = "<group>"; };
		4F0F92A01BA3DE6F00724D9C /* Name4.txt */ = {isa = PBXFileReference; fileEncoding = 4; lastKnownFileType = text; name = Name4.txt; path = templates/Name4.txt; sourceTree = "<group>"; };
		4F0F92A11BA3DE6F00724D9C /* Prestige1.txt */ = {isa = PBXFileReference; fileEncoding = 4; lastKnownFileType = text; name = Prestige1.txt; path = templates/Prestige1.txt; sourceTree = "<group>"; };
		4F0F92A21BA3DE6F00724D9C /* Section1.txt */ = {isa = PBXFileReference; fileEncoding = 4; lastKnownFileType = text; name = Section1.txt; path = templates/Section1.txt; sourceTree = "<group>"; };
		4F0F92A31BA3DE6F00724D9C /* Section3.txt */ = {isa = PBXFileReference; fileEncoding = 4; lastKnownFileType = text; name = Section3.txt; path = templates/Section3.txt; sourceTree = "<group>"; };
		4F0F92A41BA3DE6F00724D9C /* Spacer.txt */ = {isa = PBXFileReference; fileEncoding = 4; lastKnownFileType = text; name = Spacer.txt; path = templates/Spacer.txt; sourceTree = "<group>"; };
		4F0F92A51BA3DE6F00724D9C /* Table end.txt */ = {isa = PBXFileReference; fileEncoding = 4; lastKnownFileType = text; name = "Table end.txt"; path = "templates/Table end.txt"; sourceTree = "<group>"; };
		4F0F92A61BA3DE6F00724D9C /* Table start.txt */ = {isa = PBXFileReference; fileEncoding = 4; lastKnownFileType = text; name = "Table start.txt"; path = "templates/Table start.txt"; sourceTree = "<group>"; };
		4F0F92A71BA3DE6F00724D9C /* Top ten end table.txt */ = {isa = PBXFileReference; fileEncoding = 4; lastKnownFileType = text; name = "Top ten end table.txt"; path = "templates/Top ten end table.txt"; sourceTree = "<group>"; };
		4F0F92A81BA3DE6F00724D9C /* Top ten start table.txt */ = {isa = PBXFileReference; fileEncoding = 4; lastKnownFileType = text; name = "Top ten start table.txt"; path = "templates/Top ten start table.txt"; sourceTree = "<group>"; };
		4F0F92DD1BA3E30900724D9C /* general.strings */ = {isa = PBXFileReference; fileEncoding = 4; lastKnownFileType = text.plist.strings; path = general.strings; sourceTree = "<group>"; };
		4F0F92E01BA3EC8400724D9C /* Excel list.plist */ = {isa = PBXFileReference; fileEncoding = 4; lastKnownFileType = text.plist.xml; name = "Excel list.plist"; path = "pLists/Excel list.plist"; sourceTree = "<group>"; };
		4F0F92E31BA3EF0E00724D9C /* Places.plist */ = {isa = PBXFileReference; fileEncoding = 4; lastKnownFileType = text.plist.xml; name = Places.plist; path = pLists/Places.plist; sourceTree = "<group>"; };
		4F1247A01BB4913A00031CE0 /* Cat-A-Log Help */ = {isa = PBXFileReference; lastKnownFileType = folder; path = "Cat-A-Log Help"; sourceTree = "<group>"; };
		4F38B8571B6D8CCA006356DD /* Cat-A-Log.app */ = {isa = PBXFileReference; explicitFileType = wrapper.application; includeInIndex = 0; path = "Cat-A-Log.app"; sourceTree = BUILT_PRODUCTS_DIR; };
		4F38B85B1B6D8CCA006356DD /* Info.plist */ = {isa = PBXFileReference; lastKnownFileType = text.plist.xml; path = Info.plist; sourceTree = "<group>"; };
		4F38B85C1B6D8CCA006356DD /* AppDelegate.swift */ = {isa = PBXFileReference; lastKnownFileType = sourcecode.swift; path = AppDelegate.swift; sourceTree = "<group>"; };
		4F38B85F1B6D8CCA006356DD /* CatBase.xcdatamodel */ = {isa = PBXFileReference; lastKnownFileType = wrapper.xcdatamodel; path = CatBase.xcdatamodel; sourceTree = "<group>"; };
		4F38B8611B6D8CCA006356DD /* Images.xcassets */ = {isa = PBXFileReference; lastKnownFileType = folder.assetcatalog; path = Images.xcassets; sourceTree = "<group>"; };
		4F38B8641B6D8CCA006356DD /* Base */ = {isa = PBXFileReference; lastKnownFileType = file.xib; name = Base; path = Base.lproj/MainMenu.xib; sourceTree = "<group>"; };
		4F38B86A1B6D8CCA006356DD /* Cat-A-Log.xctest */ = {isa = PBXFileReference; explicitFileType = wrapper.cfbundle; includeInIndex = 0; path = "Cat-A-Log.xctest"; sourceTree = BUILT_PRODUCTS_DIR; };
		4F38B86F1B6D8CCA006356DD /* Info.plist */ = {isa = PBXFileReference; lastKnownFileType = text.plist.xml; path = Info.plist; sourceTree = "<group>"; };
		4F38B8701B6D8CCA006356DD /* CatBaseTests.swift */ = {isa = PBXFileReference; lastKnownFileType = sourcecode.swift; path = CatBaseTests.swift; sourceTree = "<group>"; };
		4F38B8801B6D8ED3006356DD /* MainWindowController.swift */ = {isa = PBXFileReference; fileEncoding = 4; lastKnownFileType = sourcecode.swift; path = MainWindowController.swift; sourceTree = "<group>"; };
		4F38B8811B6D8ED3006356DD /* MainWindowController.xib */ = {isa = PBXFileReference; fileEncoding = 4; lastKnownFileType = file.xib; path = MainWindowController.xib; sourceTree = "<group>"; };
		4F38B8841B6D9156006356DD /* Cat.swift */ = {isa = PBXFileReference; fileEncoding = 4; lastKnownFileType = sourcecode.swift; name = Cat.swift; path = Models/Cat.swift; sourceTree = "<group>"; };
		4F38B8851B6D9156006356DD /* Entry.swift */ = {isa = PBXFileReference; fileEncoding = 4; lastKnownFileType = sourcecode.swift; name = Entry.swift; path = Models/Entry.swift; sourceTree = "<group>"; };
		4F38B8871B6D9156006356DD /* Show.swift */ = {isa = PBXFileReference; fileEncoding = 4; lastKnownFileType = sourcecode.swift; name = Show.swift; path = Models/Show.swift; sourceTree = "<group>"; };
		4F3AC54D1BAEE29500775611 /* CriticalAges.plist */ = {isa = PBXFileReference; fileEncoding = 4; lastKnownFileType = text.plist.xml; name = CriticalAges.plist; path = pLists/CriticalAges.plist; sourceTree = "<group>"; };
		4F3EFAE11B6DB98C00DA2F5C /* AddShowWindowController.swift */ = {isa = PBXFileReference; fileEncoding = 4; lastKnownFileType = sourcecode.swift; name = AddShowWindowController.swift; path = Controllers/AddShowWindowController.swift; sourceTree = "<group>"; };
		4F3EFAE21B6DB98C00DA2F5C /* AddShowWindowController.xib */ = {isa = PBXFileReference; fileEncoding = 4; lastKnownFileType = file.xib; name = AddShowWindowController.xib; path = Controllers/AddShowWindowController.xib; sourceTree = "<group>"; };
		4F3EFAE51B6DEE1500DA2F5C /* Breeds.swift */ = {isa = PBXFileReference; fileEncoding = 4; lastKnownFileType = sourcecode.swift; name = Breeds.swift; path = "Data Sources.swift/Breeds.swift"; sourceTree = "<group>"; };
		4F420B1A1BB60B8700105564 /* head5.txt */ = {isa = PBXFileReference; fileEncoding = 4; lastKnownFileType = text; name = head5.txt; path = templates/head5.txt; sourceTree = "<group>"; };
		4F420B1B1BB60B8700105564 /* head6.txt */ = {isa = PBXFileReference; fileEncoding = 4; lastKnownFileType = text; name = head6.txt; path = templates/head6.txt; sourceTree = "<group>"; };
		4F420B1E1BB6121200105564 /* EndOfEntries2.txt */ = {isa = PBXFileReference; fileEncoding = 4; lastKnownFileType = text; name = EndOfEntries2.txt; path = templates/EndOfEntries2.txt; sourceTree = "<group>"; };
		4F420B201BB61F4800105564 /* head5_1.txt */ = {isa = PBXFileReference; fileEncoding = 4; lastKnownFileType = text; name = head5_1.txt; path = templates/head5_1.txt; sourceTree = "<group>"; };
		4F420B221BB625BF00105564 /* head5_2.txt */ = {isa = PBXFileReference; fileEncoding = 4; lastKnownFileType = text; name = head5_2.txt; path = templates/head5_2.txt; sourceTree = "<group>"; };
		4F6214841BB290E400F87183 /* ProgressWindowController.swift */ = {isa = PBXFileReference; fileEncoding = 4; lastKnownFileType = sourcecode.swift; path = ProgressWindowController.swift; sourceTree = "<group>"; };
		4F6214851BB290E400F87183 /* ProgressWindowController.xib */ = {isa = PBXFileReference; fileEncoding = 4; lastKnownFileType = file.xib; path = ProgressWindowController.xib; sourceTree = "<group>"; };
		4F6214881BB34A1B00F87183 /* Authentication.plist */ = {isa = PBXFileReference; fileEncoding = 4; lastKnownFileType = text.plist.xml; name = Authentication.plist; path = pLists/Authentication.plist; sourceTree = "<group>"; };
		4F62148A1BB34F2000F87183 /* icon.jpg */ = {isa = PBXFileReference; lastKnownFileType = image.jpeg; path = icon.jpg; sourceTree = "<group>"; };
		4F63A6B81BB819760009C5A4 /* Cat on book.icns */ = {isa = PBXFileReference; lastKnownFileType = image.icns; path = "Cat on book.icns"; sourceTree = "<group>"; };
		4F7107FD1B77748E00E21AAC /* Challenges.swift */ = {isa = PBXFileReference; fileEncoding = 4; lastKnownFileType = sourcecode.swift; name = Challenges.swift; path = "Data Sources.swift/Challenges.swift"; sourceTree = "<group>"; };
		4F7812B41BB14AEA0036AD80 /* Section2.txt */ = {isa = PBXFileReference; fileEncoding = 4; lastKnownFileType = text; name = Section2.txt; path = templates/Section2.txt; sourceTree = "<group>"; };
		4F8E87301BAFB19E00497D2F /* TitleEditorController.swift */ = {isa = PBXFileReference; fileEncoding = 4; lastKnownFileType = sourcecode.swift; name = TitleEditorController.swift; path = Controllers/TitleEditorController.swift; sourceTree = "<group>"; };
		4F8E87311BAFB19E00497D2F /* TitleEditorController.xib */ = {isa = PBXFileReference; fileEncoding = 4; lastKnownFileType = file.xib; name = TitleEditorController.xib; path = Controllers/TitleEditorController.xib; sourceTree = "<group>"; };
		4F9235FD1B7952B70096ADFD /* Titles.swift */ = {isa = PBXFileReference; fileEncoding = 4; lastKnownFileType = sourcecode.swift; name = Titles.swift; path = "Data Sources.swift/Titles.swift"; sourceTree = "<group>"; };
		4F9235FF1B7953500096ADFD /* Titles.plist */ = {isa = PBXFileReference; fileEncoding = 4; lastKnownFileType = text.plist.xml; name = Titles.plist; path = pLists/Titles.plist; sourceTree = "<group>"; };
		4F95B9871BB5FE5500971CE6 /* head2.txt */ = {isa = PBXFileReference; fileEncoding = 4; lastKnownFileType = text; name = head2.txt; path = templates/head2.txt; sourceTree = "<group>"; };
		4F95B9881BB5FE5500971CE6 /* head3.txt */ = {isa = PBXFileReference; fileEncoding = 4; lastKnownFileType = text; name = head3.txt; path = templates/head3.txt; sourceTree = "<group>"; };
		4F9B6C081B7FF6EA00C2964B /* CageTypes.plist */ = {isa = PBXFileReference; fileEncoding = 4; lastKnownFileType = text.plist.xml; name = CageTypes.plist; path = pLists/CageTypes.plist; sourceTree = "<group>"; };
		4FAFEA9A1BAAEFE700C3EB89 /* head1.txt */ = {isa = PBXFileReference; fileEncoding = 4; lastKnownFileType = text; name = head1.txt; path = templates/head1.txt; sourceTree = "<group>"; };
		4FAFEA9B1BAAEFE700C3EB89 /* judge_header.txt */ = {isa = PBXFileReference; fileEncoding = 4; lastKnownFileType = text; name = judge_header.txt; path = templates/judge_header.txt; sourceTree = "<group>"; };
		4FAFEA9C1BAAEFE700C3EB89 /* judge_headerPt2.txt */ = {isa = PBXFileReference; fileEncoding = 4; lastKnownFileType = text; name = judge_headerPt2.txt; path = templates/judge_headerPt2.txt; sourceTree = "<group>"; };
		4FAFEA9D1BAAEFE700C3EB89 /* judge_headerPt3.txt */ = {isa = PBXFileReference; fileEncoding = 4; lastKnownFileType = text; name = judge_headerPt3.txt; path = templates/judge_headerPt3.txt; sourceTree = "<group>"; };
		4FB9D11E1B75ABA800046CBA /* DataSource.swift */ = {isa = PBXFileReference; fileEncoding = 4; lastKnownFileType = sourcecode.swift; name = DataSource.swift; path = "Data Sources.swift/DataSource.swift"; sourceTree = "<group>"; };
		4FB9D1201B75B61F00046CBA /* Sex.swift */ = {isa = PBXFileReference; fileEncoding = 4; lastKnownFileType = sourcecode.swift; name = Sex.swift; path = "Data Sources.swift/Sex.swift"; sourceTree = "<group>"; };
		4FBD2EE31B81A84500E28D93 /* Credits.rtf */ = {isa = PBXFileReference; fileEncoding = 4; lastKnownFileType = text.rtf; path = Credits.rtf; sourceTree = "<group>"; };
		4FBD2EE51B81A91E00E28D93 /* agouti.plist */ = {isa = PBXFileReference; fileEncoding = 4; lastKnownFileType = text.plist.xml; path = agouti.plist; sourceTree = "<group>"; };
		4FC1DA061B9BAFA000E321EA /* Printing.swift */ = {isa = PBXFileReference; fileEncoding = 4; lastKnownFileType = sourcecode.swift; path = Printing.swift; sourceTree = "<group>"; };
		4FD75AC01BAE8F5C00A00EEA /* CriticalAgesWindowController.swift */ = {isa = PBXFileReference; fileEncoding = 4; lastKnownFileType = sourcecode.swift; name = CriticalAgesWindowController.swift; path = Controllers/CriticalAgesWindowController.swift; sourceTree = "<group>"; };
		4FD75AC11BAE8F5C00A00EEA /* CriticalAgesWindowController.xib */ = {isa = PBXFileReference; fileEncoding = 4; lastKnownFileType = file.xib; name = CriticalAgesWindowController.xib; path = Controllers/CriticalAgesWindowController.xib; sourceTree = "<group>"; };
		4FD803231B774DA500D7FAD2 /* Colours.plist */ = {isa = PBXFileReference; fileEncoding = 4; lastKnownFileType = text.plist.xml; name = Colours.plist; path = pLists/Colours.plist; sourceTree = "<group>"; };
		4FD803251B774E8100D7FAD2 /* Colours.swift */ = {isa = PBXFileReference; fileEncoding = 4; lastKnownFileType = sourcecode.swift; name = Colours.swift; path = "Data Sources.swift/Colours.swift"; sourceTree = "<group>"; };
		4FD8384C1B832F3D00A8C7A7 /* ColoursWindowController.swift */ = {isa = PBXFileReference; fileEncoding = 4; lastKnownFileType = sourcecode.swift; name = ColoursWindowController.swift; path = Controllers/ColoursWindowController.swift; sourceTree = "<group>"; };
		4FD8384D1B832F3D00A8C7A7 /* ColoursWindowController.xib */ = {isa = PBXFileReference; fileEncoding = 4; lastKnownFileType = file.xib; name = ColoursWindowController.xib; path = Controllers/ColoursWindowController.xib; sourceTree = "<group>"; };
		4FE0370A1BB6AFA7000A5649 /* EndOfEntriesJudge.txt */ = {isa = PBXFileReference; fileEncoding = 4; lastKnownFileType = text; name = EndOfEntriesJudge.txt; path = templates/EndOfEntriesJudge.txt; sourceTree = "<group>"; };
		4FEB56AD1B70ABEF00EECA78 /* ShowFormats.plist */ = {isa = PBXFileReference; fileEncoding = 4; lastKnownFileType = text.plist.xml; name = ShowFormats.plist; path = pLists/ShowFormats.plist; sourceTree = "<group>"; };
		4FEB56AF1B70BFC700EECA78 /* Globals.swift */ = {isa = PBXFileReference; fileEncoding = 4; lastKnownFileType = sourcecode.swift; path = Globals.swift; sourceTree = "<group>"; };
		4FFDA68B1BB27C20003B67CB /* Section1 alt.txt */ = {isa = PBXFileReference; fileEncoding = 4; lastKnownFileType = text; name = "Section1 alt.txt"; path = "templates/Section1 alt.txt"; sourceTree = "<group>"; };
		4FFE16C61B6E421A0020E1D0 /* EntrySheetController.swift */ = {isa = PBXFileReference; fileEncoding = 4; lastKnownFileType = sourcecode.swift; name = EntrySheetController.swift; path = Controllers/EntrySheetController.swift; sourceTree = "<group>"; };
		4FFE16C71B6E421A0020E1D0 /* EntrySheetController.xib */ = {isa = PBXFileReference; fileEncoding = 4; lastKnownFileType = file.xib; name = EntrySheetController.xib; path = Controllers/EntrySheetController.xib; sourceTree = "<group>"; };
		4FFE16CA1B6ECB320020E1D0 /* AllCapsFormatter.swift */ = {isa = PBXFileReference; fileEncoding = 4; lastKnownFileType = sourcecode.swift; name = AllCapsFormatter.swift; path = Formatters/AllCapsFormatter.swift; sourceTree = "<group>"; };
		4FFE16CB1B6ECB320020E1D0 /* NameFormatter.swift */ = {isa = PBXFileReference; fileEncoding = 4; lastKnownFileType = sourcecode.swift; name = NameFormatter.swift; path = Formatters/NameFormatter.swift; sourceTree = "<group>"; };
/* End PBXFileReference section */

/* Begin PBXFrameworksBuildPhase section */
		4F38B8541B6D8CCA006356DD /* Frameworks */ = {
			isa = PBXFrameworksBuildPhase;
			buildActionMask = 2147483647;
			files = (
			);
			runOnlyForDeploymentPostprocessing = 0;
		};
		4F38B8671B6D8CCA006356DD /* Frameworks */ = {
			isa = PBXFrameworksBuildPhase;
			buildActionMask = 2147483647;
			files = (
			);
			runOnlyForDeploymentPostprocessing = 0;
		};
/* End PBXFrameworksBuildPhase section */

/* Begin PBXGroup section */
		4F0F92741BA3DC2F00724D9C /* Templates */ = {
			isa = PBXGroup;
			children = (
				4F0F92751BA3DE6F00724D9C /* ACFAoE end row.txt */,
				4F0F92761BA3DE6F00724D9C /* ACFAoE start row.txt */,
				4F0F92771BA3DE6F00724D9C /* ACFAoE start.txt */,
				4F0F92781BA3DE6F00724D9C /* ACFAward end row.txt */,
				4F0F92791BA3DE6F00724D9C /* ACFAward start row.txt */,
				4F0F927A1BA3DE6F00724D9C /* ACFAward start table.txt */,
				4F0F927B1BA3DE6F00724D9C /* BestAward1.txt */,
				4F0F927C1BA3DE6F00724D9C /* BestAward2.txt */,
				4F0F927D1BA3DE6F00724D9C /* BestAward3.txt */,
				4F0F927E1BA3DE6F00724D9C /* BestAward4.txt */,
				4F0F92801BA3DE6F00724D9C /* BestOfBreedStart.txt */,
				4F0F927F1BA3DE6F00724D9C /* BestOfBreedEnd.txt */,
				4F0F92811BA3DE6F00724D9C /* Box entered.txt */,
				4F0F92821BA3DE6F00724D9C /* Box no ring.txt */,
				4F0F92831BA3DE6F00724D9C /* Box not entered.txt */,
				4F0F92841BA3DE6F00724D9C /* Box underlined.txt */,
				4F0F92851BA3DE6F00724D9C /* Breed1.txt */,
				4F0F92861BA3DE6F00724D9C /* Breed2.txt */,
				4F0F92871BA3DE6F00724D9C /* Challenge1.txt */,
				4F0F92881BA3DE6F00724D9C /* Challenge2.txt */,
				4F0F92891BA3DE6F00724D9C /* Challenge3.txt */,
				4F0F928A1BA3DE6F00724D9C /* Colour1.txt */,
				4F0F928B1BA3DE6F00724D9C /* Colour2.txt */,
				4F0F928C1BA3DE6F00724D9C /* Colour3.txt */,
				4F0F928D1BA3DE6F00724D9C /* Details1 Litter.txt */,
				4F0F928E1BA3DE6F00724D9C /* Details1.txt */,
				4F0F928F1BA3DE6F00724D9C /* Details2.txt */,
				4F0F92901BA3DE6F00724D9C /* Details3.txt */,
				4F0F92911BA3DE6F00724D9C /* Details3Litter.txt */,
				4F0F92921BA3DE6F00724D9C /* Details4.txt */,
				4F0F92931BA3DE6F00724D9C /* Details5.txt */,
				4F0F92941BA3DE6F00724D9C /* End of file judge.txt */,
				4F0F92951BA3DE6F00724D9C /* End of file.txt */,
				4F0F92961BA3DE6F00724D9C /* EndOfEntries1.txt */,
				4F420B1E1BB6121200105564 /* EndOfEntries2.txt */,
				4FE0370A1BB6AFA7000A5649 /* EndOfEntriesJudge.txt */,
				4F0F92971BA3DE6F00724D9C /* Header1.txt */,
				4F0F92981BA3DE6F00724D9C /* Header2.txt */,
				4F0F92991BA3DE6F00724D9C /* Header2judge.txt */,
				4FAFEA9A1BAAEFE700C3EB89 /* head1.txt */,
				4F95B9871BB5FE5500971CE6 /* head2.txt */,
				4F95B9881BB5FE5500971CE6 /* head3.txt */,
				4F0F929A1BA3DE6F00724D9C /* head4.txt */,
				4F420B1A1BB60B8700105564 /* head5.txt */,
				4F420B201BB61F4800105564 /* head5_1.txt */,
				4F420B221BB625BF00105564 /* head5_2.txt */,
				4F420B1B1BB60B8700105564 /* head6.txt */,
				4FAFEA9B1BAAEFE700C3EB89 /* judge_header.txt */,
				4FAFEA9C1BAAEFE700C3EB89 /* judge_headerPt2.txt */,
				4FAFEA9D1BAAEFE700C3EB89 /* judge_headerPt3.txt */,
				4F0F929B1BA3DE6F00724D9C /* Name1 litter.txt */,
				4F0F929C1BA3DE6F00724D9C /* Name1.txt */,
				4F0F929D1BA3DE6F00724D9C /* Name2 litter.txt */,
				4F0F929E1BA3DE6F00724D9C /* Name2.txt */,
				4F0F929F1BA3DE6F00724D9C /* Name3.txt */,
				4F0F92A01BA3DE6F00724D9C /* Name4.txt */,
				4F0F92A11BA3DE6F00724D9C /* Prestige1.txt */,
				4F0F92A21BA3DE6F00724D9C /* Section1.txt */,
				4FFDA68B1BB27C20003B67CB /* Section1 alt.txt */,
				4F7812B41BB14AEA0036AD80 /* Section2.txt */,
				4F0F92A31BA3DE6F00724D9C /* Section3.txt */,
				4F0F92A41BA3DE6F00724D9C /* Spacer.txt */,
				4F0F92A51BA3DE6F00724D9C /* Table end.txt */,
				4F0F92A61BA3DE6F00724D9C /* Table start.txt */,
				4F0F92A71BA3DE6F00724D9C /* Top ten end table.txt */,
				4F0F92A81BA3DE6F00724D9C /* Top ten start table.txt */,
			);
			name = Templates;
			sourceTree = "<group>";
		};
		4F0F92DF1BA3EBEC00724D9C /* pLists */ = {
			isa = PBXGroup;
			children = (
				4F6214881BB34A1B00F87183 /* Authentication.plist */,
				4F0F92E01BA3EC8400724D9C /* Excel list.plist */,
				4F0F92E31BA3EF0E00724D9C /* Places.plist */,
				4FBD2EE51B81A91E00E28D93 /* agouti.plist */,
				4F9235FF1B7953500096ADFD /* Titles.plist */,
				4FD803231B774DA500D7FAD2 /* Colours.plist */,
				4FEB56AD1B70ABEF00EECA78 /* ShowFormats.plist */,
				4F3AC54D1BAEE29500775611 /* CriticalAges.plist */,
				4F9B6C081B7FF6EA00C2964B /* CageTypes.plist */,
			);
			name = pLists;
			sourceTree = "<group>";
		};
		4F0F92E21BA3EC9C00724D9C /* nibs */ = {
			isa = PBXGroup;
			children = (
				4F38B8631B6D8CCA006356DD /* MainMenu.xib */,
				4F38B8811B6D8ED3006356DD /* MainWindowController.xib */,
				4F3EFAE21B6DB98C00DA2F5C /* AddShowWindowController.xib */,
				4FFE16C71B6E421A0020E1D0 /* EntrySheetController.xib */,
				4FD8384D1B832F3D00A8C7A7 /* ColoursWindowController.xib */,
				4FD75AC11BAE8F5C00A00EEA /* CriticalAgesWindowController.xib */,
				4F8E87311BAFB19E00497D2F /* TitleEditorController.xib */,
				4F6214851BB290E400F87183 /* ProgressWindowController.xib */,
			);
			name = nibs;
			sourceTree = "<group>";
		};
		4F38B84E1B6D8CCA006356DD = {
			isa = PBXGroup;
			children = (
				4F38B8591B6D8CCA006356DD /* CatBase */,
				4F38B86D1B6D8CCA006356DD /* CatBaseTests */,
				4F38B8581B6D8CCA006356DD /* Products */,
			);
			sourceTree = "<group>";
		};
		4F38B8581B6D8CCA006356DD /* Products */ = {
			isa = PBXGroup;
			children = (
				4F38B8571B6D8CCA006356DD /* Cat-A-Log.app */,
				4F38B86A1B6D8CCA006356DD /* Cat-A-Log.xctest */,
			);
			name = Products;
			sourceTree = "<group>";
		};
		4F38B8591B6D8CCA006356DD /* CatBase */ = {
			isa = PBXGroup;
			children = (
				4FFE16CE1B6ECB400020E1D0 /* Formatters */,
				4F38B88C1B6D9162006356DD /* Models */,
				4FB9D11D1B7407C800046CBA /* Data sources */,
				4FEB56AF1B70BFC700EECA78 /* Globals.swift */,
				4F38B85C1B6D8CCA006356DD /* AppDelegate.swift */,
				4FC1DA061B9BAFA000E321EA /* Printing.swift */,
				4F38B8801B6D8ED3006356DD /* MainWindowController.swift */,
				4F3EFAE11B6DB98C00DA2F5C /* AddShowWindowController.swift */,
				4FFE16C61B6E421A0020E1D0 /* EntrySheetController.swift */,
				4FD8384C1B832F3D00A8C7A7 /* ColoursWindowController.swift */,
				4FD75AC01BAE8F5C00A00EEA /* CriticalAgesWindowController.swift */,
				4F8E87301BAFB19E00497D2F /* TitleEditorController.swift */,
				4F6214841BB290E400F87183 /* ProgressWindowController.swift */,
				4F38B8611B6D8CCA006356DD /* Images.xcassets */,
				4F0F92E21BA3EC9C00724D9C /* nibs */,
				4F38B85E1B6D8CCA006356DD /* CatBase.xcdatamodeld */,
				4F38B85A1B6D8CCA006356DD /* Supporting Files */,
			);
			path = CatBase;
			sourceTree = "<group>";
		};
		4F38B85A1B6D8CCA006356DD /* Supporting Files */ = {
			isa = PBXGroup;
			children = (
				4F63A6B81BB819760009C5A4 /* Cat on book.icns */,
				4F1247A01BB4913A00031CE0 /* Cat-A-Log Help */,
				4FBD2EE31B81A84500E28D93 /* Credits.rtf */,
				4F62148A1BB34F2000F87183 /* icon.jpg */,
				4F38B85B1B6D8CCA006356DD /* Info.plist */,
				4F0F92DD1BA3E30900724D9C /* general.strings */,
				4F0F92741BA3DC2F00724D9C /* Templates */,
				4F0F92DF1BA3EBEC00724D9C /* pLists */,
			);
			name = "Supporting Files";
			sourceTree = "<group>";
		};
		4F38B86D1B6D8CCA006356DD /* CatBaseTests */ = {
			isa = PBXGroup;
			children = (
				4F38B8701B6D8CCA006356DD /* CatBaseTests.swift */,
				4F38B86E1B6D8CCA006356DD /* Supporting Files */,
			);
			path = CatBaseTests;
			sourceTree = "<group>";
		};
		4F38B86E1B6D8CCA006356DD /* Supporting Files */ = {
			isa = PBXGroup;
			children = (
				4F38B86F1B6D8CCA006356DD /* Info.plist */,
			);
			name = "Supporting Files";
			sourceTree = "<group>";
		};
		4F38B88C1B6D9162006356DD /* Models */ = {
			isa = PBXGroup;
			children = (
				4F38B8841B6D9156006356DD /* Cat.swift */,
				4F38B8851B6D9156006356DD /* Entry.swift */,
				4F38B8871B6D9156006356DD /* Show.swift */,
			);
			name = Models;
			sourceTree = "<group>";
		};
		4FB9D11D1B7407C800046CBA /* Data sources */ = {
			isa = PBXGroup;
			children = (
				4F3EFAE51B6DEE1500DA2F5C /* Breeds.swift */,
				4F7107FD1B77748E00E21AAC /* Challenges.swift */,
				4FD803251B774E8100D7FAD2 /* Colours.swift */,
				4FB9D1201B75B61F00046CBA /* Sex.swift */,
				4F9235FD1B7952B70096ADFD /* Titles.swift */,
				4FB9D11E1B75ABA800046CBA /* DataSource.swift */,
			);
			name = "Data sources";
			sourceTree = "<group>";
		};
		4FFE16CE1B6ECB400020E1D0 /* Formatters */ = {
			isa = PBXGroup;
			children = (
				4FFE16CA1B6ECB320020E1D0 /* AllCapsFormatter.swift */,
				4FFE16CB1B6ECB320020E1D0 /* NameFormatter.swift */,
				4F0564E91BA2B48500285C46 /* CatNameFormatter.swift */,
			);
			name = Formatters;
			sourceTree = "<group>";
		};
/* End PBXGroup section */

/* Begin PBXNativeTarget section */
		4F38B8561B6D8CCA006356DD /* Cat-A-Log */ = {
			isa = PBXNativeTarget;
			buildConfigurationList = 4F38B8741B6D8CCA006356DD /* Build configuration list for PBXNativeTarget "Cat-A-Log" */;
			buildPhases = (
				4F38B8531B6D8CCA006356DD /* Sources */,
				4F38B8541B6D8CCA006356DD /* Frameworks */,
				4F38B8551B6D8CCA006356DD /* Resources */,
			);
			buildRules = (
			);
			dependencies = (
			);
			name = "Cat-A-Log";
			productName = CatBase;
			productReference = 4F38B8571B6D8CCA006356DD /* Cat-A-Log.app */;
			productType = "com.apple.product-type.application";
		};
		4F38B8691B6D8CCA006356DD /* Cat-A-LogTests */ = {
			isa = PBXNativeTarget;
			buildConfigurationList = 4F38B8771B6D8CCA006356DD /* Build configuration list for PBXNativeTarget "Cat-A-LogTests" */;
			buildPhases = (
				4F38B8661B6D8CCA006356DD /* Sources */,
				4F38B8671B6D8CCA006356DD /* Frameworks */,
				4F38B8681B6D8CCA006356DD /* Resources */,
			);
			buildRules = (
			);
			dependencies = (
				4F38B86C1B6D8CCA006356DD /* PBXTargetDependency */,
			);
			name = "Cat-A-LogTests";
			productName = CatBaseTests;
			productReference = 4F38B86A1B6D8CCA006356DD /* Cat-A-Log.xctest */;
			productType = "com.apple.product-type.bundle.unit-test";
		};
/* End PBXNativeTarget section */

/* Begin PBXProject section */
		4F38B84F1B6D8CCA006356DD /* Project object */ = {
			isa = PBXProject;
			attributes = {
				LastSwiftMigration = 0700;
				LastSwiftUpdateCheck = 0700;
				LastUpgradeCheck = 0700;
				ORGANIZATIONNAME = Feanor;
				TargetAttributes = {
					4F38B8561B6D8CCA006356DD = {
						CreatedOnToolsVersion = 6.4;
						SystemCapabilities = {
							com.apple.ApplicationGroups.Mac = {
								enabled = 0;
							};
							com.apple.Sandbox = {
								enabled = 0;
							};
						};
					};
					4F38B8691B6D8CCA006356DD = {
						CreatedOnToolsVersion = 6.4;
						TestTargetID = 4F38B8561B6D8CCA006356DD;
					};
				};
			};
			buildConfigurationList = 4F38B8521B6D8CCA006356DD /* Build configuration list for PBXProject "Cat-A-Log" */;
			compatibilityVersion = "Xcode 3.2";
			developmentRegion = English;
			hasScannedForEncodings = 0;
			knownRegions = (
				en,
				Base,
			);
			mainGroup = 4F38B84E1B6D8CCA006356DD;
			productRefGroup = 4F38B8581B6D8CCA006356DD /* Products */;
			projectDirPath = "";
			projectRoot = "";
			targets = (
				4F38B8561B6D8CCA006356DD /* Cat-A-Log */,
				4F38B8691B6D8CCA006356DD /* Cat-A-LogTests */,
			);
		};
/* End PBXProject section */

/* Begin PBXResourcesBuildPhase section */
		4F38B8551B6D8CCA006356DD /* Resources */ = {
			isa = PBXResourcesBuildPhase;
			buildActionMask = 2147483647;
			files = (
				4FAFEAA01BAAEFE700C3EB89 /* judge_headerPt2.txt in Resources */,
				4F0F92BE1BA3DE6F00724D9C /* Colour1.txt in Resources */,
				4FD803241B774DA500D7FAD2 /* Colours.plist in Resources */,
				4F0F92CA1BA3DE6F00724D9C /* EndOfEntries1.txt in Resources */,
				4F0F92DA1BA3DE6F00724D9C /* Table start.txt in Resources */,
				4F0F92C31BA3DE6F00724D9C /* Details2.txt in Resources */,
				4F0F92C41BA3DE6F00724D9C /* Details3.txt in Resources */,
				4F9B6C091B7FF6EA00C2964B /* CageTypes.plist in Resources */,
				4F38B8621B6D8CCA006356DD /* Images.xcassets in Resources */,
				4F0F92B31BA3DE6F00724D9C /* BestOfBreedEnd.txt in Resources */,
				4FAFEA9E1BAAEFE700C3EB89 /* head1.txt in Resources */,
				4F0F92C51BA3DE6F00724D9C /* Details3Litter.txt in Resources */,
				4F0F92C61BA3DE6F00724D9C /* Details4.txt in Resources */,
				4F420B1D1BB60B8700105564 /* head6.txt in Resources */,
				4FD8384F1B832F3D00A8C7A7 /* ColoursWindowController.xib in Resources */,
				4FE0370C1BB6AFA7000A5649 /* EndOfEntriesJudge.txt in Resources */,
				4F0F92B61BA3DE6F00724D9C /* Box no ring.txt in Resources */,
				4F0F92C21BA3DE6F00724D9C /* Details1.txt in Resources */,
				4F0F92D31BA3DE6F00724D9C /* Name3.txt in Resources */,
				4F95B9891BB5FE5500971CE6 /* head2.txt in Resources */,
				4FFDA68C1BB27C20003B67CB /* Section1 alt.txt in Resources */,
				4F0F92C11BA3DE6F00724D9C /* Details1 Litter.txt in Resources */,
				4F0F92CF1BA3DE6F00724D9C /* Name1 litter.txt in Resources */,
				4F62148B1BB34F2000F87183 /* icon.jpg in Resources */,
				4F0F92DE1BA3E30900724D9C /* general.strings in Resources */,
				4F0F92BD1BA3DE6F00724D9C /* Challenge3.txt in Resources */,
				4FAFEAA11BAAEFE700C3EB89 /* judge_headerPt3.txt in Resources */,
				4F420B1C1BB60B8700105564 /* head5.txt in Resources */,
				4F0F92C81BA3DE6F00724D9C /* End of file judge.txt in Resources */,
				4F0F92E41BA3EF0E00724D9C /* Places.plist in Resources */,
				4F0F92C01BA3DE6F00724D9C /* Colour3.txt in Resources */,
				4F95B98A1BB5FE5500971CE6 /* head3.txt in Resources */,
				4F7812B51BB14AEA0036AD80 /* Section2.txt in Resources */,
				4F0F92C91BA3DE6F00724D9C /* End of file.txt in Resources */,
				4F0F92D41BA3DE6F00724D9C /* Name4.txt in Resources */,
				4F0F92B41BA3DE6F00724D9C /* BestOfBreedStart.txt in Resources */,
				4F0F92B81BA3DE6F00724D9C /* Box underlined.txt in Resources */,
				4F0F92CC1BA3DE6F00724D9C /* Header2.txt in Resources */,
				4FBD2EE61B81A91E00E28D93 /* agouti.plist in Resources */,
				4F8E87331BAFB19E00497D2F /* TitleEditorController.xib in Resources */,
				4F6214891BB34A1B00F87183 /* Authentication.plist in Resources */,
				4F0F92B91BA3DE6F00724D9C /* Breed1.txt in Resources */,
				4F0F92BA1BA3DE6F00724D9C /* Breed2.txt in Resources */,
				4F420B211BB61F4800105564 /* head5_1.txt in Resources */,
				4F0F92CB1BA3DE6F00724D9C /* Header1.txt in Resources */,
				4F38B8831B6D8ED3006356DD /* MainWindowController.xib in Resources */,
				4F0F92B11BA3DE6F00724D9C /* BestAward3.txt in Resources */,
				4F0F92C71BA3DE6F00724D9C /* Details5.txt in Resources */,
				4F0F92B71BA3DE6F00724D9C /* Box not entered.txt in Resources */,
				4F9236001B7953500096ADFD /* Titles.plist in Resources */,
				4FBD2EE41B81A84500E28D93 /* Credits.rtf in Resources */,
				4F1247A11BB4913A00031CE0 /* Cat-A-Log Help in Resources */,
				4F0F92D21BA3DE6F00724D9C /* Name2.txt in Resources */,
				4F0F92E11BA3EC8400724D9C /* Excel list.plist in Resources */,
				4F0F92BB1BA3DE6F00724D9C /* Challenge1.txt in Resources */,
				4F0F92BC1BA3DE6F00724D9C /* Challenge2.txt in Resources */,
				4FFE16C91B6E421A0020E1D0 /* EntrySheetController.xib in Resources */,
				4F0F92CE1BA3DE6F00724D9C /* head4.txt in Resources */,
				4F0F92AA1BA3DE6F00724D9C /* ACFAoE start row.txt in Resources */,
				4F0F92AC1BA3DE6F00724D9C /* ACFAward end row.txt in Resources */,
				4FAFEA9F1BAAEFE700C3EB89 /* judge_header.txt in Resources */,
				4F0F92CD1BA3DE6F00724D9C /* Header2judge.txt in Resources */,
				4F420B1F1BB6121200105564 /* EndOfEntries2.txt in Resources */,
				4F0F92D61BA3DE6F00724D9C /* Section1.txt in Resources */,
				4F0F92B01BA3DE6F00724D9C /* BestAward2.txt in Resources */,
				4F0F92D51BA3DE6F00724D9C /* Prestige1.txt in Resources */,
				4F0F92D71BA3DE6F00724D9C /* Section3.txt in Resources */,
				4FEB56AE1B70ABEF00EECA78 /* ShowFormats.plist in Resources */,
				4F420B231BB625BF00105564 /* head5_2.txt in Resources */,
				4F0F92DB1BA3DE6F00724D9C /* Top ten end table.txt in Resources */,
				4F0F92AB1BA3DE6F00724D9C /* ACFAoE start.txt in Resources */,
				4F0F92A91BA3DE6F00724D9C /* ACFAoE end row.txt in Resources */,
				4F63A6B91BB819760009C5A4 /* Cat on book.icns in Resources */,
				4F6214871BB290E400F87183 /* ProgressWindowController.xib in Resources */,
				4F0F92AD1BA3DE6F00724D9C /* ACFAward start row.txt in Resources */,
				4F0F92AE1BA3DE6F00724D9C /* ACFAward start table.txt in Resources */,
				4F0F92DC1BA3DE6F00724D9C /* Top ten start table.txt in Resources */,
				4F0F92BF1BA3DE6F00724D9C /* Colour2.txt in Resources */,
				4F3EFAE41B6DB98C00DA2F5C /* AddShowWindowController.xib in Resources */,
				4F0F92B21BA3DE6F00724D9C /* BestAward4.txt in Resources */,
				4FD75AC31BAE8F5C00A00EEA /* CriticalAgesWindowController.xib in Resources */,
				4F0F92D11BA3DE6F00724D9C /* Name2 litter.txt in Resources */,
				4F38B8651B6D8CCA006356DD /* MainMenu.xib in Resources */,
				4F0F92D91BA3DE6F00724D9C /* Table end.txt in Resources */,
				4F0F92D01BA3DE6F00724D9C /* Name1.txt in Resources */,
				4F3AC54E1BAEE29500775611 /* CriticalAges.plist in Resources */,
				4F0F92B51BA3DE6F00724D9C /* Box entered.txt in Resources */,
				4F0F92D81BA3DE6F00724D9C /* Spacer.txt in Resources */,
				4F0F92AF1BA3DE6F00724D9C /* BestAward1.txt in Resources */,
			);
			runOnlyForDeploymentPostprocessing = 0;
		};
		4F38B8681B6D8CCA006356DD /* Resources */ = {
			isa = PBXResourcesBuildPhase;
			buildActionMask = 2147483647;
			files = (
			);
			runOnlyForDeploymentPostprocessing = 0;
		};
/* End PBXResourcesBuildPhase section */

/* Begin PBXSourcesBuildPhase section */
		4F38B8531B6D8CCA006356DD /* Sources */ = {
			isa = PBXSourcesBuildPhase;
			buildActionMask = 2147483647;
			files = (
				4FB9D11F1B75ABA800046CBA /* DataSource.swift in Sources */,
				4F38B8891B6D9156006356DD /* Entry.swift in Sources */,
				4F38B8881B6D9156006356DD /* Cat.swift in Sources */,
				4F38B85D1B6D8CCA006356DD /* AppDelegate.swift in Sources */,
				4FC1DA071B9BAFA000E321EA /* Printing.swift in Sources */,
				4FB9D1211B75B61F00046CBA /* Sex.swift in Sources */,
				4F3EFAE61B6DEE1500DA2F5C /* Breeds.swift in Sources */,
				4F38B88B1B6D9156006356DD /* Show.swift in Sources */,
				4FD8384E1B832F3D00A8C7A7 /* ColoursWindowController.swift in Sources */,
				4FEB56B01B70BFC700EECA78 /* Globals.swift in Sources */,
				4F38B8601B6D8CCA006356DD /* CatBase.xcdatamodeld in Sources */,
				4F3EFAE31B6DB98C00DA2F5C /* AddShowWindowController.swift in Sources */,
				4FFE16C81B6E421A0020E1D0 /* EntrySheetController.swift in Sources */,
				4F9235FE1B7952B70096ADFD /* Titles.swift in Sources */,
				4F6214861BB290E400F87183 /* ProgressWindowController.swift in Sources */,
				4FFE16CC1B6ECB320020E1D0 /* AllCapsFormatter.swift in Sources */,
				4F38B8821B6D8ED3006356DD /* MainWindowController.swift in Sources */,
				4FFE16CD1B6ECB320020E1D0 /* NameFormatter.swift in Sources */,
				4F7107FE1B77748E00E21AAC /* Challenges.swift in Sources */,
				4F0564EA1BA2B48500285C46 /* CatNameFormatter.swift in Sources */,
				4FD803261B774E8100D7FAD2 /* Colours.swift in Sources */,
				4FD75AC21BAE8F5C00A00EEA /* CriticalAgesWindowController.swift in Sources */,
				4F8E87321BAFB19E00497D2F /* TitleEditorController.swift in Sources */,
			);
			runOnlyForDeploymentPostprocessing = 0;
		};
		4F38B8661B6D8CCA006356DD /* Sources */ = {
			isa = PBXSourcesBuildPhase;
			buildActionMask = 2147483647;
			files = (
				4F38B8711B6D8CCA006356DD /* CatBaseTests.swift in Sources */,
			);
			runOnlyForDeploymentPostprocessing = 0;
		};
/* End PBXSourcesBuildPhase section */

/* Begin PBXTargetDependency section */
		4F38B86C1B6D8CCA006356DD /* PBXTargetDependency */ = {
			isa = PBXTargetDependency;
			target = 4F38B8561B6D8CCA006356DD /* Cat-A-Log */;
			targetProxy = 4F38B86B1B6D8CCA006356DD /* PBXContainerItemProxy */;
		};
/* End PBXTargetDependency section */

/* Begin PBXVariantGroup section */
		4F38B8631B6D8CCA006356DD /* MainMenu.xib */ = {
			isa = PBXVariantGroup;
			children = (
				4F38B8641B6D8CCA006356DD /* Base */,
			);
			name = MainMenu.xib;
			sourceTree = "<group>";
		};
/* End PBXVariantGroup section */

/* Begin XCBuildConfiguration section */
		4F38B8721B6D8CCA006356DD /* Debug */ = {
			isa = XCBuildConfiguration;
			buildSettings = {
				ALWAYS_SEARCH_USER_PATHS = NO;
				CLANG_CXX_LANGUAGE_STANDARD = "gnu++0x";
				CLANG_CXX_LIBRARY = "libc++";
				CLANG_ENABLE_MODULES = YES;
				CLANG_ENABLE_OBJC_ARC = YES;
				CLANG_WARN_BOOL_CONVERSION = YES;
				CLANG_WARN_CONSTANT_CONVERSION = YES;
				CLANG_WARN_DIRECT_OBJC_ISA_USAGE = YES_ERROR;
				CLANG_WARN_EMPTY_BODY = YES;
				CLANG_WARN_ENUM_CONVERSION = YES;
				CLANG_WARN_INT_CONVERSION = YES;
				CLANG_WARN_OBJC_ROOT_CLASS = YES_ERROR;
				CLANG_WARN_UNREACHABLE_CODE = YES;
				CLANG_WARN__DUPLICATE_METHOD_MATCH = YES;
				CODE_SIGN_IDENTITY = "-";
				COPY_PHASE_STRIP = NO;
				DEBUG_INFORMATION_FORMAT = dwarf;
				ENABLE_STRICT_OBJC_MSGSEND = YES;
				ENABLE_TESTABILITY = YES;
				GCC_C_LANGUAGE_STANDARD = gnu99;
				GCC_DYNAMIC_NO_PIC = NO;
				GCC_NO_COMMON_BLOCKS = YES;
				GCC_OPTIMIZATION_LEVEL = 0;
				GCC_PREPROCESSOR_DEFINITIONS = (
					"DEBUG=1",
					"$(inherited)",
				);
				GCC_SYMBOLS_PRIVATE_EXTERN = NO;
				GCC_WARN_64_TO_32_BIT_CONVERSION = YES;
				GCC_WARN_ABOUT_RETURN_TYPE = YES_ERROR;
				GCC_WARN_UNDECLARED_SELECTOR = YES;
				GCC_WARN_UNINITIALIZED_AUTOS = YES_AGGRESSIVE;
				GCC_WARN_UNUSED_FUNCTION = YES;
				GCC_WARN_UNUSED_VARIABLE = YES;
				MACOSX_DEPLOYMENT_TARGET = 10.10;
				MTL_ENABLE_DEBUG_INFO = YES;
				ONLY_ACTIVE_ARCH = YES;
				SDKROOT = macosx;
				SWIFT_OPTIMIZATION_LEVEL = "-Onone";
			};
			name = Debug;
		};
		4F38B8731B6D8CCA006356DD /* Release */ = {
			isa = XCBuildConfiguration;
			buildSettings = {
				ALWAYS_SEARCH_USER_PATHS = NO;
				ASSETCATALOG_COMPILER_APPICON_NAME = "";
				CLANG_CXX_LANGUAGE_STANDARD = "gnu++0x";
				CLANG_CXX_LIBRARY = "libc++";
				CLANG_ENABLE_MODULES = YES;
				CLANG_ENABLE_OBJC_ARC = YES;
				CLANG_WARN_BOOL_CONVERSION = YES;
				CLANG_WARN_CONSTANT_CONVERSION = YES;
				CLANG_WARN_DIRECT_OBJC_ISA_USAGE = YES_ERROR;
				CLANG_WARN_EMPTY_BODY = YES;
				CLANG_WARN_ENUM_CONVERSION = YES;
				CLANG_WARN_INT_CONVERSION = YES;
				CLANG_WARN_OBJC_ROOT_CLASS = YES_ERROR;
				CLANG_WARN_UNREACHABLE_CODE = YES;
				CLANG_WARN__DUPLICATE_METHOD_MATCH = YES;
				CODE_SIGN_IDENTITY = "-";
				COPY_PHASE_STRIP = NO;
				DEBUG_INFORMATION_FORMAT = "dwarf-with-dsym";
				ENABLE_NS_ASSERTIONS = NO;
				ENABLE_STRICT_OBJC_MSGSEND = YES;
				GCC_C_LANGUAGE_STANDARD = gnu99;
				GCC_NO_COMMON_BLOCKS = YES;
				GCC_WARN_64_TO_32_BIT_CONVERSION = YES;
				GCC_WARN_ABOUT_RETURN_TYPE = YES_ERROR;
				GCC_WARN_UNDECLARED_SELECTOR = YES;
				GCC_WARN_UNINITIALIZED_AUTOS = YES_AGGRESSIVE;
				GCC_WARN_UNUSED_FUNCTION = YES;
				GCC_WARN_UNUSED_VARIABLE = YES;
				MACOSX_DEPLOYMENT_TARGET = 10.10;
				MTL_ENABLE_DEBUG_INFO = NO;
				ONLY_ACTIVE_ARCH = YES;
				SDKROOT = macosx;
			};
			name = Release;
		};
		4F38B8751B6D8CCA006356DD /* Debug */ = {
			isa = XCBuildConfiguration;
			buildSettings = {
				ASSETCATALOG_COMPILER_APPICON_NAME = AppIcon;
				COMBINE_HIDPI_IMAGES = YES;
				INFOPLIST_FILE = CatBase/Info.plist;
				LD_RUNPATH_SEARCH_PATHS = "$(inherited) @executable_path/../Frameworks";
				PRODUCT_BUNDLE_IDENTIFIER = "com.Feanor.$(PRODUCT_NAME:rfc1034identifier)";
				PRODUCT_NAME = "Cat-A-Log";
			};
			name = Debug;
		};
		4F38B8761B6D8CCA006356DD /* Release */ = {
			isa = XCBuildConfiguration;
			buildSettings = {
				ASSETCATALOG_COMPILER_APPICON_NAME = AppIcon;
				COMBINE_HIDPI_IMAGES = YES;
				INFOPLIST_FILE = CatBase/Info.plist;
				LD_RUNPATH_SEARCH_PATHS = "$(inherited) @executable_path/../Frameworks";
				PRODUCT_BUNDLE_IDENTIFIER = "com.Feanor.$(PRODUCT_NAME:rfc1034identifier)";
				PRODUCT_NAME = "Cat-A-Log";
			};
			name = Release;
		};
		4F38B8781B6D8CCA006356DD /* Debug */ = {
			isa = XCBuildConfiguration;
			buildSettings = {
				BUNDLE_LOADER = "$(TEST_HOST)";
				COMBINE_HIDPI_IMAGES = YES;
				FRAMEWORK_SEARCH_PATHS = (
					"$(DEVELOPER_FRAMEWORKS_DIR)",
					"$(inherited)",
				);
				GCC_PREPROCESSOR_DEFINITIONS = (
					"DEBUG=1",
					"$(inherited)",
				);
				INFOPLIST_FILE = CatBaseTests/Info.plist;
				LD_RUNPATH_SEARCH_PATHS = "$(inherited) @executable_path/../Frameworks @loader_path/../Frameworks";
				PRODUCT_BUNDLE_IDENTIFIER = "com.Feanor.$(PRODUCT_NAME:rfc1034identifier)";
				PRODUCT_NAME = "Cat-A-Log";
				TEST_HOST = "$(BUILT_PRODUCTS_DIR)/Cat-A-Log.app/Contents/MacOS/Cat-A-Log";
			};
			name = Debug;
		};
		4F38B8791B6D8CCA006356DD /* Release */ = {
			isa = XCBuildConfiguration;
			buildSettings = {
				BUNDLE_LOADER = "$(TEST_HOST)";
				COMBINE_HIDPI_IMAGES = YES;
				FRAMEWORK_SEARCH_PATHS = (
					"$(DEVELOPER_FRAMEWORKS_DIR)",
					"$(inherited)",
				);
				INFOPLIST_FILE = CatBaseTests/Info.plist;
				LD_RUNPATH_SEARCH_PATHS = "$(inherited) @executable_path/../Frameworks @loader_path/../Frameworks";
				PRODUCT_BUNDLE_IDENTIFIER = "com.Feanor.$(PRODUCT_NAME:rfc1034identifier)";
				PRODUCT_NAME = "Cat-A-Log";
				TEST_HOST = "$(BUILT_PRODUCTS_DIR)/Cat-A-Log.app/Contents/MacOS/Cat-A-Log";
			};
			name = Release;
		};
/* End XCBuildConfiguration section */

/* Begin XCConfigurationList section */
		4F38B8521B6D8CCA006356DD /* Build configuration list for PBXProject "Cat-A-Log" */ = {
			isa = XCConfigurationList;
			buildConfigurations = (
				4F38B8721B6D8CCA006356DD /* Debug */,
				4F38B8731B6D8CCA006356DD /* Release */,
			);
			defaultConfigurationIsVisible = 0;
			defaultConfigurationName = Release;
		};
		4F38B8741B6D8CCA006356DD /* Build configuration list for PBXNativeTarget "Cat-A-Log" */ = {
			isa = XCConfigurationList;
			buildConfigurations = (
				4F38B8751B6D8CCA006356DD /* Debug */,
				4F38B8761B6D8CCA006356DD /* Release */,
			);
			defaultConfigurationIsVisible = 0;
			defaultConfigurationName = Release;
		};
		4F38B8771B6D8CCA006356DD /* Build configuration list for PBXNativeTarget "Cat-A-LogTests" */ = {
			isa = XCConfigurationList;
			buildConfigurations = (
				4F38B8781B6D8CCA006356DD /* Debug */,
				4F38B8791B6D8CCA006356DD /* Release */,
			);
			defaultConfigurationIsVisible = 0;
			defaultConfigurationName = Release;
		};
/* End XCConfigurationList section */

/* Begin XCVersionGroup section */
		4F38B85E1B6D8CCA006356DD /* CatBase.xcdatamodeld */ = {
			isa = XCVersionGroup;
			children = (
				4F38B85F1B6D8CCA006356DD /* CatBase.xcdatamodel */,
			);
			currentVersion = 4F38B85F1B6D8CCA006356DD /* CatBase.xcdatamodel */;
			path = CatBase.xcdatamodeld;
			sourceTree = "<group>";
			versionGroupType = wrapper.xcdatamodel;
		};
/* End XCVersionGroup section */
	};
	rootObject = 4F38B84F1B6D8CCA006356DD /* Project object */;
}
